# This lock file was generated by conda-lock (https://github.com/conda/conda-lock). DO NOT EDIT!
#
# A "lock file" contains a concrete list of package versions (with checksums) to be installed. Unlike
# e.g. `conda env create`, the resulting environment will not change as new package versions become
# available, unless you explicitly update the lock file.
#
# Install this environment as "YOURENV" with:
#     conda-lock install -n YOURENV conda-lock.yml
# To update a single package to the latest version compatible with the version constraints in the source:
#     conda-lock lock  --lockfile conda-lock.yml --update PACKAGE
# To re-solve the entire environment, e.g. after changing a version constraint in the source file:
#     conda-lock -f environment.yml --lockfile conda-lock.yml
version: 1
metadata:
  content_hash:
    linux-64: b6efbd4c955fed9993da6d8de28bba9f9bd26288931e638782c8b3995f4b1b38
    osx-arm64: 286f7107ca084a10e8d488b07bac579b02e1a086b71a0a93683131394296c669
  channels:
  - url: conda-forge
    used_env_vars: []
  platforms:
  - linux-64
  - osx-arm64
  sources:
  - environment.yml
package:
- name: _openmp_mutex
  version: '4.5'
  manager: conda
  platform: linux-64
  dependencies:
    __glibc: '>=2.17,<3.0.a0'
    libgomp: '>=7.5.0'
  url: https://conda.anaconda.org/conda-forge/linux-64/_openmp_mutex-4.5-20_gnu.conda
  hash:
    md5: a9f577daf3de00bca7c3c76c0ecbd1de
    sha256: 1dd3fffd892081df9726d7eb7e0dea6198962ba775bd88842135a4ddb4deb3c9
  category: main
  optional: false
- name: bzip2
  version: 1.0.8
  manager: conda
  platform: linux-64
  dependencies:
    __glibc: '>=2.17,<3.0.a0'
    libgcc: '>=14'
  url: https://conda.anaconda.org/conda-forge/linux-64/bzip2-1.0.8-hda65f42_10.conda
  hash:
    md5: e675fabcf81499adc7edf58124fb1e01
    sha256: 1a0d382c515ebf55f8ee1f38c8b81bc95af5c2acc42ad53b66bc5df932032f96
  category: main
  optional: false
- name: bzip2
  version: 1.0.8
  manager: conda
  platform: osx-arm64
  dependencies:
    __osx: '>=11.0'
  url: https://conda.anaconda.org/conda-forge/osx-arm64/bzip2-1.0.8-h4e30115_10.conda
  hash:
    md5: b50612e7d190b8061ab4e7dc119cf4d5
    sha256: 8ec22f0ba25cbfc2e64d70cf29459eccd7ffdf6436f6a6ff15bbfef799f7d4f6
  category: main
  optional: false
- name: ca-certificates
  version: 2026.7.22
  manager: conda
  platform: linux-64
  dependencies:
    __unix: ''
  url: https://conda.anaconda.org/conda-forge/noarch/ca-certificates-2026.7.22-hbd8a1cb_0.conda
  hash:
    md5: 0f51e2391ade309db462a55611263e9c
    sha256: 0a0544cf95f64394fe4959286f5c71f5444ad58feb0602e53becb27448d24da6
  category: main
  optional: false
- name: ca-certificates
  version: 2026.7.22
  manager: conda
  platform: osx-arm64
  dependencies:
    __unix: ''
  url: https://conda.anaconda.org/conda-forge/noarch/ca-certificates-2026.7.22-hbd8a1cb_0.conda
  hash:
    md5: 0f51e2391ade309db462a55611263e9c
    sha256: 0a0544cf95f64394fe4959286f5c71f5444ad58feb0602e53becb27448d24da6
  category: main
  optional: false
- name: gh
  version: 2.102.0
  manager: conda
  platform: linux-64
  dependencies: {}
  url: https://conda.anaconda.org/conda-forge/linux-64/gh-2.102.0-hfc2019e_0.conda
  hash:
    md5: d933d1442248e72f2559c7dc6df70e30
    sha256: 7c7d9b68063b4a3588190fd82efba2c81a13d361250f4e09e57888ae2ea2cb6f
  category: main
  optional: false
- name: gh
  version: 2.102.0
  manager: conda
  platform: osx-arm64
  dependencies: {}
  url: https://conda.anaconda.org/conda-forge/osx-arm64/gh-2.102.0-hf76c51c_0.conda
  hash:
    md5: 37fbfe69ee3d410a7a53433ef640dec5
    sha256: 77908dbe0e0f02feacacb1c34ec4cc65a9414bb7c0809ab83ddec26603b6d214
  category: main
  optional: false
- name: go-yq
  version: 4.54.1
  manager: conda
  platform: linux-64
  dependencies:
    __glibc: '>=2.17'
    libgcc: '>=15'
  url: https://conda.anaconda.org/conda-forge/linux-64/go-yq-4.54.1-hebe6cf0_0.conda
  hash:
    md5: 6ed1ffcbb6f4065609fd6324a2f7ca4b
    sha256: b71ddc1b554c5f557a03b79dd1d9462f3171738b0e79dc74f947e60f6dff66ca
  category: main
  optional: false
- name: go-yq
  version: 4.54.1
  manager: conda
  platform: osx-arm64
  dependencies:
    __osx: '>=11.0'
  url: https://conda.anaconda.org/conda-forge/osx-arm64/go-yq-4.54.1-h74c22ad_0.conda
  hash:
    md5: ff1d26af73004c58e981a12669d90038
    sha256: 7066b28d9445cf34e3b40a632014f4e74aca5f538d67678be489fef2638e735c
  category: main
  optional: false
- name: ld_impl_linux-64
  version: 2.46.1
  manager: conda
  platform: linux-64
  dependencies:
    __glibc: '>=2.17,<3.0.a0'
    zstd: '>=1.5.7,<1.6.0a0'
  url: https://conda.anaconda.org/conda-forge/linux-64/ld_impl_linux-64-2.46.1-default_hbd61a6d_103.conda
  hash:
    md5: 2362c70e7e79827c32db35547d9c179b
    sha256: 901649b1edbe841fd4ee7e2d491a05184ed540eb01cdae506872f344babc1d28
  category: main
  optional: false
- name: libcxx
  version: 23.1.3
  manager: conda
  platform: osx-arm64
  dependencies:
    __osx: '>=11.0'
  url: https://conda.anaconda.org/conda-forge/osx-arm64/libcxx-23.1.3-h55c6f16_0.conda
  hash:
    md5: 424521e52e65ef7f6cf957c4966e6386
    sha256: 2d9d31172d7919bd276a8d1be338de567dd5afdd181e8d3d3d8c2d8695e09de2
  category: main
  optional: false
- name: libexpat
  version: 2.8.5
  manager: conda
  platform: linux-64
  dependencies:
    __glibc: '>=2.17,<3.0.a0'
    libgcc: '>=15'
  url: https://conda.anaconda.org/conda-forge/linux-64/libexpat-2.8.5-hd2095e1_0.conda
  hash:
    md5: 72cfd2b95b0540247220b42f58a148d7
    sha256: 6de73033a7c5f712c9c5a54124e4581e025691029835e5bceaf10a333a7e7bc0
  category: main
  optional: false
- name: libexpat
  version: 2.8.5
  manager: conda
  platform: osx-arm64
  dependencies:
    __osx: '>=11.0'
  url: https://conda.anaconda.org/conda-forge/osx-arm64/libexpat-2.8.5-h6111c0a_0.conda
  hash:
    md5: 5383c550b785bdaafcc4eaf638071a7c
    sha256: 50aa761b83fc7a116ca88fe0cb4cefce5abababb10a926bf8afbafd5c298d102
  category: main
  optional: false
- name: libffi
  version: 3.7.0
  manager: conda
  platform: linux-64
  dependencies:
    __glibc: '>=2.17,<3.0.a0'
    libgcc: '>=15'
  url: https://conda.anaconda.org/conda-forge/linux-64/libffi-3.7.0-h81df57d_1.conda
  hash:
    md5: 6525a0b06aa4fd390795f0740636a9dd
    sha256: c8c7583ef063bc3c430f1d48298e5ad24f796a35c22ed5b14183325825a61106
  category: main
  optional: false
- name: libffi
  version: 3.7.0
  manager: conda
  platform: osx-arm64
  dependencies:
    __osx: '>=11.0'
  url: https://conda.anaconda.org/conda-forge/osx-arm64/libffi-3.7.0-h47dc5ef_1.conda
  hash:
    md5: 216bbcc23c11e9695b3db4a8771d76eb
    sha256: 2783389a7b9dda04c62cc54c6bbeb03dd3cef24b3fc642715d02a3fa19464a9a
  category: main
  optional: false
- name: libgcc
  version: 16.2.0
  manager: conda
  platform: linux-64
  dependencies:
    __glibc: '>=2.17,<3.0.a0'
    _openmp_mutex: '>=4.5'
  url: https://conda.anaconda.org/conda-forge/linux-64/libgcc-16.2.0-ha9f2e26_7.conda
  hash:
    md5: 735629b400b70eeab21a2ba8f5b1c2ce
    sha256: e031634c3a928f9594eba868bc46ef5230d6571a364a0c63215b06c4563bfcea
  category: main
  optional: false
- name: libgomp
  version: 16.2.0
  manager: conda
  platform: linux-64
  dependencies:
    __glibc: '>=2.17,<3.0.a0'
  url: https://conda.anaconda.org/conda-forge/linux-64/libgomp-16.2.0-he0feb66_7.conda
  hash:
    md5: d904c7ddd95e026254b4b80808ee9e12
    sha256: 92a0bb350c7be6a4eedcb4e111c60aefd176018e6b1c009a6e025dbe9bbcd758
  category: main
  optional: false
- name: liblzma
  version: 5.8.3
  manager: conda
  platform: linux-64
  dependencies:
    __glibc: '>=2.17,<3.0.a0'
    libgcc: '>=14'
  url: https://conda.anaconda.org/conda-forge/linux-64/liblzma-5.8.3-hb03c661_1.conda
  hash:
    md5: 1390b7c5ac0b1d8e447bc5efa6d3c8c2
    sha256: 9787df8c22a59c9a70d3e5a10db9ad663485e75e9ccc3f09bd092cb7b95e0dab
  category: main
  optional: false
- name: liblzma
  version: 5.8.3
  manager: conda
  platform: osx-arm64
  dependencies:
    __osx: '>=11.0'
  url: https://conda.anaconda.org/conda-forge/osx-arm64/liblzma-5.8.3-h8088a28_1.conda
  hash:
    md5: 8ab10323068b107661a4b9a4af84f3b5
    sha256: 23d0630046a3e8b164d8f80f2b74ed2605af2e7050ab9913018056402fae4311
  category: main
  optional: false
- name: libmpdec
  version: 4.0.0
  manager: conda
  platform: linux-64
  dependencies:
    __glibc: '>=2.17,<3.0.a0'
    libgcc: '>=14'
  url: https://conda.anaconda.org/conda-forge/linux-64/libmpdec-4.0.0-hb03c661_2.conda
  hash:
    md5: fcfed1dc5053eb1901b66e7b1fc32588
    sha256: 46820b4a835e175940ae20bec00fdddaff804cda27a1408ab1b95e77a2196437
  category: main
  optional: false
- name: libmpdec
  version: 4.0.0
  manager: conda
  platform: osx-arm64
  dependencies:
    __osx: '>=11.0'
  url: https://conda.anaconda.org/conda-forge/osx-arm64/libmpdec-4.0.0-h84a0fba_2.conda
  hash:
    md5: ff33a4dbd93abc8a798cc4e0e7c8136d
    sha256: 04cc136c5a956a73aa14e0a160b5822b0b29714e67b299fa1b1fd16dbcba5366
  category: main
  optional: false
- name: libpython
  version: 3.14.8
  manager: conda
  platform: linux-64
  dependencies:
    __glibc: '>=2.17,<3.0.a0'
    libgcc: '>=15'
    libstdcxx: '>=15'
  url: https://conda.anaconda.org/conda-forge/linux-64/libpython-3.14.8-hdc7f604_101_cp314.conda
  hash:
    md5: 5782a594549b816514ca434a42bbf11a
    sha256: 3dc27daa3470f9b6f863942d99db623d79204ea478955ea73e97d3519cae2ab5
  category: main
  optional: false
- name: libpython
  version: 3.14.8
  manager: conda
  platform: osx-arm64
  dependencies:
    __osx: '>=11.0'
    libcxx: '>=20'
  url: https://conda.anaconda.org/conda-forge/osx-arm64/libpython-3.14.8-h4311e70_101_cp314.conda
  hash:
    md5: af47f048c7a22af82a66a912794fe4ee
    sha256: 257d8491de0514a5da3b3fd0d81a64802df6a7e3a72c31d639bd92d0cb110a0f
  category: main
  optional: false
- name: libsqlite
  version: 3.54.0
  manager: conda
  platform: linux-64
  dependencies:
    __glibc: '>=2.17,<3.0.a0'
    libgcc: '>=15'
    libzlib: '>=1.3.2,<2.0a0'
  url: https://conda.anaconda.org/conda-forge/linux-64/libsqlite-3.54.0-h0737f62_101.conda
  hash:
    md5: a8b899d3c5fc1034b209045653b86ed2
    sha256: b4d5d4428bd1931eede11d2d69389c5b9d396a7f3c8df9d7c39c9efd80761eb3
  category: main
  optional: false
- name: libsqlite
  version: 3.54.0
  manager: conda
  platform: osx-arm64
  dependencies:
    __osx: '>=11.0'
    libzlib: '>=1.3.2,<2.0a0'
  url: https://conda.anaconda.org/conda-forge/osx-arm64/libsqlite-3.54.0-h34a968b_101.conda
  hash:
    md5: 42b7a7607b4c9838cc2e72a232af6809
    sha256: 7f0f2e4ca2eb6e5059d9593ffe88088debe453b146e2794641d94242b901d85c
  category: main
  optional: false
- name: libstdcxx
  version: 16.2.0
  manager: conda
  platform: linux-64
  dependencies:
    __glibc: '>=2.17,<3.0.a0'
    libgcc: 16.2.0
  url: https://conda.anaconda.org/conda-forge/linux-64/libstdcxx-16.2.0-h934c35e_7.conda
  hash:
    md5: 9b6707e0caca917fa6ea9ee473f37a5d
    sha256: fa7018298629fc429971fffd6ecba3d27a7b02e4e890d6a93ea01ffebe8cb745
  category: main
  optional: false
- name: libuuid
  version: 2.42.4
  manager: conda
  platform: linux-64
  dependencies:
    __glibc: '>=2.17,<3.0.a0'
    libgcc: '>=15'
  url: https://conda.anaconda.org/conda-forge/linux-64/libuuid-2.42.4-hcfc3c73_0.conda
  hash:
    md5: 54a948337e66706380ff24d6b5fde63f
    sha256: f34b8d1de9a2bf62476d8608057d9b8a918d97444236dc53a47128f2fae79041
  category: main
  optional: false
- name: libzlib
  version: 1.3.2
  manager: conda
  platform: linux-64
  dependencies:
    __glibc: '>=2.17,<3.0.a0'
  url: https://conda.anaconda.org/conda-forge/linux-64/libzlib-1.3.2-h25fd6f3_3.conda
  hash:
    md5: 0de0122d9570a8ab637c6b73db268389
    sha256: eb8a0db0aa570124f7d2a93d7c7f596e3390df5e047818d873baad32985fc736
  category: main
  optional: false
- name: libzlib
  version: 1.3.2
  manager: conda
  platform: osx-arm64
  dependencies:
    __osx: '>=11.0'
  url: https://conda.anaconda.org/conda-forge/osx-arm64/libzlib-1.3.2-h8088a28_3.conda
  hash:
    md5: f39288f0ea63ae962e1a2e4f355a0d75
    sha256: a18fa5d5bac452401459f966cf0d872224e8080c4ff93c77e168d43ab42ef9d7
  category: main
  optional: false
- name: ncurses
  version: '6.6'
  manager: conda
  platform: linux-64
  dependencies:
    __glibc: '>=2.17,<3.0.a0'
    libgcc: '>=14'
  url: https://conda.anaconda.org/conda-forge/linux-64/ncurses-6.6-hdb14827_1.conda
  hash:
    md5: ee6c0cd80a60961a1f48aa3e0b91f986
    sha256: 5d46557214ed184381dafe835b7c94a474a1c3b307a08a250b1ea4779b44ffb3
  category: main
  optional: false
- name: ncurses
  version: '6.6'
  manager: conda
  platform: osx-arm64
  dependencies:
    __osx: '>=11.0'
  url: https://conda.anaconda.org/conda-forge/osx-arm64/ncurses-6.6-he64c551_1.conda
  hash:
    md5: 3dfa0d0316dc246cd44937a557de4501
    sha256: 7024a48c8c0d0114ed4ab53c76bf9275d50e91ba7cea367a9aead638d3c29c68
  category: main
  optional: false
- name: openssl
  version: 3.6.5
  manager: conda
  platform: linux-64
  dependencies:
    __glibc: '>=2.17,<3.0.a0'
    ca-certificates: ''
    libgcc: '>=15'
  url: https://conda.anaconda.org/conda-forge/linux-64/openssl-3.6.5-h781a0a9_0.conda
  hash:
    md5: 5a51a2ea653f120240b1a9bf76e0aae9
    sha256: 9c1533f1cf784f0e250919c0c9762d0b0e6bc727a79290ffb7cea1ceca1d038c
  category: main
  optional: false
- name: openssl
  version: 3.6.5
  manager: conda
  platform: osx-arm64
  dependencies:
    __osx: '>=11.0'
    ca-certificates: ''
  url: https://conda.anaconda.org/conda-forge/osx-arm64/openssl-3.6.5-h55eecbc_0.conda
  hash:
    md5: 45d9179cdf6e53d88aec034246f0dad6
    sha256: 44fbc526456571a9fb8fa18157f6f269d4d4bd40eef20183a93b9c9296f94497
  category: main
  optional: false
- name: pip
  version: 26.2.1
  manager: conda
  platform: linux-64
  dependencies:
    python: '>=3.13.0a0'
  url: https://conda.anaconda.org/conda-forge/noarch/pip-26.2.1-pyh145f28c_0.conda
  hash:
    md5: 573cb3ed111004230ed3de650653cd4d
    sha256: 0f7021cfb3ff454c91a5e28e1f5060906a52c6d1cde3f879a7d03ac33c28b1c3
  category: main
  optional: false
- name: pip
  version: 26.2.1
  manager: conda
  platform: osx-arm64
  dependencies:
    python: '>=3.13.0a0'
  url: https://conda.anaconda.org/conda-forge/noarch/pip-26.2.1-pyh145f28c_0.conda
  hash:
    md5: 573cb3ed111004230ed3de650653cd4d
    sha256: 0f7021cfb3ff454c91a5e28e1f5060906a52c6d1cde3f879a7d03ac33c28b1c3
  category: main
  optional: false
- name: python
  version: 3.14.8
  manager: conda
  platform: linux-64
  dependencies:
    __glibc: '>=2.17,<3.0.a0'
    bzip2: '>=1.0.8,<2.0a0'
    ld_impl_linux-64: '>=2.36.1'
    libexpat: '>=2.8.5,<3.0a0'
    libffi: '>=3.7.0,<3.8.0a0'
    libgcc: '>=15'
    liblzma: '>=5.8.3,<6.0a0'
    libmpdec: '>=4.0.0,<5.0a0'
    libpython: 3.14.8
    libsqlite: '>=3.53.4,<4.0a0'
    libuuid: '>=2.42.4,<3.0a0'
    libzlib: '>=1.3.2,<2.0a0'
    ncurses: '>=6.6,<7.0a0'
    openssl: '>=3.5.9,<4.0a0'
    pip: ''
    python_abi: 3.14.*
    readline: '>=8.3,<9.0a0'
    tk: '>=8.6.13,<8.7.0a0'
    tzdata: ''
    zstd: '>=1.5.7,<1.6.0a0'
  url: https://conda.anaconda.org/conda-forge/linux-64/python-3.14.8-hcd007b5_101_cp314.conda
  hash:
    md5: 5cb98b237dfc2c64a65e660d7b99cfa5
    sha256: e22f6a79d290935b2c854d325e260f70f364c7cc7ec0bc8308ded4f2f1eef7e6
  category: main
  optional: false
- name: python
  version: 3.14.8
  manager: conda
  platform: osx-arm64
  dependencies:
    __osx: '>=11.0'
    bzip2: '>=1.0.8,<2.0a0'
    libexpat: '>=2.8.5,<3.0a0'
    libffi: '>=3.7.0,<3.8.0a0'
    liblzma: '>=5.8.3,<6.0a0'
    libmpdec: '>=4.0.0,<5.0a0'
    libpython: 3.14.8
    libsqlite: '>=3.53.4,<4.0a0'
    libzlib: '>=1.3.2,<2.0a0'
    ncurses: '>=6.6,<7.0a0'
    openssl: '>=3.5.9,<4.0a0'
    pip: ''
    python_abi: 3.14.*
    readline: '>=8.3,<9.0a0'
    tk: '>=8.6.13,<8.7.0a0'
    tzdata: ''
    zstd: '>=1.5.7,<1.6.0a0'
  url: https://conda.anaconda.org/conda-forge/osx-arm64/python-3.14.8-h0ae1c2c_101_cp314.conda
  hash:
    md5: db895757bd372efa32f96937fabb3ef0
    sha256: 4aebb9d626b26a2f7257d3c671bac70a96fffd4706db4d61c35f7bda6bee74f3
  category: main
  optional: false
- name: python_abi
  version: '3.14'
  manager: conda
  platform: linux-64
  dependencies: {}
  url: https://conda.anaconda.org/conda-forge/noarch/python_abi-3.14-9_cp314.conda
  hash:
    md5: 350d89b50d7de805abf2e63e29dee451
    sha256: e7f8e965bbfb98e08feb2365cacdad8bb218fa5b5a0a2752f747287f425f213c
  category: main
  optional: false
- name: python_abi
  version: '3.14'
  manager: conda
  platform: osx-arm64
  dependencies: {}
  url: https://conda.anaconda.org/conda-forge/noarch/python_abi-3.14-9_cp314.conda
  hash:
    md5: 350d89b50d7de805abf2e63e29dee451
    sha256: e7f8e965bbfb98e08feb2365cacdad8bb218fa5b5a0a2752f747287f425f213c
  category: main
  optional: false
- name: readline
  version: '8.3'
  manager: conda
  platform: linux-64
  dependencies:
    __glibc: '>=2.17,<3.0.a0'
    libgcc: '>=15'
    ncurses: '>=6.6,<7.0a0'
  url: https://conda.anaconda.org/conda-forge/linux-64/readline-8.3-hd6e31c0_1.conda
  hash:
    md5: 69c01c781e7c8190bbdaf79e3848c5ca
    sha256: 01b3fe073a66e321970d09e04b388708f8cbdca5cdfbfcb7c9eeb470ad10383d
  category: main
  optional: false
- name: readline
  version: '8.3'
  manager: conda
  platform: osx-arm64
  dependencies:
    __osx: '>=11.0'
    ncurses: '>=6.6,<7.0a0'
  url: https://conda.anaconda.org/conda-forge/osx-arm64/readline-8.3-h8b90a29_1.conda
  hash:
    md5: 9347fd56a002e6b58946831d48fe62f6
    sha256: d6782b430e6dce4fe8c7ac118cd988d5a193eb4a7f60741edfaede58016b6110
  category: main
  optional: false
- name: tk
  version: 8.6.13
  manager: conda
  platform: linux-64
  dependencies:
    __glibc: '>=2.17,<3.0.a0'
    libgcc: '>=15'
    libzlib: '>=1.3.2,<2.0a0'
  url: https://conda.anaconda.org/conda-forge/linux-64/tk-8.6.13-noxft_h1df4ec4_4.conda
  hash:
    md5: 676a2f9b1c4fcf57b70aa5c65f6c60d0
    sha256: a1a241d172c1ccab067ba245206dd048bc3c2d1b84504b53c9468e99adfc16a1
  category: main
  optional: false
- name: tk
  version: 8.6.13
  manager: conda
  platform: osx-arm64
  dependencies:
    __osx: '>=11.0'
    libzlib: '>=1.3.2,<2.0a0'
  url: https://conda.anaconda.org/conda-forge/osx-arm64/tk-8.6.13-hbeba79b_4.conda
  hash:
    md5: 90a01bf394d1c594e0eb9258f967d828
    sha256: 857d89087ae7f2c328cf256728affcb7343031a148b4af847334d248a9cf564c
  category: main
  optional: false
- name: tzdata
  version: 2026c
  manager: conda
  platform: linux-64
  dependencies: {}
  url: https://conda.anaconda.org/conda-forge/noarch/tzdata-2026c-h151e31d_0.conda
  hash:
    md5: fcb489df604d100968b737f2cb6076c6
    sha256: b928c30ddcb0e3f544c6eade8352737e6e610e263276b90232db6a578ef899d8
  category: main
  optional: false
- name: tzdata
  version: 2026c
  manager: conda
  platform: osx-arm64
  dependencies: {}
  url: https://conda.anaconda.org/conda-forge/noarch/tzdata-2026c-h151e31d_0.conda
  hash:
    md5: fcb489df604d100968b737f2cb6076c6
    sha256: b928c30ddcb0e3f544c6eade8352737e6e610e263276b90232db6a578ef899d8
  category: main
  optional: false
- name: zstd
  version: 1.5.7
  manager: conda
  platform: linux-64
  dependencies:
    __glibc: '>=2.17,<3.0.a0'
    libzlib: '>=1.3.2,<2.0a0'
  url: https://conda.anaconda.org/conda-forge/linux-64/zstd-1.5.7-hb78ec9c_7.conda
  hash:
    md5: aa459086047c0e5e27023ab19f8cb86a
    sha256: 47d682b9f6d6ec9eb1a6e6c3e75ea6273e899e78fb7fc59f81d39745009fbc60
  category: main
  optional: false
- name: zstd
  version: 1.5.7
  manager: conda
  platform: osx-arm64
  dependencies:
    __osx: '>=11.0'
    libzlib: '>=1.3.2,<2.0a0'
  url: https://conda.anaconda.org/conda-forge/osx-arm64/zstd-1.5.7-hf451053_7.conda
  hash:
    md5: 4ec2684c73812cc2c3d78379384a39cc
    sha256: da867f5092eb0cb746d353694f0098031fd9817a4ce7d5743121209ae0f406ca
  category: main
  optional: false
