# This file is @generated by PDM.
# It is not intended for manual editing.

[metadata]
groups = ["default"]
strategy = ["inherit_metadata"]
lock_version = "4.5.0"
content_hash = "sha256:cc945659bd8b0833460cfe40879d91922334d95189e95fe9f1a39f973b32d19c"

[[metadata.targets]]
requires_python = ">=3.11,<3.12"

[[package]]
name = "attrs"
version = "26.1.0"
requires_python = ">=3.9"
summary = "Classes Without Boilerplate"
groups = ["default"]
files = [
    {file = "attrs-26.1.0-py3-none-any.whl", hash = "sha256:c647aa4a12dfbad9333ca4e71fe62ddc36f4e63b2d260a37a8b83d2f043ac309"},
    {file = "attrs-26.1.0.tar.gz", hash = "sha256:d03ceb89cb322a8fd706d4fb91940737b6642aa36998fe130a9bc96c985eff32"},
]

[[package]]
name = "automat"
version = "25.4.16"
requires_python = ">=3.9"
summary = "Self-service finite-state machines for the programmer on the go."
groups = ["default"]
dependencies = [
    "typing-extensions; python_version < \"3.10\"",
]
files = [
    {file = "automat-25.4.16-py3-none-any.whl", hash = "sha256:04e9bce696a8d5671ee698005af6e5a9fa15354140a87f4870744604dcdd3ba1"},
    {file = "automat-25.4.16.tar.gz", hash = "sha256:0017591a5477066e90d26b0e696ddc143baafd87b588cfac8100bc6be9634de0"},
]

[[package]]
name = "beautifulsoup4"
version = "4.11.1"
requires_python = ">=3.6.0"
summary = "Screen-scraping library"
groups = ["default"]
dependencies = [
    "soupsieve>1.2",
]
files = [
    {file = "beautifulsoup4-4.11.1-py3-none-any.whl", hash = "sha256:58d5c3d29f5a36ffeb94f02f0d786cd53014cf9b3b3951d42e0080d8a9498d30"},
    {file = "beautifulsoup4-4.11.1.tar.gz", hash = "sha256:ad9aa55b65ef2808eb405f46cf74df7fcb7044d5cbc26487f96eb2ef2e436693"},
]

[[package]]
name = "certifi"
version = "2026.7.22"
requires_python = ">=3.7"
summary = "Python package for providing Mozilla's CA Bundle."
groups = ["default"]
files = [
    {file = "certifi-2026.7.22-py3-none-any.whl", hash = "sha256:62f22742b58a1a33014a2b6b706588a8d7e2a88ae7bd1a6ebe8c992928483775"},
    {file = "certifi-2026.7.22.tar.gz", hash = "sha256:741e2c3b351ddf169a738da9f2c048608ff7f2c5cc02f1ebc6b118bb090d5d55"},
]

[[package]]
name = "cffi"
version = "2.1.1"
requires_python = ">=3.10"
summary = "Foreign Function Interface for Python calling C code."
groups = ["default"]
marker = "os_name == \"nt\" and implementation_name != \"pypy\" or platform_python_implementation != \"PyPy\""
dependencies = [
    "pycparser; implementation_name != \"PyPy\"",
]
files = [
    {file = "cffi-2.1.1-cp311-cp311-macosx_10_15_x86_64.whl", hash = "sha256:c8d2c9fd1f2d16f780d15127abb050d13d1a76c03a4bd87d7e4980e45e511e12"},
    {file = "cffi-2.1.1-cp311-cp311-macosx_11_0_arm64.whl", hash = "sha256:398aff33cee2767e3e781d2554c54bd0dff386bb437581e0d8011fde1a942ec1"},
    {file = "cffi-2.1.1-cp311-cp311-manylinux1_i686.manylinux2014_i686.manylinux_2_17_i686.manylinux_2_5_i686.whl", hash = "sha256:154852545011f779917b11c78db2358d095da62a9a172b78ad0a583ee5adc0d0"},
    {file = "cffi-2.1.1-cp311-cp311-manylinux2014_aarch64.manylinux_2_17_aarch64.whl", hash = "sha256:3311ed60d36f83378794e1009ac6258bafbf81f7888b4caa7b35a521e3f95813"},
    {file = "cffi-2.1.1-cp311-cp311-manylinux2014_ppc64le.manylinux_2_17_ppc64le.whl", hash = "sha256:6e192623c49c94421616a5778fba35cf0d5a8d000650c1967ef4448ee5cdd990"},
    {file = "cffi-2.1.1-cp311-cp311-manylinux2014_s390x.manylinux_2_17_s390x.whl", hash = "sha256:a6e721d4b0e45d5b65e87534470e67b18dcd092c83f68fba09f152b9cbc061af"},
    {file = "cffi-2.1.1-cp311-cp311-manylinux2014_x86_64.manylinux_2_17_x86_64.whl", hash = "sha256:34e261f78cb6ceaaa36f42f2613f4380d94d9c759a9c73c769ee6e0247364632"},
    {file = "cffi-2.1.1-cp311-cp311-musllinux_1_2_aarch64.whl", hash = "sha256:7225e4514edb64eb6740324353e0da0711954fd8d7da4576755b1c6e09b697cd"},
    {file = "cffi-2.1.1-cp311-cp311-musllinux_1_2_i686.whl", hash = "sha256:df913725b79db7bcf03448f36b7bf8815363417d5b58deecf9305e3e30f0f21a"},
    {file = "cffi-2.1.1-cp311-cp311-musllinux_1_2_x86_64.whl", hash = "sha256:f5cfbc5fe74540d335175b656c725d74d90e3730c626d92575eea35029d9afaa"},
    {file = "cffi-2.1.1-cp311-cp311-win32.whl", hash = "sha256:f8ec5e643a9a937f64e1999eb9f75d072263751912dc5cd06d3c85f8f44be7c3"},
    {file = "cffi-2.1.1-cp311-cp311-win_amd64.whl", hash = "sha256:42f6930c31dc7f50732c9ae793c2786c7b6b044195967bbdde40bb9be81c4cc0"},
    {file = "cffi-2.1.1-cp311-cp311-win_arm64.whl", hash = "sha256:c7659f22557c5a0bc4855cd635f55edec690cc008a40768527762cb9fb263455"},
    {file = "cffi-2.1.1.tar.gz", hash = "sha256:dd31f52ea1086513bb9df30f8fcee9b8918323ae067a3d5b78bc826a000712be"},
]

[[package]]
name = "charset-normalizer"
version = "2.1.1"
requires_python = ">=3.6.0"
summary = "The Real First Universal Charset Detector. Open, modern and actively maintained alternative to Chardet."
groups = ["default"]
files = [
    {file = "charset-normalizer-2.1.1.tar.gz", hash = "sha256:5a3d016c7c547f69d6f81fb0db9449ce888b418b5b9952cc5e6e66843e9dd845"},
    {file = "charset_normalizer-2.1.1-py3-none-any.whl", hash = "sha256:83e9a75d1911279afd89352c68b45348559d1fc0506b054b346651b5e7fee29f"},
]

[[package]]
name = "constantly"
version = "23.10.4"
requires_python = ">=3.8"
summary = "Symbolic constants in Python"
groups = ["default"]
files = [
    {file = "constantly-23.10.4-py3-none-any.whl", hash = "sha256:3fd9b4d1c3dc1ec9757f3c52aef7e53ad9323dbe39f51dfd4c43853b68dfa3f9"},
    {file = "constantly-23.10.4.tar.gz", hash = "sha256:aa92b70a33e2ac0bb33cd745eb61776594dc48764b06c35e0efd050b7f1c7cbd"},
]

[[package]]
name = "cryptography"
version = "50.0.2"
requires_python = "!=3.9.0,!=3.9.1,>=3.9"
summary = "cryptography is a package which provides cryptographic recipes and primitives to Python developers."
groups = ["default"]
dependencies = [
    "cffi>=2.0.0; platform_python_implementation != \"PyPy\"",
    "typing-extensions>=4.13.2; python_full_version < \"3.11\"",
]
files = [
    {file = "cryptography-50.0.2-cp311-abi3-macosx_11_0_arm64.whl", hash = "sha256:fa8f5efb344d6908a1ce62f4a24e2e5780f825d6f53f5f50ec5ffacac72936cb"},
    {file = "cryptography-50.0.2-cp311-abi3-manylinux2014_aarch64.manylinux_2_17_aarch64.whl", hash = "sha256:79def8d059362e7831389ed3be0ecdf58a89386e1271e35dd9f5af84e81bffd0"},
    {file = "cryptography-50.0.2-cp311-abi3-manylinux2014_x86_64.manylinux_2_17_x86_64.whl", hash = "sha256:630ebfea3bf689d075f82316324ff7433dc447fe6bc1bfc76524b74b4a9567d2"},
    {file = "cryptography-50.0.2-cp311-abi3-manylinux_2_28_aarch64.whl", hash = "sha256:f9f6143a8c75945eb960d9eb98905a441394abfa24afaae239d514ffb2586480"},
    {file = "cryptography-50.0.2-cp311-abi3-manylinux_2_28_ppc64le.whl", hash = "sha256:a582ab2ae1d34f67112cadc86702774c9ea4374df6bca6afe672817203c99134"},
    {file = "cryptography-50.0.2-cp311-abi3-manylinux_2_28_x86_64.whl", hash = "sha256:4061c0079120205fb760c58acab6443e217307dcf05e3702cf970e0689972856"},
    {file = "cryptography-50.0.2-cp311-abi3-manylinux_2_31_armv7l.whl", hash = "sha256:ac9ed99d81760c62fe89d5f0815cdfa1ba9a35141cf30f1c2d044f04b4803d2e"},
    {file = "cryptography-50.0.2-cp311-abi3-manylinux_2_34_aarch64.whl", hash = "sha256:87e9ce85beb6b328ba370cc6e6aea483c92617b4c95b1d33a49297eb662bfb04"},
    {file = "cryptography-50.0.2-cp311-abi3-manylinux_2_34_ppc64le.whl", hash = "sha256:f265528741e048bce55c3463ed721fb0aa45a5888d8add8cfeccb3035451bbdc"},
    {file = "cryptography-50.0.2-cp311-abi3-manylinux_2_34_x86_64.whl", hash = "sha256:9dab55f57c74c3cad24c323bacbbd04be4705ba6eb0d92e920b1fc4837ed5079"},
    {file = "cryptography-50.0.2-cp311-abi3-musllinux_1_2_aarch64.whl", hash = "sha256:25784ce8b9621c90c643efb9e1e2162ab3b0224cae446ad5e70e7fcb1ce18b51"},
    {file = "cryptography-50.0.2-cp311-abi3-musllinux_1_2_x86_64.whl", hash = "sha256:85d0d9a31b9098e98534226d5686b47264b95e62ce459dc2e62fdfc809f9fe93"},
    {file = "cryptography-50.0.2-cp311-abi3-win_amd64.whl", hash = "sha256:7afa5a6602a9f29af1f3a2965f831bae7c9d5d597b7cbb716d41ab3b7d89879c"},
    {file = "cryptography-50.0.2-cp39-abi3-macosx_11_0_arm64.whl", hash = "sha256:0ec5f09541743261e66e291b4a0cbf0fb2997aeaab6d9e9c740b9dba1b58d1c2"},
    {file = "cryptography-50.0.2-cp39-abi3-manylinux2014_aarch64.manylinux_2_17_aarch64.whl", hash = "sha256:c5e67125c7dca78d199ec4e116aa93dbb83494808ecbb8211a2cb09b1bf41dbd"},
    {file = "cryptography-50.0.2-cp39-abi3-manylinux2014_x86_64.manylinux_2_17_x86_64.whl", hash = "sha256:ee247f5c245c9a2fe7c8e2214e295918838e44e00a45a6718451e4004219e767"},
    {file = "cryptography-50.0.2-cp39-abi3-manylinux_2_28_aarch64.whl", hash = "sha256:dfe9763530994147d9af1def057a5b9658b00e8f8fe8743d144d1e0911c2e454"},
    {file = "cryptography-50.0.2-cp39-abi3-manylinux_2_28_ppc64le.whl", hash = "sha256:58ddb5a8e3179d12f19e4ea34d2d32e9d63a4baa142c875c1eb59f41b7243acd"},
    {file = "cryptography-50.0.2-cp39-abi3-manylinux_2_28_x86_64.whl", hash = "sha256:f21e8a22c8605750c7af886bab299a363721264061b4ac0a30efb73cfd58efc5"},
    {file = "cryptography-50.0.2-cp39-abi3-manylinux_2_31_armv7l.whl", hash = "sha256:9c8402a82ea0dc4ceeab793db05f0fafa8ca139ca34fcde5df0f596103c74107"},
    {file = "cryptography-50.0.2-cp39-abi3-manylinux_2_34_aarch64.whl", hash = "sha256:0ddc924c04591c2811ca024d62ecad4f7f6f08af8939c211438f48a16bd23602"},
    {file = "cryptography-50.0.2-cp39-abi3-manylinux_2_34_ppc64le.whl", hash = "sha256:a6557e5f38e065ca9fbdaf7cfc7435ecb1d113aa81a022d1b51921ee7432e227"},
    {file = "cryptography-50.0.2-cp39-abi3-manylinux_2_34_x86_64.whl", hash = "sha256:1981f1db4630889b9ef7803fadef12b056f428cb6b85c27ba57b774793b6093c"},
    {file = "cryptography-50.0.2-cp39-abi3-musllinux_1_2_aarch64.whl", hash = "sha256:7a8701d6b584d76e909e3d305b7d126b41439876a5aaf76cddc67fc230eafa2e"},
    {file = "cryptography-50.0.2-cp39-abi3-musllinux_1_2_x86_64.whl", hash = "sha256:ce47f66801c20ec6c6632453bb5960fe38939e9306970b48b3a5a26de7745d94"},
    {file = "cryptography-50.0.2-cp39-abi3-win_amd64.whl", hash = "sha256:4e81d95e5bafc2d6e34e4bed780e53e4d5b9a2f928573428aa4d35fbec1eb0de"},
    {file = "cryptography-50.0.2-pp311-pypy311_pp73-manylinux_2_28_aarch64.whl", hash = "sha256:92e665960f25fcdc73725b9cec7a3824f279ba97a98653afe9ffac2e43668f67"},
    {file = "cryptography-50.0.2-pp311-pypy311_pp73-manylinux_2_28_x86_64.whl", hash = "sha256:eef4c2f3423810b3070ab391f85436d2f8bbfcb286ac15cbc73190b3563b1f1a"},
    {file = "cryptography-50.0.2-pp311-pypy311_pp73-manylinux_2_34_aarch64.whl", hash = "sha256:7c6d0330c472d96f6a6afe24d80dfdf15176c33096f0a4397ae4c60f3dd3be48"},
    {file = "cryptography-50.0.2-pp311-pypy311_pp73-manylinux_2_34_x86_64.whl", hash = "sha256:1ba34f04897fcdaa73f74145c25f3ec146fbd56593853e88adc2e811303c5f42"},
    {file = "cryptography-50.0.2-pp311-pypy311_pp80-macosx_11_0_arm64.whl", hash = "sha256:3dc4fd8058cea1644971207d530e1a03a184a805ffc8ebdddf0599d78a331b81"},
    {file = "cryptography-50.0.2-pp311-pypy311_pp80-win_amd64.whl", hash = "sha256:7b75de3c8b3be1cdb1052747c929440c3eea46c1bc2cb8a6e3a48388e9b7b452"},
    {file = "cryptography-50.0.2.tar.gz", hash = "sha256:7b46165bb56eb4704e2eaaf86f3c940d19154535d9b0ca7d6d590b04060e00d5"},
]

[[package]]
name = "cssselect"
version = "1.5.0"
requires_python = ">=3.10"
summary = "cssselect parses CSS3 Selectors and translates them to XPath 1.0"
groups = ["default"]
files = [
    {file = "cssselect-1.5.0-py3-none-any.whl", hash = "sha256:1d1aded98e82bdde447ded990a191fd6916177c4f0c914fb62eccd58e2ffcdcc"},
    {file = "cssselect-1.5.0.tar.gz", hash = "sha256:3cbe82dd7acbee9ba9e5723b5f9e4749826912f1fb31cd7f92aabed5fde15b15"},
]

[[package]]
name = "filelock"
version = "4.0.12"
requires_python = ">=3.10"
summary = "A platform independent file lock."
groups = ["default"]
files = [
    {file = "filelock-4.0.12-py3-none-any.whl", hash = "sha256:5f17ee83ecee8a6f3e389c75822fb70a1c2f0506b99438a6dffa1d56793588c8"},
    {file = "filelock-4.0.12.tar.gz", hash = "sha256:cf42711a7ac791818b299fab0332a088c65aeeefa36290de98db92c434303b0c"},
]

[[package]]
name = "h11"
version = "0.16.0"
requires_python = ">=3.8"
summary = "A pure-Python, bring-your-own-I/O implementation of HTTP/1.1"
groups = ["default"]
files = [
    {file = "h11-0.16.0-py3-none-any.whl", hash = "sha256:63cf8bbe7522de3bf65932fda1d9c2772064ffb3dae62d55932da54b31cb6c86"},
    {file = "h11-0.16.0.tar.gz", hash = "sha256:4e35b956cf45792e4caa5885e69fba00bdbc6ffafbfa020300e549b208ee5ff1"},
]

[[package]]
name = "html2text"
version = "2020.1.16"
requires_python = ">=3.5"
summary = "Turn HTML into equivalent Markdown-structured text."
groups = ["default"]
files = [
    {file = "html2text-2020.1.16-py3-none-any.whl", hash = "sha256:c7c629882da0cf377d66f073329ccf34a12ed2adf0169b9285ae4e63ef54c82b"},
    {file = "html2text-2020.1.16.tar.gz", hash = "sha256:e296318e16b059ddb97f7a8a1d6a5c1d7af4544049a01e261731d2d5cc277bbb"},
]

[[package]]
name = "hyperlink"
version = "21.0.0"
requires_python = ">=2.6, !=3.0.*, !=3.1.*, !=3.2.*, !=3.3.*"
summary = "A featureful, immutable, and correct URL for Python."
groups = ["default"]
dependencies = [
    "idna>=2.5",
    "typing; python_version < \"3.5\"",
]
files = [
    {file = "hyperlink-21.0.0-py2.py3-none-any.whl", hash = "sha256:e6b14c37ecb73e89c77d78cdb4c2cc8f3fb59a885c5b3f819ff4ed80f25af1b4"},
    {file = "hyperlink-21.0.0.tar.gz", hash = "sha256:427af957daa58bc909471c6c40f74c5450fa123dd093fc53efd2e91d2705a56b"},
]

[[package]]
name = "idna"
version = "3.20"
requires_python = ">=3.9"
summary = "Internationalized Domain Names in Applications (IDNA)"
groups = ["default"]
files = [
    {file = "idna-3.20-py3-none-any.whl", hash = "sha256:ab7ae7122974553370f0bdb919e1a960b2cd1bc1ef0276416d896db81c14582c"},
    {file = "idna-3.20.tar.gz", hash = "sha256:a7db850025b95ded1eae8a46181a1a6c56c92c96f0e2b005d9ff8dc0210cab44"},
]

[[package]]
name = "incremental"
version = "24.11.0"
requires_python = ">=3.8"
summary = "A CalVer version manager that supports the future."
groups = ["default"]
dependencies = [
    "packaging>=17.0",
    "tomli; python_version < \"3.11\"",
]
files = [
    {file = "incremental-24.11.0-py3-none-any.whl", hash = "sha256:a34450716b1c4341fe6676a0598e88a39e04189f4dce5dc96f656e040baa10b3"},
    {file = "incremental-24.11.0.tar.gz", hash = "sha256:87d3480dbb083c1d736222511a8cf380012a8176c2456d01ef483242abbbcf8c"},
]

[[package]]
name = "itemadapter"
version = "0.13.1"
requires_python = ">=3.9"
summary = "Common interface for data container classes"
groups = ["default"]
files = [
    {file = "itemadapter-0.13.1-py3-none-any.whl", hash = "sha256:f3c6b1babb4fb6cca4aa9061ef0b0c25c783c24a571c30e3667e7bcfea41815b"},
    {file = "itemadapter-0.13.1.tar.gz", hash = "sha256:fa139c7be2aa80f8874b2f23d165d5d4aa47c4b85c54ab530b567fd5f684f1b4"},
]

[[package]]
name = "itemloaders"
version = "1.5.0"
requires_python = ">=3.10"
summary = "Base library for scrapy's ItemLoader"
groups = ["default"]
dependencies = [
    "itemadapter>=0.1.0",
    "jmespath>=0.9.5",
    "parsel>=1.5.0",
]
files = [
    {file = "itemloaders-1.5.0-py3-none-any.whl", hash = "sha256:d57a4e5b204a1f88affdc6e03ed2f4f60ad7f3b7cc90f5914af92c9b52e46efb"},
    {file = "itemloaders-1.5.0.tar.gz", hash = "sha256:e6feec5e44e92e1931dbd70fce4da430491ee4cbc9a93a725351e4f0d614a411"},
]

[[package]]
name = "jmespath"
version = "1.1.0"
requires_python = ">=3.9"
summary = "JSON Matching Expressions"
groups = ["default"]
files = [
    {file = "jmespath-1.1.0-py3-none-any.whl", hash = "sha256:a5663118de4908c91729bea0acadca56526eb2698e83de10cd116ae0f4e97c64"},
    {file = "jmespath-1.1.0.tar.gz", hash = "sha256:472c87d80f36026ae83c6ddd0f1d05d4e510134ed462851fd5f754c8c3cbb88d"},
]

[[package]]
name = "lxml"
version = "4.9.2"
requires_python = ">=2.7, !=3.0.*, !=3.1.*, !=3.2.*, !=3.3.*, != 3.4.*"
summary = "Powerful and Pythonic XML processing library combining libxml2/libxslt with the ElementTree API."
groups = ["default"]
files = [
    {file = "lxml-4.9.2-cp311-cp311-manylinux_2_12_i686.manylinux2010_i686.manylinux_2_24_i686.whl", hash = "sha256:c83203addf554215463b59f6399835201999b5e48019dc17f182ed5ad87205c9"},
    {file = "lxml-4.9.2-cp311-cp311-manylinux_2_17_aarch64.manylinux2014_aarch64.manylinux_2_24_aarch64.whl", hash = "sha256:2a87fa548561d2f4643c99cd13131acb607ddabb70682dcf1dff5f71f781a4bf"},
    {file = "lxml-4.9.2-cp311-cp311-manylinux_2_17_x86_64.manylinux2014_x86_64.manylinux_2_24_x86_64.whl", hash = "sha256:d6b430a9938a5a5d85fc107d852262ddcd48602c120e3dbb02137c83d212b380"},
    {file = "lxml-4.9.2-cp311-cp311-musllinux_1_1_aarch64.whl", hash = "sha256:3efea981d956a6f7173b4659849f55081867cf897e719f57383698af6f618a92"},
    {file = "lxml-4.9.2-cp311-cp311-musllinux_1_1_x86_64.whl", hash = "sha256:df0623dcf9668ad0445e0558a21211d4e9a149ea8f5666917c8eeec515f0a6d1"},
    {file = "lxml-4.9.2-cp311-cp311-win32.whl", hash = "sha256:da248f93f0418a9e9d94b0080d7ebc407a9a5e6d0b57bb30db9b5cc28de1ad33"},
    {file = "lxml-4.9.2-cp311-cp311-win_amd64.whl", hash = "sha256:3818b8e2c4b5148567e1b09ce739006acfaa44ce3156f8cbbc11062994b8e8dd"},
    {file = "lxml-4.9.2.tar.gz", hash = "sha256:2455cfaeb7ac70338b3257f41e21f0724f4b5b0c0e7702da67ee6c3640835b67"},
]

[[package]]
name = "outcome"
version = "1.3.0.post0"
requires_python = ">=3.7"
summary = "Capture the outcome of Python function calls."
groups = ["default"]
dependencies = [
    "attrs>=19.2.0",
]
files = [
    {file = "outcome-1.3.0.post0-py2.py3-none-any.whl", hash = "sha256:e771c5ce06d1415e356078d3bdd68523f284b4ce5419828922b6871e65eda82b"},
    {file = "outcome-1.3.0.post0.tar.gz", hash = "sha256:9dcf02e65f2971b80047b377468e72a268e15c0af3cf1238e6ff14f7f91143b8"},
]

[[package]]
name = "packaging"
version = "26.3"
requires_python = ">=3.9"
summary = "Core utilities for Python packages"
groups = ["default"]
files = [
    {file = "packaging-26.3-py3-none-any.whl", hash = "sha256:d7193f7c8e4e93f444fde0262bf90af30e16fa0ad0ad44cb553c87339b23cd1c"},
    {file = "packaging-26.3.tar.gz", hash = "sha256:94edc256424af38762eb31306eed28beb9f0efc50a8837492c9d6fd6004aed79"},
]

[[package]]
name = "parsel"
version = "1.10.0"
requires_python = ">=3.9"
summary = "Parsel is a library to extract data from HTML and XML using XPath and CSS selectors"
groups = ["default"]
dependencies = [
    "cssselect>=1.2.0",
    "jmespath",
    "lxml",
    "packaging",
    "w3lib>=1.19.0",
]
files = [
    {file = "parsel-1.10.0-py2.py3-none-any.whl", hash = "sha256:6a0c28bd81f9df34ba665884c88efa0b18b8d2c44c81f64e27f2f0cb37d46169"},
    {file = "parsel-1.10.0.tar.gz", hash = "sha256:14f17db9559f51b43357b9dfe43cec870a8efb5ea4857abb624ec6ff80d8a080"},
]

[[package]]
name = "protego"
version = "0.7.0"
requires_python = ">=3.10"
summary = "Pure-Python robots.txt parser with support for modern conventions"
groups = ["default"]
files = [
    {file = "protego-0.7.0-py3-none-any.whl", hash = "sha256:944638aaee608f6c83fcad442695f3f9381a60be8d5007248f46b00f201fa5fc"},
    {file = "protego-0.7.0.tar.gz", hash = "sha256:2c032d9736a1f4f0c4318f3558353ae34da5cd038f1a5e064ded7548df315e5a"},
]

[[package]]
name = "pycparser"
version = "3.0"
requires_python = ">=3.10"
summary = "C parser in Python"
groups = ["default"]
marker = "os_name == \"nt\" and (implementation_name != \"pypy\" and implementation_name != \"PyPy\") or platform_python_implementation != \"PyPy\" and implementation_name != \"PyPy\""
files = [
    {file = "pycparser-3.0-py3-none-any.whl", hash = "sha256:b727414169a36b7d524c1c3e31839a521725078d7b2ff038656844266160a992"},
    {file = "pycparser-3.0.tar.gz", hash = "sha256:600f49d217304a5902ac3c37e1281c9fe94e4d0489de643a9504c5cdfdfc6b29"},
]

[[package]]
name = "pydispatcher"
version = "2.0.7"
summary = "Multi-producer multi-consumer in-memory signal dispatch system"
groups = ["default"]
marker = "platform_python_implementation == \"CPython\""
files = [
    {file = "PyDispatcher-2.0.7-py3-none-any.whl", hash = "sha256:96543bea04115ffde08f851e1d45cacbfd1ee866ac42127d9b476dc5aefa7de0"},
    {file = "PyDispatcher-2.0.7.tar.gz", hash = "sha256:b777c6ad080dc1bad74a4c29d6a46914fa6701ac70f94b0d66fbcfde62f5be31"},
]

[[package]]
name = "pyopenssl"
version = "26.4.0"
requires_python = ">=3.9"
summary = "Python wrapper module around the OpenSSL library"
groups = ["default"]
dependencies = [
    "cryptography<51,>=49.0.0",
    "typing-extensions>=4.9; python_version < \"3.13\"",
]
files = [
    {file = "pyopenssl-26.4.0-py3-none-any.whl", hash = "sha256:f0eb0cb2d581d3ad2b9c489468485e7f2ab6727d08401bcf9d824c3caddf3c1c"},
    {file = "pyopenssl-26.4.0.tar.gz", hash = "sha256:28dfcce0162b9211413e26dfbfdf1d24317fbeba18fc93c12400a1856b2a0bc7"},
]

[[package]]
name = "pypydispatcher"
version = "2.1.2"
summary = "Multi-producer-multi-consumer signal dispatching mechanism"
groups = ["default"]
marker = "platform_python_implementation == \"PyPy\""
files = [
    {file = "PyPyDispatcher-2.1.2.tar.gz", hash = "sha256:b6bec5dfcff9d2535bca2b23c80eae367b1ac250a645106948d315fcfa9130f2"},
]

[[package]]
name = "pysocks"
version = "1.7.1"
requires_python = ">=2.7, !=3.0.*, !=3.1.*, !=3.2.*, !=3.3.*"
summary = "A Python SOCKS client module. See https://github.com/Anorov/PySocks for more information."
groups = ["default"]
files = [
    {file = "PySocks-1.7.1-py3-none-any.whl", hash = "sha256:2725bd0a9925919b9b51739eea5f9e2bae91e83288108a9ad338b2e3a4435ee5"},
    {file = "PySocks-1.7.1.tar.gz", hash = "sha256:3f8804571ebe159c380ac6de37643bb4685970655d3bba243530d6558b799aa0"},
]

[[package]]
name = "queuelib"
version = "1.10.0"
requires_python = ">=3.10"
summary = "Collection of persistent (disk-based) and non-persistent (memory-based) queues"
groups = ["default"]
files = [
    {file = "queuelib-1.10.0-py3-none-any.whl", hash = "sha256:257936b7202d12325c80ad79e254c59e2cd3533704ae6dffb567b1a0b309ae5e"},
    {file = "queuelib-1.10.0.tar.gz", hash = "sha256:063c821c32859ae8bdce2cc9e74156645c074218a464f8262e29a3b8de839737"},
]

[[package]]
name = "requests"
version = "2.28.1"
requires_python = ">=3.7, <4"
summary = "Python HTTP for Humans."
groups = ["default"]
dependencies = [
    "certifi>=2017.4.17",
    "charset-normalizer<3,>=2",
    "idna<4,>=2.5",
    "urllib3<1.27,>=1.21.1",
]
files = [
    {file = "requests-2.28.1-py3-none-any.whl", hash = "sha256:8fefa2a1a1365bf5520aac41836fbee479da67864514bdb821f31ce07ce65349"},
    {file = "requests-2.28.1.tar.gz", hash = "sha256:7c5599b102feddaa661c826c56ab4fee28bfd17f5abca1ebbe3e7f19d7c97983"},
]

[[package]]
name = "requests-file"
version = "3.0.1"
summary = "File transport adapter for Requests"
groups = ["default"]
dependencies = [
    "requests>=1.0.0",
]
files = [
    {file = "requests_file-3.0.1-py2.py3-none-any.whl", hash = "sha256:d0f5eb94353986d998f80ac63c7f146a307728be051d4d1cd390dbdb59c10fa2"},
    {file = "requests_file-3.0.1.tar.gz", hash = "sha256:f14243d7796c588f3521bd423c5dea2ee4cc730e54a3cac9574d78aca1272576"},
]

[[package]]
name = "scrapy"
version = "2.6.1"
requires_python = ">=3.6"
summary = "A high-level Web Crawling and Web Scraping framework"
groups = ["default"]
dependencies = [
    "PyDispatcher>=2.0.5; platform_python_implementation == \"CPython\"",
    "PyPyDispatcher>=2.1.0; platform_python_implementation == \"PyPy\"",
    "Twisted>=17.9.0",
    "cryptography>=2.0",
    "cssselect>=0.9.1",
    "itemadapter>=0.1.0",
    "itemloaders>=1.0.1",
    "lxml>=3.5.0; platform_python_implementation == \"CPython\"",
    "lxml>=4.0.0; platform_python_implementation == \"PyPy\"",
    "parsel>=1.5.0",
    "protego>=0.1.15",
    "pyOpenSSL>=16.2.0",
    "queuelib>=1.4.2",
    "service-identity>=16.0.0",
    "setuptools",
    "tldextract",
    "w3lib>=1.17.0",
    "zope-interface>=4.1.3",
]
files = [
    {file = "Scrapy-2.6.1-py2.py3-none-any.whl", hash = "sha256:e977f57d4e828f25d2702e8c2212e8abcd7d6ce45be560f1830a39432a494c09"},
    {file = "Scrapy-2.6.1.tar.gz", hash = "sha256:56fd55a59d0f329ce752892358abee5a6b50b4fc55a40420ea317dc617553827"},
]

[[package]]
name = "selenium"
version = "4.8.0"
requires_python = ">=3.7"
summary = ""
groups = ["default"]
dependencies = [
    "certifi>=2021.10.8",
    "trio-websocket~=0.9",
    "trio~=0.17",
    "urllib3[socks]~=1.26",
]
files = [
    {file = "selenium-4.8.0-py3-none-any.whl", hash = "sha256:20f28ee4ea9b273b4112a7df5276ebb3052f79ff6eff42a564db6143e5926683"},
    {file = "selenium-4.8.0.tar.gz", hash = "sha256:fee36724d6cf0b18c73781bb8ec7be4a35ab1e2564e64e64e64da75e50e052af"},
]

[[package]]
name = "service-identity"
version = "26.1.0"
requires_python = ">=3.8"
summary = "Service identity verification for pyOpenSSL & cryptography."
groups = ["default"]
dependencies = [
    "attrs>=19.1.0",
    "cryptography>=47",
]
files = [
    {file = "service_identity-26.1.0-py3-none-any.whl", hash = "sha256:68c32dadbb69135fb951077677e07cd7f6031020f3a8c8f47a28cda8a0742118"},
    {file = "service_identity-26.1.0.tar.gz", hash = "sha256:6358c52882c96e66ac4a55eb3a72c7dd4a70763f8cc6fa4e70abde2656f4bf3b"},
]

[[package]]
name = "setuptools"
version = "84.0.0"
requires_python = ">=3.10"
summary = "Most extensible Python build backend with support for C/C++ extension modules"
groups = ["default"]
files = [
    {file = "setuptools-84.0.0-py3-none-any.whl", hash = "sha256:51a52592b3b99e102b609654876bd65f19f999935166d1352678931132b0c670"},
    {file = "setuptools-84.0.0.tar.gz", hash = "sha256:f4695c21257f0d9b537ec2692c941d02ee143b7cc1276941349a546573b2ef73"},
]

[[package]]
name = "sniffio"
version = "1.3.1"
requires_python = ">=3.7"
summary = "Sniff out which async library your code is running under"
groups = ["default"]
files = [
    {file = "sniffio-1.3.1-py3-none-any.whl", hash = "sha256:2f6da418d1f1e0fddd844478f41680e794e6051915791a034ff65e5f100525a2"},
    {file = "sniffio-1.3.1.tar.gz", hash = "sha256:f4324edc670a0f49750a81b895f35c3adb843cca46f0530f79fc1babb23789dc"},
]

[[package]]
name = "sortedcontainers"
version = "2.4.0"
summary = "Sorted Containers -- Sorted List, Sorted Dict, Sorted Set"
groups = ["default"]
files = [
    {file = "sortedcontainers-2.4.0-py2.py3-none-any.whl", hash = "sha256:a163dcaede0f1c021485e957a39245190e74249897e2ae4b2aa38595db237ee0"},
    {file = "sortedcontainers-2.4.0.tar.gz", hash = "sha256:25caa5a06cc30b6b83d11423433f65d1f9d76c4c6a0c90e3379eaa43b9bfdb88"},
]

[[package]]
name = "soupsieve"
version = "2.10"
requires_python = ">=3.10"
summary = "A modern CSS selector implementation for Beautiful Soup."
groups = ["default"]
files = [
    {file = "soupsieve-2.10-py3-none-any.whl", hash = "sha256:8596eb8967d744174820280fa62b4542a2e955bfaccca73ed8a13c6eb8e9b502"},
    {file = "soupsieve-2.10.tar.gz", hash = "sha256:49e9380d7d2905463583bafe285e818c7366a9ed7b3aee221c1ac79c905d8bc0"},
]

[[package]]
name = "tldextract"
version = "5.4.0"
requires_python = ">=3.10"
summary = "Accurately separates a URL's subdomain, domain, and public suffix, using the Public Suffix List (PSL). By default, this includes the public ICANN TLDs and their exceptions. You can optionally support the Public Suffix List's private domains as well."
groups = ["default"]
dependencies = [
    "filelock>=3.0.8",
    "idna",
    "requests-file>=1.4",
    "requests>=2.1.0",
]
files = [
    {file = "tldextract-5.4.0-py3-none-any.whl", hash = "sha256:7f02aed30bd3b6ad5717192eb859a39b20aafc7caf3917d9cf6cb00a58efb34f"},
    {file = "tldextract-5.4.0.tar.gz", hash = "sha256:6c9223212c15c25c0da2bf7313893c14f175cb36b64a0c42da67a468e0c61ee3"},
]

[[package]]
name = "trio"
version = "0.34.0"
requires_python = ">=3.10"
summary = "A friendly Python library for async concurrency and I/O"
groups = ["default"]
dependencies = [
    "attrs>=23.2.0",
    "cffi>=1.14; os_name == \"nt\" and implementation_name != \"pypy\"",
    "exceptiongroup; python_version < \"3.11\"",
    "idna",
    "outcome",
    "sniffio>=1.3.0",
    "sortedcontainers",
]
files = [
    {file = "trio-0.34.0-py3-none-any.whl", hash = "sha256:6c7c9f49917694dcdcd5f67abd168df5599eca480d61f29854d17a61a75c2f05"},
    {file = "trio-0.34.0.tar.gz", hash = "sha256:63b9485408bdfdde544fced107045a8c0086cdc4bd0ef2f797b9e0dd111b964b"},
]

[[package]]
name = "trio-websocket"
version = "0.12.2"
requires_python = ">=3.8"
summary = "WebSocket library for Trio"
groups = ["default"]
dependencies = [
    "exceptiongroup; python_version < \"3.11\"",
    "outcome>=1.2.0",
    "trio>=0.11",
    "wsproto>=0.14",
]
files = [
    {file = "trio_websocket-0.12.2-py3-none-any.whl", hash = "sha256:df605665f1db533f4a386c94525870851096a223adcb97f72a07e8b4beba45b6"},
    {file = "trio_websocket-0.12.2.tar.gz", hash = "sha256:22c72c436f3d1e264d0910a3951934798dcc5b00ae56fc4ee079d46c7cf20fae"},
]

[[package]]
name = "twisted"
version = "26.4.0"
requires_python = ">=3.9.12"
summary = "An asynchronous networking framework written in Python"
groups = ["default"]
dependencies = [
    "attrs>=22.2.0",
    "automat>=24.8.0",
    "constantly>=15.1",
    "hyperlink>=17.1.1",
    "incremental>=24.7.0",
    "typing-extensions>=4.2.0",
    "zope-interface>=5",
]
files = [
    {file = "twisted-26.4.0-py3-none-any.whl", hash = "sha256:dc25ea0ebf6511c24f03232ee9f4afa54b291c5d897990e3a39cc4d14a1ef4c0"},
    {file = "twisted-26.4.0.tar.gz", hash = "sha256:dbfd0fe1ee409d0243fdd7a6a6ff14f4948cec1fd78e0376291f805e1501fae9"},
]

[[package]]
name = "typing-extensions"
version = "4.16.0"
requires_python = ">=3.9"
summary = "Backported and Experimental Type Hints for Python 3.9+"
groups = ["default"]
files = [
    {file = "typing_extensions-4.16.0-py3-none-any.whl", hash = "sha256:481caa481374e813c1b176ada14e97f1f67a4539ce9cfeb3f350d78d6370c2e8"},
    {file = "typing_extensions-4.16.0.tar.gz", hash = "sha256:dc983d19a509c94dba722ee6abd33940f7c05a89e243c47e907eb4db6f1a43e5"},
]

[[package]]
name = "urllib3"
version = "1.26.12"
requires_python = ">=2.7, !=3.0.*, !=3.1.*, !=3.2.*, !=3.3.*, !=3.4.*, !=3.5.*, <4"
summary = "HTTP library with thread-safe connection pooling, file post, and more."
groups = ["default"]
files = [
    {file = "urllib3-1.26.12-py2.py3-none-any.whl", hash = "sha256:b930dd878d5a8afb066a637fbb35144fe7901e3b209d1cd4f524bd0e9deee997"},
    {file = "urllib3-1.26.12.tar.gz", hash = "sha256:3fa96cf423e6987997fc326ae8df396db2a8b7c667747d47ddd8ecba91f4a74e"},
]

[[package]]
name = "urllib3"
version = "1.26.12"
extras = ["socks"]
requires_python = ">=2.7, !=3.0.*, !=3.1.*, !=3.2.*, !=3.3.*, !=3.4.*, !=3.5.*, <4"
summary = "HTTP library with thread-safe connection pooling, file post, and more."
groups = ["default"]
dependencies = [
    "PySocks!=1.5.7,<2.0,>=1.5.6",
    "urllib3==1.26.12",
]
files = [
    {file = "urllib3-1.26.12-py2.py3-none-any.whl", hash = "sha256:b930dd878d5a8afb066a637fbb35144fe7901e3b209d1cd4f524bd0e9deee997"},
    {file = "urllib3-1.26.12.tar.gz", hash = "sha256:3fa96cf423e6987997fc326ae8df396db2a8b7c667747d47ddd8ecba91f4a74e"},
]

[[package]]
name = "w3lib"
version = "2.5.0"
requires_python = ">=3.10"
summary = "Library of web-related functions"
groups = ["default"]
files = [
    {file = "w3lib-2.5.0-py3-none-any.whl", hash = "sha256:136fd5edfe64b53b8579838e2a7e803495bbbe6b69ddfaeed3c29a794b44f6ba"},
    {file = "w3lib-2.5.0.tar.gz", hash = "sha256:a7ddf714508ddc1b8563bd19ace2feb28080bbaca39326cbc964359f6754f615"},
]

[[package]]
name = "wsproto"
version = "1.3.2"
requires_python = ">=3.10"
summary = "Pure-Python WebSocket protocol implementation"
groups = ["default"]
dependencies = [
    "h11<1,>=0.16.0",
]
files = [
    {file = "wsproto-1.3.2-py3-none-any.whl", hash = "sha256:61eea322cdf56e8cc904bd3ad7573359a242ba65688716b0710a5eb12beab584"},
    {file = "wsproto-1.3.2.tar.gz", hash = "sha256:b86885dcf294e15204919950f666e06ffc6c7c114ca900b060d6e16293528294"},
]

[[package]]
name = "zope-interface"
version = "8.6"
requires_python = ">=3.10"
summary = "Interfaces for Python"
groups = ["default"]
files = [
    {file = "zope_interface-8.6-cp311-cp311-macosx_10_9_x86_64.whl", hash = "sha256:dd25d6da3b3c8216080a0eefb3c01719913782690427fb9ba2ddad98ed8970f4"},
    {file = "zope_interface-8.6-cp311-cp311-macosx_11_0_arm64.whl", hash = "sha256:ebb513c9e47702525897148e38271f7b6bf12c61bd084cdddfd0e03b542f8100"},
    {file = "zope_interface-8.6-cp311-cp311-manylinux1_i686.manylinux2014_i686.manylinux_2_17_i686.manylinux_2_5_i686.whl", hash = "sha256:919510e0d470c189cb84164b953f81e8a513aa2593fdc9e4982340838cd1099b"},
    {file = "zope_interface-8.6-cp311-cp311-manylinux1_x86_64.manylinux2014_x86_64.manylinux_2_17_x86_64.manylinux_2_5_x86_64.whl", hash = "sha256:a43e669d68fd8c10fe315812f7e1d262c6c00e9667f29f799a3771f9a3b5b41d"},
    {file = "zope_interface-8.6-cp311-cp311-manylinux2014_aarch64.manylinux_2_17_aarch64.whl", hash = "sha256:826f99c38f4bfcf7165885a0c59f03c6c25e0df8cdb0544f882cda61616fe845"},
    {file = "zope_interface-8.6-cp311-cp311-win_amd64.whl", hash = "sha256:d97c96c79c389d1031c86f8e797b94db4fe647dfbfebdbe48247c1899dc930bb"},
    {file = "zope_interface-8.6-cp311-cp311-win_arm64.whl", hash = "sha256:ec5a5c01a54fc06b69da71164c9bba8cc71fde79bdd1b835bb734f96bca693f2"},
    {file = "zope_interface-8.6.tar.gz", hash = "sha256:b40ef9b4873afb5d0dec02b8d2dfde1cf18c72337b60c99cb735961e0bac05c0"},
]
