# This file is @generated by PDM.
# It is not intended for manual editing.

[metadata]
groups = ["default", "dev", "s3", "test"]
strategy = ["inherit_metadata"]
lock_version = "4.5.0"
content_hash = "sha256:22fa2fe53aebbf95ddc8ec75883e2a9ef547d3f5ac8ee05910b6dc4dc5f5e431"

[[metadata.targets]]
requires_python = ">=3.14"

[[package]]
name = "argon2-cffi"
version = "25.1.0"
requires_python = ">=3.8"
summary = "Argon2 for Python"
groups = ["default"]
dependencies = [
    "argon2-cffi-bindings",
]
files = [
    {file = "argon2_cffi-25.1.0-py3-none-any.whl", hash = "sha256:fdc8b074db390fccb6eb4a3604ae7231f219aa669a2652e0f20e16ba513d5741"},
    {file = "argon2_cffi-25.1.0.tar.gz", hash = "sha256:694ae5cc8a42f4c4e2bf2ca0e64e51e23a040c6a517a85074683d3959e1346c1"},
]

[[package]]
name = "argon2-cffi-bindings"
version = "26.1.0"
requires_python = ">=3.10"
summary = "Low-level CFFI bindings for Argon2"
groups = ["default"]
dependencies = [
    "cffi>=1.0.1; python_version < \"3.14\"",
    "cffi>=2; python_version >= \"3.14\"",
]
files = [
    {file = "argon2_cffi_bindings-26.1.0-cp310-abi3-macosx_11_0_arm64.whl", hash = "sha256:21ca0396fe5ec995dd54431c32698189666f9224810acfa752e50d2bd94d9df2"},
    {file = "argon2_cffi_bindings-26.1.0-cp310-abi3-manylinux_2_26_aarch64.manylinux_2_28_aarch64.whl", hash = "sha256:78de2d65e0b9ea7ce9d1b1c3e87297b2d7305a02c266ee2a2d6910daddd7ee69"},
    {file = "argon2_cffi_bindings-26.1.0-cp310-abi3-manylinux_2_26_x86_64.manylinux_2_28_x86_64.whl", hash = "sha256:27f1821903e2ceadcb88ec2b45ef190897b7682449c772f4d9b53e42c520cf29"},
    {file = "argon2_cffi_bindings-26.1.0-cp310-abi3-manylinux_2_34_riscv64.manylinux_2_39_riscv64.whl", hash = "sha256:d88e5f7e60f28ae0b0cc6b2f16c43e87cd642a196a86f85e0d8bb6fe016fc16d"},
    {file = "argon2_cffi_bindings-26.1.0-cp310-abi3-musllinux_1_2_aarch64.whl", hash = "sha256:34b7d9c24a4165a2c61cc8ae11d44d48c9ce2830fb536cb7914e11fdd9962728"},
    {file = "argon2_cffi_bindings-26.1.0-cp310-abi3-musllinux_1_2_riscv64.whl", hash = "sha256:224865cbbcb7a2bd1356741dff12b0134df726b6d44bb7b500df8e303cbd9e81"},
    {file = "argon2_cffi_bindings-26.1.0-cp310-abi3-musllinux_1_2_x86_64.whl", hash = "sha256:ffff613aaa9ce6236766e2fc6dc560bb5abde7a2e2416e3db1f9ae395a2b4dd4"},
    {file = "argon2_cffi_bindings-26.1.0-cp310-abi3-win32.whl", hash = "sha256:a86c069c91a747a2c4e5c51473590aeb48172fff9b2130d23729a42d98665ecb"},
    {file = "argon2_cffi_bindings-26.1.0-cp310-abi3-win_amd64.whl", hash = "sha256:2c36ff87b5dfaa477d0bd51e9d7f6abdae7c8955d2983c97419085d842154b3e"},
    {file = "argon2_cffi_bindings-26.1.0-cp310-abi3-win_arm64.whl", hash = "sha256:f9c4420a7a864fe1b86ce35befc95b8e39fb852493b81cf798671ddc265de638"},
    {file = "argon2_cffi_bindings-26.1.0-cp314-cp314-pyemscripten_2026_0_wasm32.whl", hash = "sha256:db0fcd827ca61622a01b220aadfbece01939acf53888f2cb98cd93e9b1e2c97e"},
    {file = "argon2_cffi_bindings-26.1.0-cp314-cp314t-macosx_11_0_arm64.whl", hash = "sha256:28524438cd3e723f25412f63d4fd516ff5bae9ae5aa56acbe2a1404398a0cf31"},
    {file = "argon2_cffi_bindings-26.1.0-cp314-cp314t-manylinux_2_26_aarch64.manylinux_2_28_aarch64.whl", hash = "sha256:ac82fc756a446b6ccd7139ce70efa9d8bbe541e7ad579a12dcb52764b7175c5f"},
    {file = "argon2_cffi_bindings-26.1.0-cp314-cp314t-manylinux_2_26_x86_64.manylinux_2_28_x86_64.whl", hash = "sha256:6a4e68eed961a8de6928d1c17ff3dc2a547e0e923c17f8f1cd79fb7bc9502f98"},
    {file = "argon2_cffi_bindings-26.1.0-cp314-cp314t-manylinux_2_34_riscv64.manylinux_2_39_riscv64.whl", hash = "sha256:151dfaad9de753f4af2a7854e707e4784f2acc434340ade64239c5b104b2d605"},
    {file = "argon2_cffi_bindings-26.1.0-cp314-cp314t-musllinux_1_2_aarch64.whl", hash = "sha256:061a6919145bbf282ebf1f9c59d3135d4833c25313c8595c0d68cf7712ddfce2"},
    {file = "argon2_cffi_bindings-26.1.0-cp314-cp314t-musllinux_1_2_riscv64.whl", hash = "sha256:62ff20cd130c956c7c9144d5fe35228f98b51c579b2439e988b27ef93e16c02a"},
    {file = "argon2_cffi_bindings-26.1.0-cp314-cp314t-musllinux_1_2_x86_64.whl", hash = "sha256:19423e5d7ac1cc354baab59eaabf18db2ec04ef6593b5abe5a34f323c4a8f87a"},
    {file = "argon2_cffi_bindings-26.1.0-cp314-cp314t-win32.whl", hash = "sha256:4f84cdd868978d7b7350a566c254042d44216d9e37f241f3a6d3b1dfebeede35"},
    {file = "argon2_cffi_bindings-26.1.0-cp314-cp314t-win_amd64.whl", hash = "sha256:2b741888c93147444fdfc851abd81cc207f37f7f7da42062a00deb3888e57da8"},
    {file = "argon2_cffi_bindings-26.1.0-cp314-cp314t-win_arm64.whl", hash = "sha256:6ab674f668d5962a3a4136ae0812519b0f1586874263723a32181d60d64137e1"},
    {file = "argon2_cffi_bindings-26.1.0-cp315-cp315t-macosx_11_0_arm64.whl", hash = "sha256:1d98e33bd8bd67d7206c124e200bf2229c4cfa8c9c19f7b44a897f0fc71837eb"},
    {file = "argon2_cffi_bindings-26.1.0-cp315-cp315t-manylinux_2_26_aarch64.manylinux_2_28_aarch64.whl", hash = "sha256:ccaf0a46cbb380f1fd102a874e32aa629fd3cb0c0e94f4943fa1f6d5edc5dac6"},
    {file = "argon2_cffi_bindings-26.1.0-cp315-cp315t-manylinux_2_26_x86_64.manylinux_2_28_x86_64.whl", hash = "sha256:f0c3103fcff20183e593459cfea6e012281c0e76ae3ed8b5565ad1b92eac3990"},
    {file = "argon2_cffi_bindings-26.1.0-cp315-cp315t-manylinux_2_34_riscv64.manylinux_2_39_riscv64.whl", hash = "sha256:c49e853a3bef9dd10329f31f702e7fa9b5c58229ff9c2ff6d069efaf09177c08"},
    {file = "argon2_cffi_bindings-26.1.0-cp315-cp315t-musllinux_1_2_aarch64.whl", hash = "sha256:6376d4b3aca039375ca8bf92f770da0ec424a1ce3a37077a8d3c557411aa56ca"},
    {file = "argon2_cffi_bindings-26.1.0-cp315-cp315t-musllinux_1_2_riscv64.whl", hash = "sha256:9bacedc04b0402837586a17f0919e3dfdd95291f441f1f56bd80ec274c2840a1"},
    {file = "argon2_cffi_bindings-26.1.0-cp315-cp315t-musllinux_1_2_x86_64.whl", hash = "sha256:76ae29acace5d33355344612844d588e19deaaba4639d8bb01601e4b1418ef36"},
    {file = "argon2_cffi_bindings-26.1.0-cp315-cp315t-win32.whl", hash = "sha256:df612391feca41c44d20118f3b88d1b86419465cd1f5496859f715ca60ec2210"},
    {file = "argon2_cffi_bindings-26.1.0-cp315-cp315t-win_amd64.whl", hash = "sha256:1a0a29ed86960e44eaace7e081bdfab4f08b012fd96ec8edba71e2ad020939e4"},
    {file = "argon2_cffi_bindings-26.1.0-cp315-cp315t-win_arm64.whl", hash = "sha256:d157ddfab1e8b21f2f1dedda9c09645d98b5ed0b667b0626be600a345d426440"},
    {file = "argon2_cffi_bindings-26.1.0.tar.gz", hash = "sha256:63505c71542a44b68b1e38060450fb006404170da375feb31af153e7f9c6205d"},
]

[[package]]
name = "asgiref"
version = "3.12.1"
requires_python = ">=3.10"
summary = "ASGI specs, helper code, and adapters"
groups = ["default", "dev", "s3"]
dependencies = [
    "typing-extensions>=4; python_version < \"3.11\"",
]
files = [
    {file = "asgiref-3.12.1-py3-none-any.whl", hash = "sha256:fe386d1c2bff7259ea95929266d12a8cf9a8b5a1c2598402967d8792e7a7c094"},
    {file = "asgiref-3.12.1.tar.gz", hash = "sha256:59dcb51c272ad209d59bed5708a64a333083e86017d7fcdd67498eeab7784340"},
]

[[package]]
name = "boto3"
version = "1.43.108"
requires_python = ">=3.10"
summary = "The AWS SDK for Python (Boto3)"
groups = ["s3"]
dependencies = [
    "botocore<1.44.0,>=1.43.108",
    "jmespath<2.0.0,>=0.7.1",
    "s3transfer<0.20.0,>=0.19.0",
]
files = [
    {file = "boto3-1.43.108-py3-none-any.whl", hash = "sha256:19e9da95ef0c494e27052049a42137550e66730509bb613e76eaa30ddf9a7170"},
    {file = "boto3-1.43.108.tar.gz", hash = "sha256:03341f089158368acf83e921aca98b706095322ca52bc4c039a616940aa5ad41"},
]

[[package]]
name = "botocore"
version = "1.43.108"
requires_python = ">=3.10"
summary = "Low-level, data-driven core of boto 3."
groups = ["s3"]
dependencies = [
    "jmespath<2.0.0,>=0.7.1",
    "python-dateutil<3.0.0,>=2.1",
    "urllib3!=2.2.0,<3,>=1.25.4",
]
files = [
    {file = "botocore-1.43.108-py3-none-any.whl", hash = "sha256:ab9d16c6b4350aaa54ed28202dfa2998b2d735fdbf3247eb60af469d8d48a5b8"},
    {file = "botocore-1.43.108.tar.gz", hash = "sha256:ee4f75cf3bdbb0da7912e089950e8112f692016539d939312c771499958e6cfd"},
]

[[package]]
name = "cffi"
version = "2.1.1"
requires_python = ">=3.10"
summary = "Foreign Function Interface for Python calling C code."
groups = ["default"]
marker = "python_version >= \"3.14\""
dependencies = [
    "pycparser; implementation_name != \"PyPy\"",
]
files = [
    {file = "cffi-2.1.1-cp314-cp314-ios_13_0_arm64_iphoneos.whl", hash = "sha256:7dbb61fe3a7699468030f71bbe5f8a0e326a151daa91beb11a6fc1f980c55e1c"},
    {file = "cffi-2.1.1-cp314-cp314-ios_13_0_arm64_iphonesimulator.whl", hash = "sha256:f24fb43132a4c6b4cb4eb029492919b2db645be6808d738f244fd146c03c32cb"},
    {file = "cffi-2.1.1-cp314-cp314-macosx_10_15_x86_64.whl", hash = "sha256:d28630f5854ab07ab1fd4aba756de52326c82e6be15d414b12793f1975048b54"},
    {file = "cffi-2.1.1-cp314-cp314-macosx_11_0_arm64.whl", hash = "sha256:661c298b4821edebead0c91edd2b00374d67ad7c5a1f7a91d4442633b79d6a72"},
    {file = "cffi-2.1.1-cp314-cp314-manylinux2014_aarch64.manylinux_2_17_aarch64.whl", hash = "sha256:58acb8ab8e295e6c5ea12f888cbb13cf21511ef2a3303a23f4325c29d17fe5c1"},
    {file = "cffi-2.1.1-cp314-cp314-manylinux2014_ppc64le.manylinux_2_17_ppc64le.whl", hash = "sha256:456a61fa52d579ebf9df2e9552ead5129855dbaff6c1e5a9b1bc408809bdc062"},
    {file = "cffi-2.1.1-cp314-cp314-manylinux2014_s390x.manylinux_2_17_s390x.whl", hash = "sha256:a4f00aa42f75d6e4595e8866e748cc1705adc0cddfeb2ca86d0d03993d63ba03"},
    {file = "cffi-2.1.1-cp314-cp314-manylinux2014_x86_64.manylinux_2_17_x86_64.whl", hash = "sha256:b0431303acaea1089ad4b3e9ce4e6518193def1118d4073ca848635ee4ea2e96"},
    {file = "cffi-2.1.1-cp314-cp314-musllinux_1_2_aarch64.whl", hash = "sha256:64faea20f4e2613363a1a9b9c7dd73058f3ecd00133a511e72ad7c511658f527"},
    {file = "cffi-2.1.1-cp314-cp314-musllinux_1_2_x86_64.whl", hash = "sha256:5c58fe613dc5e5336357eff555824a314d8e43282600435c8d1cb6a7a2fedd13"},
    {file = "cffi-2.1.1-cp314-cp314-win32.whl", hash = "sha256:1a18a57b58cfb21fc28d72e876acf10eaed67a1ed96226f92af4df681d571c4c"},
    {file = "cffi-2.1.1-cp314-cp314-win_amd64.whl", hash = "sha256:3222ba5d678f80a030e6afbcc33dc1ae5cb45facabb61cee2c7016b8432fde48"},
    {file = "cffi-2.1.1-cp314-cp314-win_arm64.whl", hash = "sha256:ab36d55f9ed2d067327667c2fea18dda018eb628dd6347aa01dda6cf1f5d3836"},
    {file = "cffi-2.1.1-cp314-cp314t-macosx_10_15_x86_64.whl", hash = "sha256:7750c6449dff7864bb9bb27ddfb0267756189201a3afc911d82b3caacd70dfc3"},
    {file = "cffi-2.1.1-cp314-cp314t-macosx_11_0_arm64.whl", hash = "sha256:0beceaabe56af686895136a2de78db54ecd8e4046b236b8fd6d6cb61389e9bf2"},
    {file = "cffi-2.1.1-cp314-cp314t-manylinux2014_aarch64.manylinux_2_17_aarch64.whl", hash = "sha256:49cbc70e6542d4ccccb936558d1064a8012541e78f821f955cff24e357776c94"},
    {file = "cffi-2.1.1-cp314-cp314t-manylinux2014_ppc64le.manylinux_2_17_ppc64le.whl", hash = "sha256:e2d65b31f36619cda3999b78b2aa9632e76b78448e7a56fc4240824200e7c4fc"},
    {file = "cffi-2.1.1-cp314-cp314t-manylinux2014_s390x.manylinux_2_17_s390x.whl", hash = "sha256:28907ab9bfb6aa13184cfc17c6b8e1023c5ab6fd7076d8c20a35e59fe04f8f29"},
    {file = "cffi-2.1.1-cp314-cp314t-manylinux2014_x86_64.manylinux_2_17_x86_64.whl", hash = "sha256:51b31d1c98274844cfd7838ce00bfc27c7423a4dc00fc0772fc3331c2cc90676"},
    {file = "cffi-2.1.1-cp314-cp314t-musllinux_1_2_aarch64.whl", hash = "sha256:5e7cecbaadb83884793e05828cee59b210b24583b9c7425d0ba6a754fe22eb4e"},
    {file = "cffi-2.1.1-cp314-cp314t-musllinux_1_2_x86_64.whl", hash = "sha256:25792eac27877609e7bb06d42ff88278a6624fff2ba9bbb523c09616b117e80f"},
    {file = "cffi-2.1.1-cp314-cp314t-win32.whl", hash = "sha256:8ef53b2de9bcb9197d31854256575d59dbac0cba72ac627bb291ef5eceb74be4"},
    {file = "cffi-2.1.1-cp314-cp314t-win_amd64.whl", hash = "sha256:616f097f2fe415bc92a247f02e11f634e1f9e9a83d327e3c915c15089c87869e"},
    {file = "cffi-2.1.1-cp314-cp314t-win_arm64.whl", hash = "sha256:ad2c86c495b899d862ea0f4b42891b8713a3bd45dd4105c7fd51c2a72f39f3a5"},
    {file = "cffi-2.1.1-cp315-cp315-ios_13_0_arm64_iphoneos.whl", hash = "sha256:dddad92b554513a31f272570678ba307fb9f618f05e3d4a5eacafff9eae03e1d"},
    {file = "cffi-2.1.1-cp315-cp315-ios_13_0_arm64_iphonesimulator.whl", hash = "sha256:da0e573f9f97159390c89d9f1a9e41908b66d408cc5b58d08cf3847d844c531b"},
    {file = "cffi-2.1.1-cp315-cp315-macosx_10_15_x86_64.whl", hash = "sha256:fb92203a88b3d3053034db775110081c49d28be6551923805e039924093761e4"},
    {file = "cffi-2.1.1-cp315-cp315-macosx_11_0_arm64.whl", hash = "sha256:2ae64be792b8966f2c69538199728b290e34726562896df1e5dc8ffd8d8188e8"},
    {file = "cffi-2.1.1-cp315-cp315-manylinux2014_aarch64.manylinux_2_17_aarch64.whl", hash = "sha256:507a24c282e0f42f8ed737cf048572cbf580468da5555764a8331735e9c736b6"},
    {file = "cffi-2.1.1-cp315-cp315-manylinux2014_ppc64le.manylinux_2_17_ppc64le.whl", hash = "sha256:246fa40ce8645a614ff682e0b70f37134e460eaf93a775e0cbe3cca585a67a80"},
    {file = "cffi-2.1.1-cp315-cp315-manylinux2014_s390x.manylinux_2_17_s390x.whl", hash = "sha256:471cee653ae88de62096552e6d24ccb4a5adb8c8c9f10b5054d0122c15bf2779"},
    {file = "cffi-2.1.1-cp315-cp315-manylinux2014_x86_64.manylinux_2_17_x86_64.whl", hash = "sha256:aeae0e330c9f6acd681f647d46cefd30c29f93e3392882e792e82080c9691399"},
    {file = "cffi-2.1.1-cp315-cp315-musllinux_1_2_aarch64.whl", hash = "sha256:42a494cee34437f05546455144f2b5d9ac09b1face62bcfce597d2e521066688"},
    {file = "cffi-2.1.1-cp315-cp315-musllinux_1_2_x86_64.whl", hash = "sha256:cc572dace3f60ef98d7b12ff411d20f5362feb31a0439eab0085bbfd349982d7"},
    {file = "cffi-2.1.1-cp315-cp315-win32.whl", hash = "sha256:4f42141fc14250de6dde5ee7ea4432be017252d91f19c5ad043c084cea629cac"},
    {file = "cffi-2.1.1-cp315-cp315-win_amd64.whl", hash = "sha256:e6e8cff14d6fb0be70a09c0bdc58096f501952d04624ebf867e0e56da2df8960"},
    {file = "cffi-2.1.1-cp315-cp315-win_arm64.whl", hash = "sha256:27350daa11d4f10c540e6e89dada4c54feb7256ad03e9a4dc075ebad7ba360d1"},
    {file = "cffi-2.1.1-cp315-cp315t-macosx_10_15_x86_64.whl", hash = "sha256:c26608d2222fb1e94487e4a387d85f13eb55d5ed725cb25a0c589ac4ee60e7bc"},
    {file = "cffi-2.1.1-cp315-cp315t-macosx_11_0_arm64.whl", hash = "sha256:4be96343e422f2dfcd12ab5c9f5aebe03f82f737c6bffeca6830b3875cb44aab"},
    {file = "cffi-2.1.1-cp315-cp315t-manylinux2014_aarch64.manylinux_2_17_aarch64.whl", hash = "sha256:937c0052c05a31ca1daf18de3158eed4dbfcb9cc107adbea227728d647be701e"},
    {file = "cffi-2.1.1-cp315-cp315t-manylinux2014_ppc64le.manylinux_2_17_ppc64le.whl", hash = "sha256:df423d40ee8654634421812bc3b196da3f9bd7d32929da813f8394c4348a5358"},
    {file = "cffi-2.1.1-cp315-cp315t-manylinux2014_s390x.manylinux_2_17_s390x.whl", hash = "sha256:a730a083190634c65cca36ba5f489531576ebd79bcd5c8e172130f6453127231"},
    {file = "cffi-2.1.1-cp315-cp315t-manylinux2014_x86_64.manylinux_2_17_x86_64.whl", hash = "sha256:363e05fa78e15116c3c32c210ee36884fd6b9afa6d440e47112c3bd511d64cb6"},
    {file = "cffi-2.1.1-cp315-cp315t-musllinux_1_2_aarch64.whl", hash = "sha256:770de9db11e84213beec501cfcaa013b019820ca881e03344dea5844f7876d94"},
    {file = "cffi-2.1.1-cp315-cp315t-musllinux_1_2_x86_64.whl", hash = "sha256:7da0c5eff80f0197f3b3d1232ec5a682a9325f4ae9016a78f5f5ca35f9ced1f5"},
    {file = "cffi-2.1.1-cp315-cp315t-win32.whl", hash = "sha256:06c72bb76605a4b0cd0aad6930b69d4baf7dd5d806cfc409b824191099700e66"},
    {file = "cffi-2.1.1-cp315-cp315t-win_amd64.whl", hash = "sha256:d9c275eaacd24aa73f94ffd6de08fc3f932424d8b6c376f4bed7cde376fe7bc3"},
    {file = "cffi-2.1.1-cp315-cp315t-win_arm64.whl", hash = "sha256:d18e5ac0f2f03f4f518d3e23db0f0cad7faa1da8620e9c09461d443bbf6e6692"},
    {file = "cffi-2.1.1.tar.gz", hash = "sha256:dd31f52ea1086513bb9df30f8fcee9b8918323ae067a3d5b78bc826a000712be"},
]

[[package]]
name = "colorama"
version = "0.4.6"
requires_python = "!=3.0.*,!=3.1.*,!=3.2.*,!=3.3.*,!=3.4.*,!=3.5.*,!=3.6.*,>=2.7"
summary = "Cross-platform colored terminal text."
groups = ["test"]
marker = "sys_platform == \"win32\""
files = [
    {file = "colorama-0.4.6-py2.py3-none-any.whl", hash = "sha256:4f1d9991f5acc0ca119f9d443620b77f9d6b33703e51011c16baf57afb285fc6"},
    {file = "colorama-0.4.6.tar.gz", hash = "sha256:08695f5cb7ed6e0531a20572697297273c47b8cae5a63ffc6d6ed5c201be6e44"},
]

[[package]]
name = "django"
version = "4.2.30"
requires_python = ">=3.8"
summary = "A high-level Python web framework that encourages rapid development and clean, pragmatic design."
groups = ["default", "dev", "s3"]
dependencies = [
    "asgiref<4,>=3.6.0",
    "backports-zoneinfo; python_version < \"3.9\"",
    "sqlparse>=0.3.1",
    "tzdata; sys_platform == \"win32\"",
]
files = [
    {file = "django-4.2.30-py3-none-any.whl", hash = "sha256:4d07aaf1c62f9984842b67c2874ebbf7056a17be253860299b93ae1881faad65"},
    {file = "django-4.2.30.tar.gz", hash = "sha256:4ebc7a434e3819db6cf4b399fb5b3f536310a30e8486f08b66886840be84b37c"},
]

[[package]]
name = "django-debug-toolbar"
version = "6.3.0"
requires_python = ">=3.10"
summary = "A configurable set of panels that display various debug information about the current request/response."
groups = ["dev"]
dependencies = [
    "django>=4.2.9",
    "sqlparse>=0.2",
]
files = [
    {file = "django_debug_toolbar-6.3.0-py3-none-any.whl", hash = "sha256:a199ce3d0f884739a9096835ad417479fede05f3b3c4824bc8b354721ba8f629"},
    {file = "django_debug_toolbar-6.3.0.tar.gz", hash = "sha256:f830a86fe02e17f625a22cfbed24a5bd1500762e201ec959c50efb0f9327282b"},
]

[[package]]
name = "django-environ"
version = "0.14.0"
requires_python = "<4,>=3.9"
summary = "A package that allows you to utilize 12factor inspired environment variables to configure your Django application."
groups = ["default"]
dependencies = [
    "typing-extensions>=3.10.0; python_version < \"3.10\"",
]
files = [
    {file = "django_environ-0.14.0-py3-none-any.whl", hash = "sha256:8dbe8a57f0a540ab8abd6f54f230de5e99e3a2c9d797cb9caecb037bca3d47d8"},
    {file = "django_environ-0.14.0.tar.gz", hash = "sha256:b6c48d93b9d2ff8a3ea14099e90c35aa4f101c1b4d5f262dfee0d27b06742ed7"},
]

[[package]]
name = "django-storages"
version = "1.14.6"
requires_python = ">=3.7"
summary = "Support for many storage backends in Django"
groups = ["s3"]
dependencies = [
    "Django>=3.2",
]
files = [
    {file = "django_storages-1.14.6-py3-none-any.whl", hash = "sha256:11b7b6200e1cb5ffcd9962bd3673a39c7d6a6109e8096f0e03d46fab3d3aabd9"},
    {file = "django_storages-1.14.6.tar.gz", hash = "sha256:7a25ce8f4214f69ac9c7ce87e2603887f7ae99326c316bc8d2d75375e09341c9"},
]

[[package]]
name = "django-storages"
version = "1.14.6"
extras = ["s3"]
requires_python = ">=3.7"
summary = "Support for many storage backends in Django"
groups = ["s3"]
dependencies = [
    "boto3>=1.4.4",
    "django-storages==1.14.6",
]
files = [
    {file = "django_storages-1.14.6-py3-none-any.whl", hash = "sha256:11b7b6200e1cb5ffcd9962bd3673a39c7d6a6109e8096f0e03d46fab3d3aabd9"},
    {file = "django_storages-1.14.6.tar.gz", hash = "sha256:7a25ce8f4214f69ac9c7ce87e2603887f7ae99326c316bc8d2d75375e09341c9"},
]

[[package]]
name = "django"
version = "4.2.30"
extras = ["argon2"]
requires_python = ">=3.8"
summary = "A high-level Python web framework that encourages rapid development and clean, pragmatic design."
groups = ["default"]
dependencies = [
    "Django==4.2.30",
    "argon2-cffi>=19.1.0",
]
files = [
    {file = "django-4.2.30-py3-none-any.whl", hash = "sha256:4d07aaf1c62f9984842b67c2874ebbf7056a17be253860299b93ae1881faad65"},
    {file = "django-4.2.30.tar.gz", hash = "sha256:4ebc7a434e3819db6cf4b399fb5b3f536310a30e8486f08b66886840be84b37c"},
]

[[package]]
name = "djangorestframework"
version = "3.17.2"
requires_python = ">=3.10"
summary = "Web APIs for Django, made easy."
groups = ["default"]
dependencies = [
    "django>=4.2",
]
files = [
    {file = "djangorestframework-3.17.2-py3-none-any.whl", hash = "sha256:cb0546a7415d5b46c04e0f4fe0a54b2109f4fdd5e83ca773c8c6183a6493d042"},
    {file = "djangorestframework-3.17.2.tar.gz", hash = "sha256:89ed713b6dc83e1539f214b7d10808ae19bb8511004beba886225da6d5c9dafa"},
]

[[package]]
name = "factory-boy"
version = "3.3.3"
requires_python = ">=3.8"
summary = "A versatile test fixtures replacement based on thoughtbot's factory_bot for Ruby."
groups = ["test"]
dependencies = [
    "Faker>=0.7.0",
]
files = [
    {file = "factory_boy-3.3.3-py2.py3-none-any.whl", hash = "sha256:1c39e3289f7e667c4285433f305f8d506efc2fe9c73aaea4151ebd5cdea394fc"},
    {file = "factory_boy-3.3.3.tar.gz", hash = "sha256:866862d226128dfac7f2b4160287e899daf54f2612778327dd03d0e2cb1e3d03"},
]

[[package]]
name = "faker"
version = "40.41.0"
requires_python = ">=3.10"
summary = "Faker is a Python package that generates fake data for you."
groups = ["test"]
dependencies = [
    "tzdata; platform_system == \"Windows\"",
]
files = [
    {file = "faker-40.41.0-py3-none-any.whl", hash = "sha256:35a7f66282990698c20c3e6dd57180900206b760c2f777112c085cc217e7de92"},
    {file = "faker-40.41.0.tar.gz", hash = "sha256:5383e4ebba7061491530ae5952a33dcf8f161a250c89717fa0ac856602dcfaf3"},
]

[[package]]
name = "gunicorn"
version = "26.2.0"
requires_python = ">=3.10"
summary = "WSGI HTTP Server for UNIX"
groups = ["default"]
files = [
    {file = "gunicorn-26.2.0-py3-none-any.whl", hash = "sha256:bd249d0b3f7972f7432f0a6b6ff3b3ee2d129f70cd1ff6c09a9dd9e29a2b88e3"},
    {file = "gunicorn-26.2.0.tar.gz", hash = "sha256:62b864895d9ebff0b2f9867ba04fe811c93121596540830c9c916d0769668447"},
]

[[package]]
name = "iniconfig"
version = "2.3.1"
requires_python = ">=3.10"
summary = "brain-dead simple config-ini parsing"
groups = ["test"]
files = [
    {file = "iniconfig-2.3.1-py3-none-any.whl", hash = "sha256:9121e2c1fdb355232495be3194c8dfe87ccc2d5dee45947b78e68f499790d7a7"},
    {file = "iniconfig-2.3.1.tar.gz", hash = "sha256:67f4b9c50da0dedf52af349e7749a80a9057a5031199791b906c3bb3ae878960"},
]

[[package]]
name = "internal-utils"
version = "0.3.0"
requires_python = ">=3.11"
path = "./libs/internal-utils"
summary = "A company-internal helper library, installed from a local path rather than an index"
groups = ["default"]
dependencies = [
    "python-dateutil>=2.8",
]

[[package]]
name = "jmespath"
version = "1.1.0"
requires_python = ">=3.9"
summary = "JSON Matching Expressions"
groups = ["s3"]
files = [
    {file = "jmespath-1.1.0-py3-none-any.whl", hash = "sha256:a5663118de4908c91729bea0acadca56526eb2698e83de10cd116ae0f4e97c64"},
    {file = "jmespath-1.1.0.tar.gz", hash = "sha256:472c87d80f36026ae83c6ddd0f1d05d4e510134ed462851fd5f754c8c3cbb88d"},
]

[[package]]
name = "packaging"
version = "26.3"
requires_python = ">=3.9"
summary = "Core utilities for Python packages"
groups = ["test"]
files = [
    {file = "packaging-26.3-py3-none-any.whl", hash = "sha256:d7193f7c8e4e93f444fde0262bf90af30e16fa0ad0ad44cb553c87339b23cd1c"},
    {file = "packaging-26.3.tar.gz", hash = "sha256:94edc256424af38762eb31306eed28beb9f0efc50a8837492c9d6fd6004aed79"},
]

[[package]]
name = "pillow"
version = "12.3.0"
requires_python = ">=3.10"
summary = "Python Imaging Library (fork)"
groups = ["default"]
files = [
    {file = "pillow-12.3.0-cp314-cp314-ios_13_0_arm64_iphoneos.whl", hash = "sha256:9cf95fe4d0f84c82d282745d9bb08ad9f926efa00be4697e767b814ce40d4330"},
    {file = "pillow-12.3.0-cp314-cp314-ios_13_0_arm64_iphonesimulator.whl", hash = "sha256:8728f216dcdb6e6d555cf971cb34076139ad74b31fc2c14da4fafc741c5f6217"},
    {file = "pillow-12.3.0-cp314-cp314-ios_13_0_x86_64_iphonesimulator.whl", hash = "sha256:a45650e8ce7fafffd731db8550230db6b0d306d181a90b67d3e6bca2f1990930"},
    {file = "pillow-12.3.0-cp314-cp314-macosx_10_15_x86_64.whl", hash = "sha256:ba54cfebe86920a559a7c4d6b9050791c20513650a1952ebe3368c7dc70306f8"},
    {file = "pillow-12.3.0-cp314-cp314-macosx_11_0_arm64.whl", hash = "sha256:e158cb00350dc278f3b91551101aa7d12415a66ebf2c91d8d5ac14e56ddd3ad0"},
    {file = "pillow-12.3.0-cp314-cp314-manylinux_2_27_aarch64.manylinux_2_28_aarch64.whl", hash = "sha256:e9aeb04d6aef139de265b29683e119b638208f88cf73cdd1658aa07221165321"},
    {file = "pillow-12.3.0-cp314-cp314-manylinux_2_27_x86_64.manylinux_2_28_x86_64.whl", hash = "sha256:251bf95b67017e27b13d82f5b326234ca62d70f9cf4c2b9032de2358a3b12c7b"},
    {file = "pillow-12.3.0-cp314-cp314-musllinux_1_2_aarch64.whl", hash = "sha256:fe3cca2e4e8a592be0f269a1ca4835c25199d9f3ce815c8491048f785b0a0198"},
    {file = "pillow-12.3.0-cp314-cp314-musllinux_1_2_x86_64.whl", hash = "sha256:23aceaa007d6172b02c277f0cd359c79492bbb14f7072b4ede9fbcaf20648130"},
    {file = "pillow-12.3.0-cp314-cp314-win32.whl", hash = "sha256:af8d94b0db561cf68b88a267c5c44b49e134f525d0dc2cb7ed413a66bc23559a"},
    {file = "pillow-12.3.0-cp314-cp314-win_amd64.whl", hash = "sha256:fdafc9cce40277e0f7a0feabce0ee50dd2fa1800f3b38015e51296b5e814048d"},
    {file = "pillow-12.3.0-cp314-cp314-win_arm64.whl", hash = "sha256:e91206ee562682b51b98ef4b26a6ef48fd84e15fd4c4bc5ec768eb641d206838"},
    {file = "pillow-12.3.0-cp314-cp314t-macosx_10_15_x86_64.whl", hash = "sha256:164b31cd1a0490ab6efae01aa5df49da7061be0af1b30e035b6e9a1bfe34ee6e"},
    {file = "pillow-12.3.0-cp314-cp314t-macosx_11_0_arm64.whl", hash = "sha256:5afb51d599ea772b8365ae807ae557f18bccfe46ab261fd1c2a9ed700fc6eb17"},
    {file = "pillow-12.3.0-cp314-cp314t-manylinux_2_27_aarch64.manylinux_2_28_aarch64.whl", hash = "sha256:3edce1d53195db527e0191f84b71d02022de0540bf43a16ed734ed7537b07385"},
    {file = "pillow-12.3.0-cp314-cp314t-manylinux_2_27_x86_64.manylinux_2_28_x86_64.whl", hash = "sha256:bf16ba1b4d0b6b7c8e534936632270cf70eb00dbe09005bc345b2677b726855c"},
    {file = "pillow-12.3.0-cp314-cp314t-musllinux_1_2_aarch64.whl", hash = "sha256:24870b09b224f7ae3c39ed07d10e819d06f8720bc551847b1d623832b5b0e28d"},
    {file = "pillow-12.3.0-cp314-cp314t-musllinux_1_2_x86_64.whl", hash = "sha256:30f2aa603c41533cc25c05acd0da21636e84a315768feb631c937177db558931"},
    {file = "pillow-12.3.0-cp314-cp314t-win32.whl", hash = "sha256:4b0a7fe987b14c31ebda6083f74f22b561fd3739bc0ac51e019622e3d72668c7"},
    {file = "pillow-12.3.0-cp314-cp314t-win_amd64.whl", hash = "sha256:962864dc93511324d51ddbb5b9f8731bf71675b93ca612a07441896f4688fb8c"},
    {file = "pillow-12.3.0-cp314-cp314t-win_arm64.whl", hash = "sha256:0740a512dc522224c77d9aa5a8d70d8b7d73fb91f2c21125d8d025d3b8990e45"},
    {file = "pillow-12.3.0-cp315-cp315-ios_13_0_arm64_iphoneos.whl", hash = "sha256:0feb2e9d6ad6c9e3c06effe9d00f3f1e618a6643273576b016f591e9315a7139"},
    {file = "pillow-12.3.0-cp315-cp315-ios_13_0_arm64_iphonesimulator.whl", hash = "sha256:9e881fca225083806662a5c43d627d215f258ff43c890f831966c7d7ba9c7402"},
    {file = "pillow-12.3.0-cp315-cp315-ios_13_0_x86_64_iphonesimulator.whl", hash = "sha256:4998562bf62a445225f22e07c896bb04b35b1b1f2eb6d760584c9c51d7a5f78c"},
    {file = "pillow-12.3.0-cp315-cp315-macosx_10_15_x86_64.whl", hash = "sha256:dc624f6bc473dacdf7ef7eb8678d0d08edf15cd94fad6ae5c7d6cc67a4e4902f"},
    {file = "pillow-12.3.0-cp315-cp315-macosx_11_0_arm64.whl", hash = "sha256:71d6097b330eea8fd15097780c8e89cb1a8ce7838669f48c5bacd6f663dd4701"},
    {file = "pillow-12.3.0-cp315-cp315-manylinux_2_27_aarch64.manylinux_2_28_aarch64.whl", hash = "sha256:28ce87c5ab450a9dd970b52e5aca5fe63ed432d18a2eaddd1979a00a1ba24ace"},
    {file = "pillow-12.3.0-cp315-cp315-manylinux_2_27_x86_64.manylinux_2_28_x86_64.whl", hash = "sha256:6b02afb9b97f65fbca5f31db6a2a3ba21aa93030225f150fa3f249717e938fb4"},
    {file = "pillow-12.3.0-cp315-cp315-musllinux_1_2_aarch64.whl", hash = "sha256:1182d52bc2d5e5d7d0949503aa7e36d12f42205dc287e4883f407b1988820d39"},
    {file = "pillow-12.3.0-cp315-cp315-musllinux_1_2_x86_64.whl", hash = "sha256:e795b7eb908249c4e43c7c99fac7c2c75dab0c43566e37db472a355f63693d71"},
    {file = "pillow-12.3.0-cp315-cp315-win32.whl", hash = "sha256:57b3d78c95ba9059768b10e28b813002261d3f3dfc55cc48b0c988f625175827"},
    {file = "pillow-12.3.0-cp315-cp315-win_amd64.whl", hash = "sha256:fa4ecea169a355be7a3ade2c783e2ed12f0e40d2c5621cda8b3297faf7fbb9f5"},
    {file = "pillow-12.3.0-cp315-cp315-win_arm64.whl", hash = "sha256:877c3f311ff35410f690861c4409e7ccbf0cd2f878e50628a28e5a0bb689e658"},
    {file = "pillow-12.3.0-cp315-cp315t-macosx_10_15_x86_64.whl", hash = "sha256:e9871b1ffbfa9656b60aeee92ed5136a5742696006fa322b29ea3d8da0ecc9cf"},
    {file = "pillow-12.3.0-cp315-cp315t-macosx_11_0_arm64.whl", hash = "sha256:53aa02d20d10c3d814d536aa4e5ac9b84ca0ff5a88377963b085ad6822f93e64"},
    {file = "pillow-12.3.0-cp315-cp315t-manylinux_2_27_aarch64.manylinux_2_28_aarch64.whl", hash = "sha256:446c34dcc4324b084a53b705127dc15717b22c5e140ae0a3c38349d4efec071e"},
    {file = "pillow-12.3.0-cp315-cp315t-manylinux_2_27_x86_64.manylinux_2_28_x86_64.whl", hash = "sha256:cf1845d02ad822a369a49f2bb9345b1614744267682e7a03527dc3bf6eea1777"},
    {file = "pillow-12.3.0-cp315-cp315t-musllinux_1_2_aarch64.whl", hash = "sha256:186941b6aef820ad110fb01fb06eb925374dc3a21b17e37ec9a53b250c6fe2d1"},
    {file = "pillow-12.3.0-cp315-cp315t-musllinux_1_2_x86_64.whl", hash = "sha256:f13c32a3abd6079a66d9526e18dad9b6d280384d49d7c54040cd57b6424041d9"},
    {file = "pillow-12.3.0-cp315-cp315t-win32.whl", hash = "sha256:1657923d2d45afb66526e5b933e5b3052e6bdea196c90d3abb2424e18c77dae8"},
    {file = "pillow-12.3.0-cp315-cp315t-win_amd64.whl", hash = "sha256:8cd2f7bdda092d99c9fc2fb7391354f306d01443d22785d0cbfafa2e2c8bb418"},
    {file = "pillow-12.3.0-cp315-cp315t-win_arm64.whl", hash = "sha256:06ff022112bc9cbf83b60f8e028d94ad87b60621706487e65f673de61610ab59"},
    {file = "pillow-12.3.0.tar.gz", hash = "sha256:3b8182a766685eaa002637e28b4ec8d6b18819a0c71f579bf0dbaa5830297cce"},
]

[[package]]
name = "pluggy"
version = "1.6.0"
requires_python = ">=3.9"
summary = "plugin and hook calling mechanisms for python"
groups = ["test"]
files = [
    {file = "pluggy-1.6.0-py3-none-any.whl", hash = "sha256:e920276dd6813095e9377c0bc5566d94c932c33b27a3e3945d8389c374dd4746"},
    {file = "pluggy-1.6.0.tar.gz", hash = "sha256:7dcc130b76258d33b90f61b658791dede3486c3e6bfb003ee5c9bfb396dd22f3"},
]

[[package]]
name = "psycopg"
version = "3.3.6"
requires_python = ">=3.10"
summary = "PostgreSQL database adapter for Python"
groups = ["default"]
dependencies = [
    "typing-extensions>=4.6; python_version < \"3.13\"",
    "tzdata; sys_platform == \"win32\"",
]
files = [
    {file = "psycopg-3.3.6-py3-none-any.whl", hash = "sha256:a1db9f7148b06a28606767efaca51fa6f9398c5c0a3810519be69d7000bdb631"},
    {file = "psycopg-3.3.6.tar.gz", hash = "sha256:c081f2250df751a943036e42db6df4571c66cd0aabe8291a7a506512b12007d2"},
]

[[package]]
name = "psycopg-binary"
version = "3.3.6"
requires_python = ">=3.10"
summary = "PostgreSQL database adapter for Python -- C optimisation distribution"
groups = ["default"]
marker = "implementation_name != \"pypy\""
files = [
    {file = "psycopg_binary-3.3.6-cp314-cp314-macosx_10_15_x86_64.whl", hash = "sha256:b3f75dee0f9afafabe4edc52c4842f1e1878ed2069bd05b22d6fe961e97e4dba"},
    {file = "psycopg_binary-3.3.6-cp314-cp314-macosx_11_0_arm64.whl", hash = "sha256:5927b7ba63153cd8e9862987290a2b783a5c590daf2a4ef981700cc3569166d4"},
    {file = "psycopg_binary-3.3.6-cp314-cp314-manylinux2014_ppc64le.manylinux_2_17_ppc64le.whl", hash = "sha256:0bf08b749cc144f33b44a91b78e3f71c60eb07963746a0df5a100b36ce3d7475"},
    {file = "psycopg_binary-3.3.6-cp314-cp314-manylinux2014_x86_64.manylinux_2_17_x86_64.whl", hash = "sha256:31cd942c23f613276b81a6e6598cefa12960058b0f46e1e874b540c793f6aca5"},
    {file = "psycopg_binary-3.3.6-cp314-cp314-manylinux_2_27_aarch64.manylinux_2_28_aarch64.whl", hash = "sha256:4690cf67738f0e0e49a32aeec99bf0e4595cc2b4f1af984a4345394b1dcff91a"},
    {file = "psycopg_binary-3.3.6-cp314-cp314-manylinux_2_38_riscv64.manylinux_2_39_riscv64.whl", hash = "sha256:ad1c785e784cfd87e8436c6b7702f2d321fc39601bbaf29bc63a41a867091638"},
    {file = "psycopg_binary-3.3.6-cp314-cp314-musllinux_1_2_aarch64.whl", hash = "sha256:79a2a1c3449f6c3409427078ed1cec10de79f3023cb5f2504f0597d350ad46c7"},
    {file = "psycopg_binary-3.3.6-cp314-cp314-musllinux_1_2_ppc64le.whl", hash = "sha256:86147cb5d140341c3363fb5bacce31f8d5543902a46699d3c536b101bbceaf9e"},
    {file = "psycopg_binary-3.3.6-cp314-cp314-musllinux_1_2_riscv64.whl", hash = "sha256:7308c93cf0b19bbaf8e6ff0a6ad50d3c442385739245fe15a8d593bf841734a6"},
    {file = "psycopg_binary-3.3.6-cp314-cp314-musllinux_1_2_x86_64.whl", hash = "sha256:05a83ac9fd52b9bca7cb5ab04b3691163170bd16f53defa27216ea3aa07ee781"},
    {file = "psycopg_binary-3.3.6-cp314-cp314-win_amd64.whl", hash = "sha256:1fbd30e537dab22cafdf080608f10148fe2a5f3a61294ddb5113caac8a623840"},
    {file = "psycopg_binary-3.3.6-cp315-cp315-macosx_10_15_x86_64.whl", hash = "sha256:bf8c8481d026b85dd70c5fa7dde85b2333aed0b32a2602bcd38a900cbd78a49c"},
    {file = "psycopg_binary-3.3.6-cp315-cp315-macosx_11_0_arm64.whl", hash = "sha256:b599defe9190b17e9907c8b4d114c181e702c87efcd1b8a0ad40971cdcc4634a"},
    {file = "psycopg_binary-3.3.6-cp315-cp315-manylinux2014_ppc64le.manylinux_2_17_ppc64le.whl", hash = "sha256:b8ece331509f7a975b90501f41e83ad905e4141753fedf3f2711b2bc70a8efbc"},
    {file = "psycopg_binary-3.3.6-cp315-cp315-manylinux2014_x86_64.manylinux_2_17_x86_64.whl", hash = "sha256:c61617eaae0112ca154da87ffb99b73af2c74067acac28dfb9a4455b019dff2e"},
    {file = "psycopg_binary-3.3.6-cp315-cp315-manylinux_2_27_aarch64.manylinux_2_28_aarch64.whl", hash = "sha256:c6d19cb4999d03231e8730a5f66c8f5068bc3b532677eb39dab0f600bff3e312"},
    {file = "psycopg_binary-3.3.6-cp315-cp315-manylinux_2_38_riscv64.manylinux_2_39_riscv64.whl", hash = "sha256:e8cbb54454dbf1bbf2ff08dd7693e8d94ac94b1a20f70f4b3b813d52ecb5cbc1"},
    {file = "psycopg_binary-3.3.6-cp315-cp315-musllinux_1_2_aarch64.whl", hash = "sha256:dc75da5a20951049f7b773145f998f69d181adad9c58a0ff36e0cf1d73c10e10"},
    {file = "psycopg_binary-3.3.6-cp315-cp315-musllinux_1_2_ppc64le.whl", hash = "sha256:955e3dd94da361e052d2e49acf591017158dc8f8ed2c8a42c2e3943403c39dc2"},
    {file = "psycopg_binary-3.3.6-cp315-cp315-musllinux_1_2_riscv64.whl", hash = "sha256:c7753871eb57e6a5f4646f6168590c6653073dea5e9e720b201c8875332df4c8"},
    {file = "psycopg_binary-3.3.6-cp315-cp315-musllinux_1_2_x86_64.whl", hash = "sha256:303732e798fe6729f8e12021b9c96107df8e95ecec4dd487c67b98ec2a59435e"},
    {file = "psycopg_binary-3.3.6-cp315-cp315-win_amd64.whl", hash = "sha256:2f122603f36050937982abf9668d8bc4769a79f7c93a65013b1c49f1cab7b56b"},
]

[[package]]
name = "psycopg"
version = "3.3.6"
extras = ["binary"]
requires_python = ">=3.10"
summary = "PostgreSQL database adapter for Python"
groups = ["default"]
dependencies = [
    "psycopg-binary==3.3.6; implementation_name != \"pypy\"",
    "psycopg==3.3.6",
]
files = [
    {file = "psycopg-3.3.6-py3-none-any.whl", hash = "sha256:a1db9f7148b06a28606767efaca51fa6f9398c5c0a3810519be69d7000bdb631"},
    {file = "psycopg-3.3.6.tar.gz", hash = "sha256:c081f2250df751a943036e42db6df4571c66cd0aabe8291a7a506512b12007d2"},
]

[[package]]
name = "pycparser"
version = "3.0"
requires_python = ">=3.10"
summary = "C parser in Python"
groups = ["default"]
marker = "implementation_name != \"PyPy\" and python_version >= \"3.14\""
files = [
    {file = "pycparser-3.0-py3-none-any.whl", hash = "sha256:b727414169a36b7d524c1c3e31839a521725078d7b2ff038656844266160a992"},
    {file = "pycparser-3.0.tar.gz", hash = "sha256:600f49d217304a5902ac3c37e1281c9fe94e4d0489de643a9504c5cdfdfc6b29"},
]

[[package]]
name = "pygments"
version = "2.21.0"
requires_python = ">=3.9"
summary = "Pygments is a syntax highlighting package written in Python."
groups = ["test"]
files = [
    {file = "pygments-2.21.0-py3-none-any.whl", hash = "sha256:2363c69b61c4a97c838da3b130dcd6468f4848992b21a82f2a63ec34377137d9"},
    {file = "pygments-2.21.0.tar.gz", hash = "sha256:610ca751c9bc2492b38eb9a38a7fbc93edbbb2d7182edaf34e66ae493dee5c8c"},
]

[[package]]
name = "pytest"
version = "9.1.1"
requires_python = ">=3.10"
summary = "pytest: simple powerful testing with Python"
groups = ["test"]
dependencies = [
    "colorama>=0.4; sys_platform == \"win32\"",
    "exceptiongroup>=1; python_version < \"3.11\"",
    "iniconfig>=1.0.1",
    "packaging>=22",
    "pluggy<2,>=1.5",
    "pygments>=2.7.2",
    "tomli>=1; python_version < \"3.11\"",
]
files = [
    {file = "pytest-9.1.1-py3-none-any.whl", hash = "sha256:37a86b45efb9a47a61a36449063e8e18d0cab3161329fc099eb21783169c4f0c"},
    {file = "pytest-9.1.1.tar.gz", hash = "sha256:1088fbde8f2b49d95a549a195707afa7a76a3ce9bcadc26b6d71f0ffda5fe313"},
]

[[package]]
name = "pytest-django"
version = "4.14.0"
requires_python = ">=3.10"
summary = "A Django plugin for pytest."
groups = ["test"]
dependencies = [
    "pytest>=7.0.0",
]
files = [
    {file = "pytest_django-4.14.0-py3-none-any.whl", hash = "sha256:c533b08d89cc675efcd5398eea270b34547e35f9a3608e2c9748dd88428ea187"},
    {file = "pytest_django-4.14.0.tar.gz", hash = "sha256:26787dd3f422cfbab8f55b80a776e2edea7a11092cb74e960bef1312515708ef"},
]

[[package]]
name = "python-dateutil"
version = "2.9.0.post0"
requires_python = "!=3.0.*,!=3.1.*,!=3.2.*,>=2.7"
summary = "Extensions to the standard Python datetime module"
groups = ["default", "s3"]
dependencies = [
    "six>=1.5",
]
files = [
    {file = "python-dateutil-2.9.0.post0.tar.gz", hash = "sha256:37dd54208da7e1cd875388217d5e00ebd4179249f90fb72437e91a35459a0ad3"},
    {file = "python_dateutil-2.9.0.post0-py2.py3-none-any.whl", hash = "sha256:a8b2bc7bffae282281c8140a97d3aa9c14da0b136dfe83f850eea9a5f7470427"},
]

[[package]]
name = "s3transfer"
version = "0.19.2"
requires_python = ">=3.10"
summary = "An Amazon S3 Transfer Manager"
groups = ["s3"]
dependencies = [
    "botocore<2.0a.0,>=1.37.4",
]
files = [
    {file = "s3transfer-0.19.2-py3-none-any.whl", hash = "sha256:d8168eccca828cbb2cd573675333f3bddd254313a9c42494b84c76b539e8ba25"},
    {file = "s3transfer-0.19.2.tar.gz", hash = "sha256:ba0309fd86be3c27dbf78cdd813c13c5e1df16e5874b99d2535ebbdfb9892993"},
]

[[package]]
name = "six"
version = "1.17.0"
requires_python = "!=3.0.*,!=3.1.*,!=3.2.*,>=2.7"
summary = "Python 2 and 3 compatibility utilities"
groups = ["default", "s3"]
files = [
    {file = "six-1.17.0-py2.py3-none-any.whl", hash = "sha256:4721f391ed90541fddacab5acf947aa0d3dc7d27b2e1e8eda2be8970586c3274"},
    {file = "six-1.17.0.tar.gz", hash = "sha256:ff70335d468e7eb6ec65b95b99d3a2836546063f63acc5171de367e834932a81"},
]

[[package]]
name = "sqlparse"
version = "0.6.0"
requires_python = ">=3.10"
summary = "A non-validating SQL parser."
groups = ["default", "dev", "s3"]
files = [
    {file = "sqlparse-0.6.0-py3-none-any.whl", hash = "sha256:b861c0288ce2fa56209a9a6412d2e066ac664b3873b89c26c9d8415e8e32996f"},
    {file = "sqlparse-0.6.0.tar.gz", hash = "sha256:113c35c75365ab9cc9c7231d68c6428fb11c085fc8e9eb1ad659b7ddbf6cd2b9"},
]

[[package]]
name = "tzdata"
version = "2026.5"
requires_python = ">=2"
summary = "Provider of IANA time zone data"
groups = ["default", "dev", "s3", "test"]
marker = "sys_platform == \"win32\" or platform_system == \"Windows\""
files = [
    {file = "tzdata-2026.5-py2.py3-none-any.whl", hash = "sha256:b683bd1b6659ddcd810ff02ad09ba821d4bf1065072805063eb35c49617905ac"},
    {file = "tzdata-2026.5.tar.gz", hash = "sha256:8cc73c0a0bfca7dbfa59235d60b2eff82231dee33f53d206db1acd9173cfc0a7"},
]

[[package]]
name = "urllib3"
version = "2.8.0"
requires_python = ">=3.10"
summary = "HTTP library with thread-safe connection pooling, file post, and more."
groups = ["s3"]
files = [
    {file = "urllib3-2.8.0-py3-none-any.whl", hash = "sha256:0cf3cae568d36aa9576b28dfb35f11328f1cb974ca7647d9475ebb86c75ac6e3"},
    {file = "urllib3-2.8.0.tar.gz", hash = "sha256:63bf2ead4c879426ebf22ef2a781eeb4aa3b4ae798a0435506f8687fd5bb9b63"},
]
