# This lock file was generated by conda-lock (https://github.com/conda/conda-lock). DO NOT EDIT!
#
# A "lock file" contains a concrete list of package versions (with checksums) to be installed. Unlike
# e.g. `conda env create`, the resulting environment will not change as new package versions become
# available, unless you explicitly update the lock file.
#
# Install this environment as "YOURENV" with:
#     conda-lock install -n YOURENV conda-lock.yml
# To update a single package to the latest version compatible with the version constraints in the source:
#     conda-lock lock  --lockfile conda-lock.yml --update PACKAGE
# To re-solve the entire environment, e.g. after changing a version constraint in the source file:
#     conda-lock -f environment.yml --lockfile conda-lock.yml
version: 1
metadata:
  content_hash:
    linux-64: 5bb17a68defa6053614c3837eaeab1fcebfc085636b0f21efdf2c3cdb6cdef8f
    osx-arm64: 0ffac2ed938ad31390f15ff2111dee0e3b97ad5ac220e38c71ec40912d2b369f
  channels:
  - url: conda-forge
    used_env_vars: []
  platforms:
  - linux-64
  - osx-arm64
  sources:
  - environment.yml
package:
- name: _openmp_mutex
  version: '4.5'
  manager: conda
  platform: linux-64
  dependencies:
    __glibc: '>=2.17,<3.0.a0'
    libgomp: '>=7.5.0'
  url: https://conda.anaconda.org/conda-forge/linux-64/_openmp_mutex-4.5-20_gnu.conda
  hash:
    md5: a9f577daf3de00bca7c3c76c0ecbd1de
    sha256: 1dd3fffd892081df9726d7eb7e0dea6198962ba775bd88842135a4ddb4deb3c9
  category: main
  optional: false
- name: _python_abi3_support
  version: '1.0'
  manager: conda
  platform: linux-64
  dependencies:
    cpython: ''
    python-gil: ''
  url: https://conda.anaconda.org/conda-forge/noarch/_python_abi3_support-1.0-hd8ed1ab_3.conda
  hash:
    md5: 3845f3d75991bae0fb90884662f4327c
    sha256: 2a7204314663eeda5dec482a956f0e2eaf289bd5b9953eaaaad0e81aa64638f2
  category: main
  optional: false
- name: backports.zstd
  version: 1.7.0
  manager: conda
  platform: linux-64
  dependencies:
    __glibc: '>=2.17,<3.0.a0'
    libgcc: '>=15'
    python: ''
    python_abi: 3.12.*
    zstd: '>=1.5.7,<1.6.0a0'
  url: https://conda.anaconda.org/conda-forge/linux-64/backports.zstd-1.7.0-py312h3f22e6b_1.conda
  hash:
    md5: b0e9b44b494bb001c4d35b206022eba2
    sha256: b377a4f053c4e184b031253c702984194d10c98228004d7cf07c1eca86247d62
  category: main
  optional: false
- name: backports.zstd
  version: 1.7.0
  manager: conda
  platform: osx-arm64
  dependencies:
    __osx: '>=11.0'
    python: ''
    python_abi: 3.12.*
    zstd: '>=1.5.7,<1.6.0a0'
  url: https://conda.anaconda.org/conda-forge/osx-arm64/backports.zstd-1.7.0-py312h1a36842_1.conda
  hash:
    md5: 4f0bd292b5aeab40ebcb3aae5afdf1a8
    sha256: e536de599d43ac1b706d59a1d6a298d1cb60b452ed5b9403a0a8fa2506f1a2be
  category: main
  optional: false
- name: brotli-python
  version: 1.2.0
  manager: conda
  platform: linux-64
  dependencies:
    __glibc: '>=2.17,<3.0.a0'
    libgcc: '>=15'
    libstdcxx: '>=15'
    python: '>=3.12,<3.13.0a0'
    python_abi: 3.12.*
  url: https://conda.anaconda.org/conda-forge/linux-64/brotli-python-1.2.0-py312he9c40d5_4.conda
  hash:
    md5: edb667e7ce56106424e8afab2dc0f0cb
    sha256: 6e4f440a7015d7d78120b3a3f90a4ec3d7bb6de7bc65458123c52433755db5f0
  category: main
  optional: false
- name: brotli-python
  version: 1.2.0
  manager: conda
  platform: osx-arm64
  dependencies:
    __osx: '>=11.0'
    libcxx: '>=21'
    python: '>=3.12,<3.13.0a0'
    python_abi: 3.12.*
  url: https://conda.anaconda.org/conda-forge/osx-arm64/brotli-python-1.2.0-py312ha52686f_4.conda
  hash:
    md5: a99e0c53fc3932defa0c89757c14b8ce
    sha256: 983892ff7ade7e3103942524297bf4547a33af70dc0e50ecabca2e5e212406db
  category: main
  optional: false
- name: bzip2
  version: 1.0.8
  manager: conda
  platform: linux-64
  dependencies:
    __glibc: '>=2.17,<3.0.a0'
    libgcc: '>=14'
  url: https://conda.anaconda.org/conda-forge/linux-64/bzip2-1.0.8-hda65f42_10.conda
  hash:
    md5: e675fabcf81499adc7edf58124fb1e01
    sha256: 1a0d382c515ebf55f8ee1f38c8b81bc95af5c2acc42ad53b66bc5df932032f96
  category: main
  optional: false
- name: bzip2
  version: 1.0.8
  manager: conda
  platform: osx-arm64
  dependencies:
    __osx: '>=11.0'
  url: https://conda.anaconda.org/conda-forge/osx-arm64/bzip2-1.0.8-h4e30115_10.conda
  hash:
    md5: b50612e7d190b8061ab4e7dc119cf4d5
    sha256: 8ec22f0ba25cbfc2e64d70cf29459eccd7ffdf6436f6a6ff15bbfef799f7d4f6
  category: main
  optional: false
- name: ca-certificates
  version: 2026.7.22
  manager: conda
  platform: linux-64
  dependencies:
    __unix: ''
  url: https://conda.anaconda.org/conda-forge/noarch/ca-certificates-2026.7.22-hbd8a1cb_0.conda
  hash:
    md5: 0f51e2391ade309db462a55611263e9c
    sha256: 0a0544cf95f64394fe4959286f5c71f5444ad58feb0602e53becb27448d24da6
  category: main
  optional: false
- name: ca-certificates
  version: 2026.7.22
  manager: conda
  platform: osx-arm64
  dependencies:
    __unix: ''
  url: https://conda.anaconda.org/conda-forge/noarch/ca-certificates-2026.7.22-hbd8a1cb_0.conda
  hash:
    md5: 0f51e2391ade309db462a55611263e9c
    sha256: 0a0544cf95f64394fe4959286f5c71f5444ad58feb0602e53becb27448d24da6
  category: main
  optional: false
- name: certifi
  version: 2026.7.22
  manager: conda
  platform: linux-64
  dependencies:
    python: '>=3.10'
  url: https://conda.anaconda.org/conda-forge/noarch/certifi-2026.7.22-pyhd8ed1ab_0.conda
  hash:
    md5: 37e13edbe3b48f1095a9d085ef9cd83b
    sha256: fb167de4388e64e52aa3907ed099afab944c1fa6e5f74b281a312dae1bcf7f3b
  category: main
  optional: false
- name: certifi
  version: 2026.7.22
  manager: conda
  platform: osx-arm64
  dependencies:
    python: '>=3.10'
  url: https://conda.anaconda.org/conda-forge/noarch/certifi-2026.7.22-pyhd8ed1ab_0.conda
  hash:
    md5: 37e13edbe3b48f1095a9d085ef9cd83b
    sha256: fb167de4388e64e52aa3907ed099afab944c1fa6e5f74b281a312dae1bcf7f3b
  category: main
  optional: false
- name: charset-normalizer
  version: 3.5.2
  manager: conda
  platform: linux-64
  dependencies:
    __glibc: '>=2.17,<3.0.a0'
    _python_abi3_support: 1.*
    cpython: '>=3.9'
    libgcc: '>=15'
    python: ''
  url: https://conda.anaconda.org/conda-forge/linux-64/charset-normalizer-3.5.2-h1114479_0.conda
  hash:
    md5: 78d5c6112c9320a1a797935cecfec7c2
    sha256: e4f04b45d68716fcc47c808aeacbf165f6f295fb91bd20b91aa38942b8d2cdc6
  category: main
  optional: false
- name: charset-normalizer
  version: 3.5.1
  manager: conda
  platform: osx-arm64
  dependencies:
    python: '>=3.10'
  url: https://conda.anaconda.org/conda-forge/noarch/charset-normalizer-3.5.1-pyhd8ed1ab_0.conda
  hash:
    md5: e0ac3accc64e23e40969d660e5f58ac8
    sha256: cb60ef3e0631c8bacb4f7057196dee4496091a22baa3bb4b9bccb12c7e1c921b
  category: main
  optional: false
- name: cpython
  version: 3.12.15
  manager: conda
  platform: linux-64
  dependencies:
    python: '>=3.12,<3.13.0a0'
    python_abi: '*'
  url: https://conda.anaconda.org/conda-forge/noarch/cpython-3.12.15-py312hd8ed1ab_1.conda
  hash:
    md5: ffbe1672425828910121d8af18a275fa
    sha256: b28acae0036186d119498434df780a0d8f20e1919317215c364d596a90c38fdd
  category: main
  optional: false
- name: h2
  version: 4.4.1
  manager: conda
  platform: linux-64
  dependencies:
    hpack: '>=4.2,<5'
    hyperframe: '>=6.1,<7'
    python: ''
  url: https://conda.anaconda.org/conda-forge/noarch/h2-4.4.1-pyhcf101f3_0.conda
  hash:
    md5: e652ac7756069c456d0da2a922cd7df5
    sha256: 307dd6ec90140c3cf4171071b0e5e870abec314f4565c1edd5bc433e942cdcc0
  category: main
  optional: false
- name: h2
  version: 4.4.1
  manager: conda
  platform: osx-arm64
  dependencies:
    hpack: '>=4.2,<5'
    hyperframe: '>=6.1,<7'
    python: ''
  url: https://conda.anaconda.org/conda-forge/noarch/h2-4.4.1-pyhcf101f3_0.conda
  hash:
    md5: e652ac7756069c456d0da2a922cd7df5
    sha256: 307dd6ec90140c3cf4171071b0e5e870abec314f4565c1edd5bc433e942cdcc0
  category: main
  optional: false
- name: hpack
  version: 4.2.0
  manager: conda
  platform: linux-64
  dependencies:
    python: '>=3.10'
  url: https://conda.anaconda.org/conda-forge/noarch/hpack-4.2.0-pyhd8ed1ab_0.conda
  hash:
    md5: b395909221b9bd1df066e5930e18855b
    sha256: fdcea5d7cb314485d3907192ef024c704311548c5b0cbeb390cd1951051e29d2
  category: main
  optional: false
- name: hpack
  version: 4.2.0
  manager: conda
  platform: osx-arm64
  dependencies:
    python: '>=3.10'
  url: https://conda.anaconda.org/conda-forge/noarch/hpack-4.2.0-pyhd8ed1ab_0.conda
  hash:
    md5: b395909221b9bd1df066e5930e18855b
    sha256: fdcea5d7cb314485d3907192ef024c704311548c5b0cbeb390cd1951051e29d2
  category: main
  optional: false
- name: hyperframe
  version: 6.1.0
  manager: conda
  platform: linux-64
  dependencies:
    python: '>=3.9'
  url: https://conda.anaconda.org/conda-forge/noarch/hyperframe-6.1.0-pyhd8ed1ab_0.conda
  hash:
    md5: 8e6923fc12f1fe8f8c4e5c9f343256ac
    sha256: 77af6f5fe8b62ca07d09ac60127a30d9069fdc3c68d6b256754d0ffb1f7779f8
  category: main
  optional: false
- name: hyperframe
  version: 6.1.0
  manager: conda
  platform: osx-arm64
  dependencies:
    python: '>=3.9'
  url: https://conda.anaconda.org/conda-forge/noarch/hyperframe-6.1.0-pyhd8ed1ab_0.conda
  hash:
    md5: 8e6923fc12f1fe8f8c4e5c9f343256ac
    sha256: 77af6f5fe8b62ca07d09ac60127a30d9069fdc3c68d6b256754d0ffb1f7779f8
  category: main
  optional: false
- name: idna
  version: '3.20'
  manager: conda
  platform: linux-64
  dependencies:
    python: ''
  url: https://conda.anaconda.org/conda-forge/noarch/idna-3.20-pyh5ded981_0.conda
  hash:
    md5: ee73be987f9de9ea5c2fdaeefa7b6491
    sha256: e044b1ec829e2e24f971fa3f3408eb26f1db836e521a58f08b0fd9a03fee47be
  category: main
  optional: false
- name: idna
  version: '3.20'
  manager: conda
  platform: osx-arm64
  dependencies:
    python: ''
  url: https://conda.anaconda.org/conda-forge/noarch/idna-3.20-pyh5ded981_0.conda
  hash:
    md5: ee73be987f9de9ea5c2fdaeefa7b6491
    sha256: e044b1ec829e2e24f971fa3f3408eb26f1db836e521a58f08b0fd9a03fee47be
  category: main
  optional: false
- name: ld_impl_linux-64
  version: 2.46.1
  manager: conda
  platform: linux-64
  dependencies:
    __glibc: '>=2.17,<3.0.a0'
    zstd: '>=1.5.7,<1.6.0a0'
  url: https://conda.anaconda.org/conda-forge/linux-64/ld_impl_linux-64-2.46.1-default_hbd61a6d_102.conda
  hash:
    md5: 449500f2c089da11c40f5c21312e3e07
    sha256: 27d83f1188cd19bcb7754a078b3fa7f4cfb8527f8eb2fde54dd01fc529d1adec
  category: main
  optional: false
- name: libcxx
  version: 23.1.3
  manager: conda
  platform: osx-arm64
  dependencies:
    __osx: '>=11.0'
  url: https://conda.anaconda.org/conda-forge/osx-arm64/libcxx-23.1.3-h55c6f16_0.conda
  hash:
    md5: 424521e52e65ef7f6cf957c4966e6386
    sha256: 2d9d31172d7919bd276a8d1be338de567dd5afdd181e8d3d3d8c2d8695e09de2
  category: main
  optional: false
- name: libexpat
  version: 2.8.5
  manager: conda
  platform: linux-64
  dependencies:
    __glibc: '>=2.17,<3.0.a0'
    libgcc: '>=15'
  url: https://conda.anaconda.org/conda-forge/linux-64/libexpat-2.8.5-hd2095e1_0.conda
  hash:
    md5: 72cfd2b95b0540247220b42f58a148d7
    sha256: 6de73033a7c5f712c9c5a54124e4581e025691029835e5bceaf10a333a7e7bc0
  category: main
  optional: false
- name: libexpat
  version: 2.8.5
  manager: conda
  platform: osx-arm64
  dependencies:
    __osx: '>=11.0'
  url: https://conda.anaconda.org/conda-forge/osx-arm64/libexpat-2.8.5-h6111c0a_0.conda
  hash:
    md5: 5383c550b785bdaafcc4eaf638071a7c
    sha256: 50aa761b83fc7a116ca88fe0cb4cefce5abababb10a926bf8afbafd5c298d102
  category: main
  optional: false
- name: libffi
  version: 3.7.0
  manager: conda
  platform: linux-64
  dependencies:
    __glibc: '>=2.17,<3.0.a0'
    libgcc: '>=15'
  url: https://conda.anaconda.org/conda-forge/linux-64/libffi-3.7.0-h81df57d_1.conda
  hash:
    md5: 6525a0b06aa4fd390795f0740636a9dd
    sha256: c8c7583ef063bc3c430f1d48298e5ad24f796a35c22ed5b14183325825a61106
  category: main
  optional: false
- name: libffi
  version: 3.7.0
  manager: conda
  platform: osx-arm64
  dependencies:
    __osx: '>=11.0'
  url: https://conda.anaconda.org/conda-forge/osx-arm64/libffi-3.7.0-h47dc5ef_1.conda
  hash:
    md5: 216bbcc23c11e9695b3db4a8771d76eb
    sha256: 2783389a7b9dda04c62cc54c6bbeb03dd3cef24b3fc642715d02a3fa19464a9a
  category: main
  optional: false
- name: libgcc
  version: 16.2.0
  manager: conda
  platform: linux-64
  dependencies:
    __glibc: '>=2.17,<3.0.a0'
    _openmp_mutex: '>=4.5'
  url: https://conda.anaconda.org/conda-forge/linux-64/libgcc-16.2.0-ha9f2e26_7.conda
  hash:
    md5: 735629b400b70eeab21a2ba8f5b1c2ce
    sha256: e031634c3a928f9594eba868bc46ef5230d6571a364a0c63215b06c4563bfcea
  category: main
  optional: false
- name: libgomp
  version: 16.2.0
  manager: conda
  platform: linux-64
  dependencies:
    __glibc: '>=2.17,<3.0.a0'
  url: https://conda.anaconda.org/conda-forge/linux-64/libgomp-16.2.0-he0feb66_7.conda
  hash:
    md5: d904c7ddd95e026254b4b80808ee9e12
    sha256: 92a0bb350c7be6a4eedcb4e111c60aefd176018e6b1c009a6e025dbe9bbcd758
  category: main
  optional: false
- name: liblzma
  version: 5.8.3
  manager: conda
  platform: linux-64
  dependencies:
    __glibc: '>=2.17,<3.0.a0'
    libgcc: '>=14'
  url: https://conda.anaconda.org/conda-forge/linux-64/liblzma-5.8.3-hb03c661_1.conda
  hash:
    md5: 1390b7c5ac0b1d8e447bc5efa6d3c8c2
    sha256: 9787df8c22a59c9a70d3e5a10db9ad663485e75e9ccc3f09bd092cb7b95e0dab
  category: main
  optional: false
- name: liblzma
  version: 5.8.3
  manager: conda
  platform: osx-arm64
  dependencies:
    __osx: '>=11.0'
  url: https://conda.anaconda.org/conda-forge/osx-arm64/liblzma-5.8.3-h8088a28_1.conda
  hash:
    md5: 8ab10323068b107661a4b9a4af84f3b5
    sha256: 23d0630046a3e8b164d8f80f2b74ed2605af2e7050ab9913018056402fae4311
  category: main
  optional: false
- name: libnsl
  version: 2.0.1
  manager: conda
  platform: linux-64
  dependencies:
    __glibc: '>=2.17,<3.0.a0'
    libgcc: '>=13'
  url: https://conda.anaconda.org/conda-forge/linux-64/libnsl-2.0.1-hb9d3cd8_1.conda
  hash:
    md5: d864d34357c3b65a4b731f78c0801dc4
    sha256: 927fe72b054277cde6cb82597d0fcf6baf127dcbce2e0a9d8925a68f1265eef5
  category: main
  optional: false
- name: libpython
  version: 3.12.15
  manager: conda
  platform: linux-64
  dependencies:
    __glibc: '>=2.17,<3.0.a0'
    libgcc: '>=15'
    libstdcxx: '>=15'
  url: https://conda.anaconda.org/conda-forge/linux-64/libpython-3.12.15-h0c77377_1_cpython.conda
  hash:
    md5: 3e3a9aa4380cafbbf84a039e92057ff2
    sha256: cb4b8b72ce624be8b31f190da8129bcbb99a8f95ac7d9784a77af7277903afc0
  category: main
  optional: false
- name: libpython
  version: 3.12.15
  manager: conda
  platform: osx-arm64
  dependencies:
    __osx: '>=11.0'
    libcxx: '>=21'
  url: https://conda.anaconda.org/conda-forge/osx-arm64/libpython-3.12.15-h4e5ec87_1_cpython.conda
  hash:
    md5: 412644ae6ec500a18ac4315e35065741
    sha256: 9bdeed7edb82bb72762f16cb49453a001a9aa33f678e542393e156177c388e96
  category: main
  optional: false
- name: libsqlite
  version: 3.53.4
  manager: conda
  platform: linux-64
  dependencies:
    __glibc: '>=2.17,<3.0.a0'
    libgcc: '>=15'
    libzlib: '>=1.3.2,<2.0a0'
  url: https://conda.anaconda.org/conda-forge/linux-64/libsqlite-3.53.4-h0737f62_103.conda
  hash:
    md5: cc1ad2520049c35344239454a17560ac
    sha256: 66f4831f4ee3055f0ffe94e01901198cf3601e2c1b4f6b51d05c3f2d8557ce1d
  category: main
  optional: false
- name: libsqlite
  version: 3.53.4
  manager: conda
  platform: osx-arm64
  dependencies:
    __osx: '>=11.0'
    libzlib: '>=1.3.2,<2.0a0'
  url: https://conda.anaconda.org/conda-forge/osx-arm64/libsqlite-3.53.4-h34a968b_103.conda
  hash:
    md5: 68c3a50b8a8abfcc926f2d7e12d1fef5
    sha256: b7c1d5a15d21948eec177a00e90801ad0d1c35e552404da9fbf0d657421aa0dd
  category: main
  optional: false
- name: libstdcxx
  version: 16.2.0
  manager: conda
  platform: linux-64
  dependencies:
    __glibc: '>=2.17,<3.0.a0'
    libgcc: 16.2.0
  url: https://conda.anaconda.org/conda-forge/linux-64/libstdcxx-16.2.0-h934c35e_7.conda
  hash:
    md5: 9b6707e0caca917fa6ea9ee473f37a5d
    sha256: fa7018298629fc429971fffd6ecba3d27a7b02e4e890d6a93ea01ffebe8cb745
  category: main
  optional: false
- name: libuuid
  version: 2.42.4
  manager: conda
  platform: linux-64
  dependencies:
    __glibc: '>=2.17,<3.0.a0'
    libgcc: '>=15'
  url: https://conda.anaconda.org/conda-forge/linux-64/libuuid-2.42.4-hcfc3c73_0.conda
  hash:
    md5: 54a948337e66706380ff24d6b5fde63f
    sha256: f34b8d1de9a2bf62476d8608057d9b8a918d97444236dc53a47128f2fae79041
  category: main
  optional: false
- name: libxcrypt
  version: 4.4.38
  manager: conda
  platform: linux-64
  dependencies:
    __glibc: '>=2.17,<3.0.a0'
    libgcc: '>=14'
  url: https://conda.anaconda.org/conda-forge/linux-64/libxcrypt-4.4.38-h280c20c_0.conda
  hash:
    md5: f7a7ff5a6ab331e037abd34f379a631d
    sha256: f7e9292dd219a6435bbb1223da9586c3e70d66d169c5a92f08db3f2127df04e9
  category: main
  optional: false
- name: libzlib
  version: 1.3.2
  manager: conda
  platform: linux-64
  dependencies:
    __glibc: '>=2.17,<3.0.a0'
  url: https://conda.anaconda.org/conda-forge/linux-64/libzlib-1.3.2-h25fd6f3_3.conda
  hash:
    md5: 0de0122d9570a8ab637c6b73db268389
    sha256: eb8a0db0aa570124f7d2a93d7c7f596e3390df5e047818d873baad32985fc736
  category: main
  optional: false
- name: libzlib
  version: 1.3.2
  manager: conda
  platform: osx-arm64
  dependencies:
    __osx: '>=11.0'
  url: https://conda.anaconda.org/conda-forge/osx-arm64/libzlib-1.3.2-h8088a28_3.conda
  hash:
    md5: f39288f0ea63ae962e1a2e4f355a0d75
    sha256: a18fa5d5bac452401459f966cf0d872224e8080c4ff93c77e168d43ab42ef9d7
  category: main
  optional: false
- name: ncurses
  version: '6.6'
  manager: conda
  platform: linux-64
  dependencies:
    __glibc: '>=2.17,<3.0.a0'
    libgcc: '>=14'
  url: https://conda.anaconda.org/conda-forge/linux-64/ncurses-6.6-hdb14827_1.conda
  hash:
    md5: ee6c0cd80a60961a1f48aa3e0b91f986
    sha256: 5d46557214ed184381dafe835b7c94a474a1c3b307a08a250b1ea4779b44ffb3
  category: main
  optional: false
- name: ncurses
  version: '6.6'
  manager: conda
  platform: osx-arm64
  dependencies:
    __osx: '>=11.0'
  url: https://conda.anaconda.org/conda-forge/osx-arm64/ncurses-6.6-he64c551_1.conda
  hash:
    md5: 3dfa0d0316dc246cd44937a557de4501
    sha256: 7024a48c8c0d0114ed4ab53c76bf9275d50e91ba7cea367a9aead638d3c29c68
  category: main
  optional: false
- name: openssl
  version: 3.6.5
  manager: conda
  platform: linux-64
  dependencies:
    __glibc: '>=2.17,<3.0.a0'
    ca-certificates: ''
    libgcc: '>=15'
  url: https://conda.anaconda.org/conda-forge/linux-64/openssl-3.6.5-h781a0a9_0.conda
  hash:
    md5: 5a51a2ea653f120240b1a9bf76e0aae9
    sha256: 9c1533f1cf784f0e250919c0c9762d0b0e6bc727a79290ffb7cea1ceca1d038c
  category: main
  optional: false
- name: openssl
  version: 3.6.5
  manager: conda
  platform: osx-arm64
  dependencies:
    __osx: '>=11.0'
    ca-certificates: ''
  url: https://conda.anaconda.org/conda-forge/osx-arm64/openssl-3.6.5-h55eecbc_0.conda
  hash:
    md5: 45d9179cdf6e53d88aec034246f0dad6
    sha256: 44fbc526456571a9fb8fa18157f6f269d4d4bd40eef20183a93b9c9296f94497
  category: main
  optional: false
- name: packaging
  version: '26.3'
  manager: conda
  platform: linux-64
  dependencies:
    python: ''
  url: https://conda.anaconda.org/conda-forge/noarch/packaging-26.3-pyhc364b38_0.conda
  hash:
    md5: 936687ed80f295a1f5dbcf8bd34c252c
    sha256: c432626b16768b8dab228bfb706f7060c2d462a21c516d240f68f2f902b5a044
  category: main
  optional: false
- name: pip
  version: 26.2.1
  manager: conda
  platform: linux-64
  dependencies:
    python: '>=3.10,<3.13.0a0'
    setuptools: ''
    wheel: ''
  url: https://conda.anaconda.org/conda-forge/noarch/pip-26.2.1-pyh8b19718_0.conda
  hash:
    md5: 77b6cf3b0689d9fc68561df0db9b856d
    sha256: c205bae42eb11b364fe3663a817cbcbc20a8ef544c6b2ff6f391013487117259
  category: main
  optional: false
- name: pysocks
  version: 1.7.1
  manager: conda
  platform: linux-64
  dependencies:
    __unix: ''
    python: '>=3.9'
  url: https://conda.anaconda.org/conda-forge/noarch/pysocks-1.7.1-pyha55dd90_7.conda
  hash:
    md5: 461219d1a5bd61342293efa2c0c90eac
    sha256: ba3b032fa52709ce0d9fd388f63d330a026754587a2f461117cac9ab73d8d0d8
  category: main
  optional: false
- name: pysocks
  version: 1.7.1
  manager: conda
  platform: osx-arm64
  dependencies:
    __unix: ''
    python: '>=3.9'
  url: https://conda.anaconda.org/conda-forge/noarch/pysocks-1.7.1-pyha55dd90_7.conda
  hash:
    md5: 461219d1a5bd61342293efa2c0c90eac
    sha256: ba3b032fa52709ce0d9fd388f63d330a026754587a2f461117cac9ab73d8d0d8
  category: main
  optional: false
- name: python
  version: 3.12.15
  manager: conda
  platform: linux-64
  dependencies:
    __glibc: '>=2.17,<3.0.a0'
    bzip2: '>=1.0.8,<2.0a0'
    ld_impl_linux-64: '>=2.36.1'
    libexpat: '>=2.8.5,<3.0a0'
    libffi: '>=3.7.0,<3.8.0a0'
    libgcc: '>=15'
    liblzma: '>=5.8.3,<6.0a0'
    libnsl: '>=2.0.1,<2.1.0a0'
    libpython: 3.12.15
    libsqlite: '>=3.53.4,<4.0a0'
    libuuid: '>=2.42.4,<3.0a0'
    libxcrypt: '>=4.4.38'
    libzlib: '>=1.3.2,<2.0a0'
    ncurses: '>=6.6,<7.0a0'
    openssl: '>=3.5.9,<4.0a0'
    pip: ''
    readline: '>=8.3,<9.0a0'
    tk: '>=8.6.13,<8.7.0a0'
    tzdata: ''
  url: https://conda.anaconda.org/conda-forge/linux-64/python-3.12.15-h5f976f7_1_cpython.conda
  hash:
    md5: 8694345e58c6418b22dcde5ccd6cb0b4
    sha256: c9ef4af30139ad7d5e75ec6a740db8f2f5a7aa0bac5b626d7b77d206d742c369
  category: main
  optional: false
- name: python
  version: 3.12.15
  manager: conda
  platform: osx-arm64
  dependencies:
    __osx: '>=11.0'
    bzip2: '>=1.0.8,<2.0a0'
    libexpat: '>=2.8.5,<3.0a0'
    libffi: '>=3.7.0,<3.8.0a0'
    liblzma: '>=5.8.3,<6.0a0'
    libpython: 3.12.15
    libsqlite: '>=3.53.4,<4.0a0'
    libzlib: '>=1.3.2,<2.0a0'
    ncurses: '>=6.6,<7.0a0'
    openssl: '>=3.5.9,<4.0a0'
    readline: '>=8.3,<9.0a0'
    tk: '>=8.6.13,<8.7.0a0'
    tzdata: ''
  url: https://conda.anaconda.org/conda-forge/osx-arm64/python-3.12.15-hd05a0c4_1_cpython.conda
  hash:
    md5: 5aac387b20c102d4c56e8f259b347433
    sha256: c1c7bca64a22f2ea0c4b0f6425b77b00a9fec9b2db876ef17119e81163ab032b
  category: main
  optional: false
- name: python-gil
  version: 3.12.15
  manager: conda
  platform: linux-64
  dependencies:
    cpython: 3.12.15.*
    python_abi: '*'
  url: https://conda.anaconda.org/conda-forge/noarch/python-gil-3.12.15-hd8ed1ab_1.conda
  hash:
    md5: 073e83d8c87033bd5abc27d5cf192fe6
    sha256: edfd62cd42fa9198d1f8656b23a66de4bfec1efd0f2b40b449f3e8d8e02164a6
  category: main
  optional: false
- name: python_abi
  version: '3.12'
  manager: conda
  platform: linux-64
  dependencies: {}
  url: https://conda.anaconda.org/conda-forge/noarch/python_abi-3.12-9_cp312.conda
  hash:
    md5: 4c32076993e6270825441d059ab5c18b
    sha256: ee9c2922e07afc85fc82d5fa82c9ac2c79da3be3283a5e17bf2f2ae38dbd02fb
  category: main
  optional: false
- name: python_abi
  version: '3.12'
  manager: conda
  platform: osx-arm64
  dependencies: {}
  url: https://conda.anaconda.org/conda-forge/noarch/python_abi-3.12-9_cp312.conda
  hash:
    md5: 4c32076993e6270825441d059ab5c18b
    sha256: ee9c2922e07afc85fc82d5fa82c9ac2c79da3be3283a5e17bf2f2ae38dbd02fb
  category: main
  optional: false
- name: readline
  version: '8.3'
  manager: conda
  platform: linux-64
  dependencies:
    __glibc: '>=2.17,<3.0.a0'
    libgcc: '>=15'
    ncurses: '>=6.6,<7.0a0'
  url: https://conda.anaconda.org/conda-forge/linux-64/readline-8.3-hd6e31c0_1.conda
  hash:
    md5: 69c01c781e7c8190bbdaf79e3848c5ca
    sha256: 01b3fe073a66e321970d09e04b388708f8cbdca5cdfbfcb7c9eeb470ad10383d
  category: main
  optional: false
- name: readline
  version: '8.3'
  manager: conda
  platform: osx-arm64
  dependencies:
    __osx: '>=11.0'
    ncurses: '>=6.6,<7.0a0'
  url: https://conda.anaconda.org/conda-forge/osx-arm64/readline-8.3-h8b90a29_1.conda
  hash:
    md5: 9347fd56a002e6b58946831d48fe62f6
    sha256: d6782b430e6dce4fe8c7ac118cd988d5a193eb4a7f60741edfaede58016b6110
  category: main
  optional: false
- name: requests
  version: 2.34.2
  manager: conda
  platform: linux-64
  dependencies:
    certifi: '>=2023.5.7'
    charset-normalizer: '>=2,<4'
    idna: '>=2.5,<4'
    python: ''
    urllib3: '>=1.26,<3'
  url: https://conda.anaconda.org/conda-forge/noarch/requests-2.34.2-pyhcf101f3_0.conda
  hash:
    md5: 4a85203c1d80c1059086ae860836ffb9
    sha256: 1715246b19c9f85ee022933b4845f2fc14ac9184981b7b7d9b728bec8e9588da
  category: main
  optional: false
- name: requests
  version: 2.34.2
  manager: conda
  platform: osx-arm64
  dependencies:
    certifi: '>=2023.5.7'
    charset-normalizer: '>=2,<4'
    idna: '>=2.5,<4'
    python: ''
    urllib3: '>=1.26,<3'
  url: https://conda.anaconda.org/conda-forge/noarch/requests-2.34.2-pyhcf101f3_0.conda
  hash:
    md5: 4a85203c1d80c1059086ae860836ffb9
    sha256: 1715246b19c9f85ee022933b4845f2fc14ac9184981b7b7d9b728bec8e9588da
  category: main
  optional: false
- name: setuptools
  version: 84.0.0
  manager: conda
  platform: linux-64
  dependencies:
    python: '>=3.10'
  url: https://conda.anaconda.org/conda-forge/noarch/setuptools-84.0.0-pyh332efcf_0.conda
  hash:
    md5: 62ac906f1cd582c6c264c95625cb9d6f
    sha256: 9e200ee5f9ff19a4d94e4b51c4856d53dec849f91032f345cf0c6bc3d51a7183
  category: main
  optional: false
- name: tk
  version: 8.6.13
  manager: conda
  platform: linux-64
  dependencies:
    __glibc: '>=2.17,<3.0.a0'
    libgcc: '>=15'
    libzlib: '>=1.3.2,<2.0a0'
  url: https://conda.anaconda.org/conda-forge/linux-64/tk-8.6.13-noxft_h1df4ec4_4.conda
  hash:
    md5: 676a2f9b1c4fcf57b70aa5c65f6c60d0
    sha256: a1a241d172c1ccab067ba245206dd048bc3c2d1b84504b53c9468e99adfc16a1
  category: main
  optional: false
- name: tk
  version: 8.6.13
  manager: conda
  platform: osx-arm64
  dependencies:
    __osx: '>=11.0'
    libzlib: '>=1.3.2,<2.0a0'
  url: https://conda.anaconda.org/conda-forge/osx-arm64/tk-8.6.13-hbeba79b_4.conda
  hash:
    md5: 90a01bf394d1c594e0eb9258f967d828
    sha256: 857d89087ae7f2c328cf256728affcb7343031a148b4af847334d248a9cf564c
  category: main
  optional: false
- name: tzdata
  version: 2026c
  manager: conda
  platform: linux-64
  dependencies: {}
  url: https://conda.anaconda.org/conda-forge/noarch/tzdata-2026c-h151e31d_0.conda
  hash:
    md5: fcb489df604d100968b737f2cb6076c6
    sha256: b928c30ddcb0e3f544c6eade8352737e6e610e263276b90232db6a578ef899d8
  category: main
  optional: false
- name: tzdata
  version: 2026c
  manager: conda
  platform: osx-arm64
  dependencies: {}
  url: https://conda.anaconda.org/conda-forge/noarch/tzdata-2026c-h151e31d_0.conda
  hash:
    md5: fcb489df604d100968b737f2cb6076c6
    sha256: b928c30ddcb0e3f544c6eade8352737e6e610e263276b90232db6a578ef899d8
  category: main
  optional: false
- name: urllib3
  version: 2.8.0
  manager: conda
  platform: linux-64
  dependencies:
    backports.zstd: '>=1.0.0'
    brotli-python: '>=1.2.0'
    h2: '>=4,<5'
    pysocks: '>=1.5.6,<2.0,!=1.5.7'
    python: '>=3.11'
  url: https://conda.anaconda.org/conda-forge/noarch/urllib3-2.8.0-pyhd8ed1ab_0.conda
  hash:
    md5: 407a3d3778570bae8e8fcf554e803e43
    sha256: c5511c190ab55168ca412f3c54592fbf677ae6250784cb72b227a7cf3f538f7d
  category: main
  optional: false
- name: urllib3
  version: 2.8.0
  manager: conda
  platform: osx-arm64
  dependencies:
    backports.zstd: '>=1.0.0'
    brotli-python: '>=1.2.0'
    h2: '>=4,<5'
    pysocks: '>=1.5.6,<2.0,!=1.5.7'
    python: '>=3.11'
  url: https://conda.anaconda.org/conda-forge/noarch/urllib3-2.8.0-pyhd8ed1ab_0.conda
  hash:
    md5: 407a3d3778570bae8e8fcf554e803e43
    sha256: c5511c190ab55168ca412f3c54592fbf677ae6250784cb72b227a7cf3f538f7d
  category: main
  optional: false
- name: wheel
  version: 0.48.0
  manager: conda
  platform: linux-64
  dependencies:
    packaging: '>=24.0'
    python: '>=3.10'
  url: https://conda.anaconda.org/conda-forge/noarch/wheel-0.48.0-pyhd8ed1ab_0.conda
  hash:
    md5: 9a2124517bfd5d792e0f7b86eefdfeb8
    sha256: ba64b29b6d418024cb565081a1799262cb2780d2534ff4c14f76aa858c4286cd
  category: main
  optional: false
- name: zstd
  version: 1.5.7
  manager: conda
  platform: linux-64
  dependencies:
    __glibc: '>=2.17,<3.0.a0'
    libzlib: '>=1.3.2,<2.0a0'
  url: https://conda.anaconda.org/conda-forge/linux-64/zstd-1.5.7-hb78ec9c_7.conda
  hash:
    md5: aa459086047c0e5e27023ab19f8cb86a
    sha256: 47d682b9f6d6ec9eb1a6e6c3e75ea6273e899e78fb7fc59f81d39745009fbc60
  category: main
  optional: false
- name: zstd
  version: 1.5.7
  manager: conda
  platform: osx-arm64
  dependencies:
    __osx: '>=11.0'
    libzlib: '>=1.3.2,<2.0a0'
  url: https://conda.anaconda.org/conda-forge/osx-arm64/zstd-1.5.7-hf451053_7.conda
  hash:
    md5: 4ec2684c73812cc2c3d78379384a39cc
    sha256: da867f5092eb0cb746d353694f0098031fd9817a4ce7d5743121209ae0f406ca
  category: main
  optional: false
