# This file is @generated by PDM.
# It is not intended for manual editing.

[metadata]
groups = ["default", "dev", "s3", "test"]
strategy = ["inherit_metadata"]
lock_version = "4.5.0"
content_hash = "sha256:5065c65c9bfa03c80c112fa24c483e59e1fc64e67af834c00d3bc37b289ad989"

[[metadata.targets]]
requires_python = ">=3.11,<3.12"

[[package]]
name = "argon2-cffi"
version = "25.1.0"
requires_python = ">=3.8"
summary = "Argon2 for Python"
groups = ["default"]
dependencies = [
    "argon2-cffi-bindings",
]
files = [
    {file = "argon2_cffi-25.1.0-py3-none-any.whl", hash = "sha256:fdc8b074db390fccb6eb4a3604ae7231f219aa669a2652e0f20e16ba513d5741"},
    {file = "argon2_cffi-25.1.0.tar.gz", hash = "sha256:694ae5cc8a42f4c4e2bf2ca0e64e51e23a040c6a517a85074683d3959e1346c1"},
]

[[package]]
name = "argon2-cffi-bindings"
version = "26.1.0"
requires_python = ">=3.10"
summary = "Low-level CFFI bindings for Argon2"
groups = ["default"]
dependencies = [
    "cffi>=1.0.1; python_version < \"3.14\"",
    "cffi>=2; python_version >= \"3.14\"",
]
files = [
    {file = "argon2_cffi_bindings-26.1.0-cp310-abi3-macosx_11_0_arm64.whl", hash = "sha256:21ca0396fe5ec995dd54431c32698189666f9224810acfa752e50d2bd94d9df2"},
    {file = "argon2_cffi_bindings-26.1.0-cp310-abi3-manylinux_2_26_aarch64.manylinux_2_28_aarch64.whl", hash = "sha256:78de2d65e0b9ea7ce9d1b1c3e87297b2d7305a02c266ee2a2d6910daddd7ee69"},
    {file = "argon2_cffi_bindings-26.1.0-cp310-abi3-manylinux_2_26_x86_64.manylinux_2_28_x86_64.whl", hash = "sha256:27f1821903e2ceadcb88ec2b45ef190897b7682449c772f4d9b53e42c520cf29"},
    {file = "argon2_cffi_bindings-26.1.0-cp310-abi3-manylinux_2_34_riscv64.manylinux_2_39_riscv64.whl", hash = "sha256:d88e5f7e60f28ae0b0cc6b2f16c43e87cd642a196a86f85e0d8bb6fe016fc16d"},
    {file = "argon2_cffi_bindings-26.1.0-cp310-abi3-musllinux_1_2_aarch64.whl", hash = "sha256:34b7d9c24a4165a2c61cc8ae11d44d48c9ce2830fb536cb7914e11fdd9962728"},
    {file = "argon2_cffi_bindings-26.1.0-cp310-abi3-musllinux_1_2_riscv64.whl", hash = "sha256:224865cbbcb7a2bd1356741dff12b0134df726b6d44bb7b500df8e303cbd9e81"},
    {file = "argon2_cffi_bindings-26.1.0-cp310-abi3-musllinux_1_2_x86_64.whl", hash = "sha256:ffff613aaa9ce6236766e2fc6dc560bb5abde7a2e2416e3db1f9ae395a2b4dd4"},
    {file = "argon2_cffi_bindings-26.1.0-cp310-abi3-win32.whl", hash = "sha256:a86c069c91a747a2c4e5c51473590aeb48172fff9b2130d23729a42d98665ecb"},
    {file = "argon2_cffi_bindings-26.1.0-cp310-abi3-win_amd64.whl", hash = "sha256:2c36ff87b5dfaa477d0bd51e9d7f6abdae7c8955d2983c97419085d842154b3e"},
    {file = "argon2_cffi_bindings-26.1.0-cp310-abi3-win_arm64.whl", hash = "sha256:f9c4420a7a864fe1b86ce35befc95b8e39fb852493b81cf798671ddc265de638"},
    {file = "argon2_cffi_bindings-26.1.0-pp311-pypy311_pp73-macosx_11_0_arm64.whl", hash = "sha256:19b562b1de4b9052ef1214a2821c44b6e6f22945daa102c32ae4eff929d8b6d8"},
    {file = "argon2_cffi_bindings-26.1.0-pp311-pypy311_pp73-manylinux_2_26_aarch64.manylinux_2_28_aarch64.whl", hash = "sha256:49d525938467d52c923a890153c99087c9d5a937d1f6b585dbdba34ec82e397a"},
    {file = "argon2_cffi_bindings-26.1.0-pp311-pypy311_pp73-manylinux_2_26_x86_64.manylinux_2_28_x86_64.whl", hash = "sha256:1b0bcac4d490a237e18cf91f57352920c29f77f2fa39efd0813fb81298bf17ba"},
    {file = "argon2_cffi_bindings-26.1.0-pp311-pypy311_pp73-win_amd64.whl", hash = "sha256:0cc40f7b4050bb93eb67de95d2d759322fc7ce4930b9d645581ecf4913ec651e"},
    {file = "argon2_cffi_bindings-26.1.0.tar.gz", hash = "sha256:63505c71542a44b68b1e38060450fb006404170da375feb31af153e7f9c6205d"},
]

[[package]]
name = "asgiref"
version = "3.12.1"
requires_python = ">=3.10"
summary = "ASGI specs, helper code, and adapters"
groups = ["default", "dev", "s3"]
dependencies = [
    "typing-extensions>=4; python_version < \"3.11\"",
]
files = [
    {file = "asgiref-3.12.1-py3-none-any.whl", hash = "sha256:fe386d1c2bff7259ea95929266d12a8cf9a8b5a1c2598402967d8792e7a7c094"},
    {file = "asgiref-3.12.1.tar.gz", hash = "sha256:59dcb51c272ad209d59bed5708a64a333083e86017d7fcdd67498eeab7784340"},
]

[[package]]
name = "cffi"
version = "2.1.1"
requires_python = ">=3.10"
summary = "Foreign Function Interface for Python calling C code."
groups = ["default"]
marker = "python_version < \"3.14\""
dependencies = [
    "pycparser; implementation_name != \"PyPy\"",
]
files = [
    {file = "cffi-2.1.1-cp311-cp311-macosx_10_15_x86_64.whl", hash = "sha256:c8d2c9fd1f2d16f780d15127abb050d13d1a76c03a4bd87d7e4980e45e511e12"},
    {file = "cffi-2.1.1-cp311-cp311-macosx_11_0_arm64.whl", hash = "sha256:398aff33cee2767e3e781d2554c54bd0dff386bb437581e0d8011fde1a942ec1"},
    {file = "cffi-2.1.1-cp311-cp311-manylinux1_i686.manylinux2014_i686.manylinux_2_17_i686.manylinux_2_5_i686.whl", hash = "sha256:154852545011f779917b11c78db2358d095da62a9a172b78ad0a583ee5adc0d0"},
    {file = "cffi-2.1.1-cp311-cp311-manylinux2014_aarch64.manylinux_2_17_aarch64.whl", hash = "sha256:3311ed60d36f83378794e1009ac6258bafbf81f7888b4caa7b35a521e3f95813"},
    {file = "cffi-2.1.1-cp311-cp311-manylinux2014_ppc64le.manylinux_2_17_ppc64le.whl", hash = "sha256:6e192623c49c94421616a5778fba35cf0d5a8d000650c1967ef4448ee5cdd990"},
    {file = "cffi-2.1.1-cp311-cp311-manylinux2014_s390x.manylinux_2_17_s390x.whl", hash = "sha256:a6e721d4b0e45d5b65e87534470e67b18dcd092c83f68fba09f152b9cbc061af"},
    {file = "cffi-2.1.1-cp311-cp311-manylinux2014_x86_64.manylinux_2_17_x86_64.whl", hash = "sha256:34e261f78cb6ceaaa36f42f2613f4380d94d9c759a9c73c769ee6e0247364632"},
    {file = "cffi-2.1.1-cp311-cp311-musllinux_1_2_aarch64.whl", hash = "sha256:7225e4514edb64eb6740324353e0da0711954fd8d7da4576755b1c6e09b697cd"},
    {file = "cffi-2.1.1-cp311-cp311-musllinux_1_2_i686.whl", hash = "sha256:df913725b79db7bcf03448f36b7bf8815363417d5b58deecf9305e3e30f0f21a"},
    {file = "cffi-2.1.1-cp311-cp311-musllinux_1_2_x86_64.whl", hash = "sha256:f5cfbc5fe74540d335175b656c725d74d90e3730c626d92575eea35029d9afaa"},
    {file = "cffi-2.1.1-cp311-cp311-win32.whl", hash = "sha256:f8ec5e643a9a937f64e1999eb9f75d072263751912dc5cd06d3c85f8f44be7c3"},
    {file = "cffi-2.1.1-cp311-cp311-win_amd64.whl", hash = "sha256:42f6930c31dc7f50732c9ae793c2786c7b6b044195967bbdde40bb9be81c4cc0"},
    {file = "cffi-2.1.1-cp311-cp311-win_arm64.whl", hash = "sha256:c7659f22557c5a0bc4855cd635f55edec690cc008a40768527762cb9fb263455"},
    {file = "cffi-2.1.1.tar.gz", hash = "sha256:dd31f52ea1086513bb9df30f8fcee9b8918323ae067a3d5b78bc826a000712be"},
]

[[package]]
name = "colorama"
version = "0.4.6"
requires_python = "!=3.0.*,!=3.1.*,!=3.2.*,!=3.3.*,!=3.4.*,!=3.5.*,!=3.6.*,>=2.7"
summary = "Cross-platform colored terminal text."
groups = ["test"]
marker = "sys_platform == \"win32\""
files = [
    {file = "colorama-0.4.6-py2.py3-none-any.whl", hash = "sha256:4f1d9991f5acc0ca119f9d443620b77f9d6b33703e51011c16baf57afb285fc6"},
    {file = "colorama-0.4.6.tar.gz", hash = "sha256:08695f5cb7ed6e0531a20572697297273c47b8cae5a63ffc6d6ed5c201be6e44"},
]

[[package]]
name = "django"
version = "3.2.12"
requires_python = ">=3.6"
summary = "A high-level Python Web framework that encourages rapid development and clean, pragmatic design."
groups = ["default", "dev", "s3"]
dependencies = [
    "asgiref<4,>=3.3.2",
    "pytz",
    "sqlparse>=0.2.2",
]
files = [
    {file = "Django-3.2.12-py3-none-any.whl", hash = "sha256:9b06c289f9ba3a8abea16c9c9505f25107809fb933676f6c891ded270039d965"},
    {file = "Django-3.2.12.tar.gz", hash = "sha256:9772e6935703e59e993960832d66a614cf0233a1c5123bc6224ecc6ad69e41e2"},
]

[[package]]
name = "django-debug-toolbar"
version = "3.2.4"
requires_python = ">=3.6"
git = "https://github.com/django-commons/django-debug-toolbar"
ref = "3.2.4"
revision = "9ec7210e7ec638114f1fb283ca3ac8d566914997"
summary = "A configurable set of panels that display various debug information about the current request/response."
groups = ["dev"]
dependencies = [
    "Django>=2.2",
    "sqlparse>=0.2.0",
]

[[package]]
name = "django-environ"
version = "0.9.0"
requires_python = ">=3.4,<4"
summary = "A package that allows you to utilize 12factor inspired environment variables to configure your Django application."
groups = ["default"]
files = [
    {file = "django-environ-0.9.0.tar.gz", hash = "sha256:bff5381533056328c9ac02f71790bd5bf1cea81b1beeb648f28b81c9e83e0a21"},
    {file = "django_environ-0.9.0-py2.py3-none-any.whl", hash = "sha256:f21a5ef8cc603da1870bbf9a09b7e5577ab5f6da451b843dbcc721a7bca6b3d9"},
]

[[package]]
name = "django-storages"
version = "1.13.2"
requires_python = ">=3.7"
summary = "Support for many storage backends in Django"
groups = ["s3"]
dependencies = [
    "Django>=3.2",
]
files = [
    {file = "django-storages-1.13.2.tar.gz", hash = "sha256:cbadd15c909ceb7247d4ffc503f12a9bec36999df8d0bef7c31e57177d512688"},
    {file = "django_storages-1.13.2-py3-none-any.whl", hash = "sha256:31dc5a992520be571908c4c40d55d292660ece3a55b8141462b4e719aa38eab3"},
]

[[package]]
name = "django-storages"
version = "1.13.2"
extras = ["s3"]
requires_python = ">=3.7"
summary = "Support for many storage backends in Django"
groups = ["s3"]
dependencies = [
    "django-storages==1.13.2",
]
files = [
    {file = "django-storages-1.13.2.tar.gz", hash = "sha256:cbadd15c909ceb7247d4ffc503f12a9bec36999df8d0bef7c31e57177d512688"},
    {file = "django_storages-1.13.2-py3-none-any.whl", hash = "sha256:31dc5a992520be571908c4c40d55d292660ece3a55b8141462b4e719aa38eab3"},
]

[[package]]
name = "django"
version = "3.2.12"
extras = ["argon2"]
requires_python = ">=3.6"
summary = "A high-level Python Web framework that encourages rapid development and clean, pragmatic design."
groups = ["default"]
dependencies = [
    "Django==3.2.12",
    "argon2-cffi>=19.1.0",
]
files = [
    {file = "Django-3.2.12-py3-none-any.whl", hash = "sha256:9b06c289f9ba3a8abea16c9c9505f25107809fb933676f6c891ded270039d965"},
    {file = "Django-3.2.12.tar.gz", hash = "sha256:9772e6935703e59e993960832d66a614cf0233a1c5123bc6224ecc6ad69e41e2"},
]

[[package]]
name = "djangorestframework"
version = "3.12.4"
requires_python = ">=3.5"
summary = "Web APIs for Django, made easy."
groups = ["default"]
dependencies = [
    "django>=2.2",
]
files = [
    {file = "djangorestframework-3.12.4-py3-none-any.whl", hash = "sha256:6d1d59f623a5ad0509fe0d6bfe93cbdfe17b8116ebc8eda86d45f6e16e819aaf"},
    {file = "djangorestframework-3.12.4.tar.gz", hash = "sha256:f747949a8ddac876e879190df194b925c177cdeb725a099db1460872f7c0a7f2"},
]

[[package]]
name = "factory-boy"
version = "3.2.1"
requires_python = ">=3.6"
summary = "A versatile test fixtures replacement based on thoughtbot's factory_bot for Ruby."
groups = ["test"]
dependencies = [
    "Faker>=0.7.0",
]
files = [
    {file = "factory_boy-3.2.1-py2.py3-none-any.whl", hash = "sha256:eb02a7dd1b577ef606b75a253b9818e6f9eaf996d94449c9d5ebb124f90dc795"},
    {file = "factory_boy-3.2.1.tar.gz", hash = "sha256:a98d277b0c047c75eb6e4ab8508a7f81fb03d2cb21986f627913546ef7a2a55e"},
]

[[package]]
name = "faker"
version = "40.41.0"
requires_python = ">=3.10"
summary = "Faker is a Python package that generates fake data for you."
groups = ["test"]
dependencies = [
    "tzdata; platform_system == \"Windows\"",
]
files = [
    {file = "faker-40.41.0-py3-none-any.whl", hash = "sha256:35a7f66282990698c20c3e6dd57180900206b760c2f777112c085cc217e7de92"},
    {file = "faker-40.41.0.tar.gz", hash = "sha256:5383e4ebba7061491530ae5952a33dcf8f161a250c89717fa0ac856602dcfaf3"},
]

[[package]]
name = "gunicorn"
version = "20.1.0"
requires_python = ">=3.5"
summary = "WSGI HTTP Server for UNIX"
groups = ["default"]
dependencies = [
    "setuptools>=3.0",
]
files = [
    {file = "gunicorn-20.1.0-py3-none-any.whl", hash = "sha256:9dcc4547dbb1cb284accfb15ab5667a0e5d1881cc443e0677b4882a4067a807e"},
    {file = "gunicorn-20.1.0.tar.gz", hash = "sha256:e0a968b5ba15f8a328fdfd7ab1fcb5af4470c28aaf7e55df02a99bc13138e6e8"},
]

[[package]]
name = "iniconfig"
version = "2.3.1"
requires_python = ">=3.10"
summary = "brain-dead simple config-ini parsing"
groups = ["test"]
files = [
    {file = "iniconfig-2.3.1-py3-none-any.whl", hash = "sha256:9121e2c1fdb355232495be3194c8dfe87ccc2d5dee45947b78e68f499790d7a7"},
    {file = "iniconfig-2.3.1.tar.gz", hash = "sha256:67f4b9c50da0dedf52af349e7749a80a9057a5031199791b906c3bb3ae878960"},
]

[[package]]
name = "internal-utils"
version = "0.3.0"
requires_python = ">=3.11"
path = "./libs/internal-utils"
summary = "A company-internal helper library, installed from a local path rather than an index"
groups = ["default"]
dependencies = [
    "python-dateutil>=2.8",
]

[[package]]
name = "packaging"
version = "26.3"
requires_python = ">=3.9"
summary = "Core utilities for Python packages"
groups = ["test"]
files = [
    {file = "packaging-26.3-py3-none-any.whl", hash = "sha256:d7193f7c8e4e93f444fde0262bf90af30e16fa0ad0ad44cb553c87339b23cd1c"},
    {file = "packaging-26.3.tar.gz", hash = "sha256:94edc256424af38762eb31306eed28beb9f0efc50a8837492c9d6fd6004aed79"},
]

[[package]]
name = "pillow"
version = "9.3.0"
requires_python = ">=3.7"
summary = "Python Imaging Library (Fork)"
groups = ["default"]
files = [
    {file = "Pillow-9.3.0-cp311-cp311-macosx_10_10_x86_64.whl", hash = "sha256:57751894f6618fd4308ed8e0c36c333e2f5469744c34729a27532b3db106ee20"},
    {file = "Pillow-9.3.0-cp311-cp311-macosx_11_0_arm64.whl", hash = "sha256:7db8b751ad307d7cf238f02101e8e36a128a6cb199326e867d1398067381bff4"},
    {file = "Pillow-9.3.0-cp311-cp311-manylinux_2_17_aarch64.manylinux2014_aarch64.whl", hash = "sha256:3033fbe1feb1b59394615a1cafaee85e49d01b51d54de0cbf6aa8e64182518a1"},
    {file = "Pillow-9.3.0-cp311-cp311-manylinux_2_17_i686.manylinux2014_i686.whl", hash = "sha256:22b012ea2d065fd163ca096f4e37e47cd8b59cf4b0fd47bfca6abb93df70b34c"},
    {file = "Pillow-9.3.0-cp311-cp311-manylinux_2_17_x86_64.manylinux2014_x86_64.whl", hash = "sha256:b9a65733d103311331875c1dca05cb4606997fd33d6acfed695b1232ba1df193"},
    {file = "Pillow-9.3.0-cp311-cp311-manylinux_2_28_aarch64.whl", hash = "sha256:502526a2cbfa431d9fc2a079bdd9061a2397b842bb6bc4239bb176da00993812"},
    {file = "Pillow-9.3.0-cp311-cp311-manylinux_2_28_x86_64.whl", hash = "sha256:90fb88843d3902fe7c9586d439d1e8c05258f41da473952aa8b328d8b907498c"},
    {file = "Pillow-9.3.0-cp311-cp311-musllinux_1_1_x86_64.whl", hash = "sha256:89dca0ce00a2b49024df6325925555d406b14aa3efc2f752dbb5940c52c56b11"},
    {file = "Pillow-9.3.0-cp311-cp311-win32.whl", hash = "sha256:3168434d303babf495d4ba58fc22d6604f6e2afb97adc6a423e917dab828939c"},
    {file = "Pillow-9.3.0-cp311-cp311-win_amd64.whl", hash = "sha256:18498994b29e1cf86d505edcb7edbe814d133d2232d256db8c7a8ceb34d18cef"},
    {file = "Pillow-9.3.0.tar.gz", hash = "sha256:c935a22a557a560108d780f9a0fc426dd7459940dc54faa49d83249c8d3e760f"},
]

[[package]]
name = "pluggy"
version = "1.6.0"
requires_python = ">=3.9"
summary = "plugin and hook calling mechanisms for python"
groups = ["test"]
files = [
    {file = "pluggy-1.6.0-py3-none-any.whl", hash = "sha256:e920276dd6813095e9377c0bc5566d94c932c33b27a3e3945d8389c374dd4746"},
    {file = "pluggy-1.6.0.tar.gz", hash = "sha256:7dcc130b76258d33b90f61b658791dede3486c3e6bfb003ee5c9bfb396dd22f3"},
]

[[package]]
name = "psycopg2-binary"
version = "2.9.5"
requires_python = ">=3.6"
summary = "psycopg2 - Python-PostgreSQL Database Adapter"
groups = ["default"]
files = [
    {file = "psycopg2-binary-2.9.5.tar.gz", hash = "sha256:33e632d0885b95a8b97165899006c40e9ecdc634a529dca7b991eb7de4ece41c"},
    {file = "psycopg2_binary-2.9.5-cp311-cp311-macosx_10_9_universal2.macosx_10_9_intel.macosx_10_9_x86_64.macosx_10_10_intel.macosx_10_10_x86_64.whl", hash = "sha256:426c2ae999135d64e6a18849a7d1ad0e1bd007277e4a8f4752eaa40a96b550ff"},
    {file = "psycopg2_binary-2.9.5-cp311-cp311-macosx_11_0_arm64.whl", hash = "sha256:7cf1d44e710ca3a9ce952bda2855830fe9f9017ed6259e01fcd71ea6287565f5"},
    {file = "psycopg2_binary-2.9.5-cp311-cp311-manylinux_2_17_i686.manylinux2014_i686.whl", hash = "sha256:024030b13bdcbd53d8a93891a2cf07719715724fc9fee40243f3bd78b4264b8f"},
    {file = "psycopg2_binary-2.9.5-cp311-cp311-manylinux_2_17_x86_64.manylinux2014_x86_64.whl", hash = "sha256:bcda1c84a1c533c528356da5490d464a139b6e84eb77cc0b432e38c5c6dd7882"},
    {file = "psycopg2_binary-2.9.5-cp311-cp311-manylinux_2_24_aarch64.whl", hash = "sha256:2ef892cabdccefe577088a79580301f09f2a713eb239f4f9f62b2b29cafb0577"},
    {file = "psycopg2_binary-2.9.5-cp311-cp311-manylinux_2_24_ppc64le.whl", hash = "sha256:af0516e1711995cb08dc19bbd05bec7dbdebf4185f68870595156718d237df3e"},
    {file = "psycopg2_binary-2.9.5-cp311-cp311-musllinux_1_1_aarch64.whl", hash = "sha256:e72c91bda9880f097c8aa3601a2c0de6c708763ba8128006151f496ca9065935"},
    {file = "psycopg2_binary-2.9.5-cp311-cp311-musllinux_1_1_i686.whl", hash = "sha256:e67b3c26e9b6d37b370c83aa790bbc121775c57bfb096c2e77eacca25fd0233b"},
    {file = "psycopg2_binary-2.9.5-cp311-cp311-musllinux_1_1_ppc64le.whl", hash = "sha256:5fc447058d083b8c6ac076fc26b446d44f0145308465d745fba93a28c14c9e32"},
    {file = "psycopg2_binary-2.9.5-cp311-cp311-musllinux_1_1_x86_64.whl", hash = "sha256:d892bfa1d023c3781a3cab8dd5af76b626c483484d782e8bd047c180db590e4c"},
    {file = "psycopg2_binary-2.9.5-cp311-cp311-win32.whl", hash = "sha256:2abccab84d057723d2ca8f99ff7b619285d40da6814d50366f61f0fc385c3903"},
    {file = "psycopg2_binary-2.9.5-cp311-cp311-win_amd64.whl", hash = "sha256:bef7e3f9dc6f0c13afdd671008534be5744e0e682fb851584c8c3a025ec09720"},
]

[[package]]
name = "pycparser"
version = "3.0"
requires_python = ">=3.10"
summary = "C parser in Python"
groups = ["default"]
marker = "implementation_name != \"PyPy\" and python_version < \"3.14\""
files = [
    {file = "pycparser-3.0-py3-none-any.whl", hash = "sha256:b727414169a36b7d524c1c3e31839a521725078d7b2ff038656844266160a992"},
    {file = "pycparser-3.0.tar.gz", hash = "sha256:600f49d217304a5902ac3c37e1281c9fe94e4d0489de643a9504c5cdfdfc6b29"},
]

[[package]]
name = "pygments"
version = "2.21.0"
requires_python = ">=3.9"
summary = "Pygments is a syntax highlighting package written in Python."
groups = ["test"]
files = [
    {file = "pygments-2.21.0-py3-none-any.whl", hash = "sha256:2363c69b61c4a97c838da3b130dcd6468f4848992b21a82f2a63ec34377137d9"},
    {file = "pygments-2.21.0.tar.gz", hash = "sha256:610ca751c9bc2492b38eb9a38a7fbc93edbbb2d7182edaf34e66ae493dee5c8c"},
]

[[package]]
name = "pytest"
version = "9.1.1"
requires_python = ">=3.10"
summary = "pytest: simple powerful testing with Python"
groups = ["test"]
dependencies = [
    "colorama>=0.4; sys_platform == \"win32\"",
    "exceptiongroup>=1; python_version < \"3.11\"",
    "iniconfig>=1.0.1",
    "packaging>=22",
    "pluggy<2,>=1.5",
    "pygments>=2.7.2",
    "tomli>=1; python_version < \"3.11\"",
]
files = [
    {file = "pytest-9.1.1-py3-none-any.whl", hash = "sha256:37a86b45efb9a47a61a36449063e8e18d0cab3161329fc099eb21783169c4f0c"},
    {file = "pytest-9.1.1.tar.gz", hash = "sha256:1088fbde8f2b49d95a549a195707afa7a76a3ce9bcadc26b6d71f0ffda5fe313"},
]

[[package]]
name = "pytest-django"
version = "4.5.2"
requires_python = ">=3.5"
summary = "A Django plugin for pytest."
groups = ["test"]
dependencies = [
    "pytest>=5.4.0",
]
files = [
    {file = "pytest-django-4.5.2.tar.gz", hash = "sha256:d9076f759bb7c36939dbdd5ae6633c18edfc2902d1a69fdbefd2426b970ce6c2"},
    {file = "pytest_django-4.5.2-py3-none-any.whl", hash = "sha256:c60834861933773109334fe5a53e83d1ef4828f2203a1d6a0fa9972f4f75ab3e"},
]

[[package]]
name = "python-dateutil"
version = "2.9.0.post0"
requires_python = "!=3.0.*,!=3.1.*,!=3.2.*,>=2.7"
summary = "Extensions to the standard Python datetime module"
groups = ["default"]
dependencies = [
    "six>=1.5",
]
files = [
    {file = "python-dateutil-2.9.0.post0.tar.gz", hash = "sha256:37dd54208da7e1cd875388217d5e00ebd4179249f90fb72437e91a35459a0ad3"},
    {file = "python_dateutil-2.9.0.post0-py2.py3-none-any.whl", hash = "sha256:a8b2bc7bffae282281c8140a97d3aa9c14da0b136dfe83f850eea9a5f7470427"},
]

[[package]]
name = "pytz"
version = "2026.5"
summary = "World timezone definitions, modern and historical"
groups = ["default", "dev", "s3"]
files = [
    {file = "pytz-2026.5-py2.py3-none-any.whl", hash = "sha256:e658af3757f9e26a9d25dd2aff38335acd92bc9104f890a894b2c1ba28311b03"},
    {file = "pytz-2026.5.tar.gz", hash = "sha256:fa23724b9c486543b9ff54a327ee7569ac83ade54bb9afd0fc18676620401c86"},
]

[[package]]
name = "setuptools"
version = "84.0.0"
requires_python = ">=3.10"
summary = "Most extensible Python build backend with support for C/C++ extension modules"
groups = ["default"]
files = [
    {file = "setuptools-84.0.0-py3-none-any.whl", hash = "sha256:51a52592b3b99e102b609654876bd65f19f999935166d1352678931132b0c670"},
    {file = "setuptools-84.0.0.tar.gz", hash = "sha256:f4695c21257f0d9b537ec2692c941d02ee143b7cc1276941349a546573b2ef73"},
]

[[package]]
name = "six"
version = "1.17.0"
requires_python = "!=3.0.*,!=3.1.*,!=3.2.*,>=2.7"
summary = "Python 2 and 3 compatibility utilities"
groups = ["default"]
files = [
    {file = "six-1.17.0-py2.py3-none-any.whl", hash = "sha256:4721f391ed90541fddacab5acf947aa0d3dc7d27b2e1e8eda2be8970586c3274"},
    {file = "six-1.17.0.tar.gz", hash = "sha256:ff70335d468e7eb6ec65b95b99d3a2836546063f63acc5171de367e834932a81"},
]

[[package]]
name = "sqlparse"
version = "0.4.2"
requires_python = ">=3.5"
summary = "A non-validating SQL parser."
groups = ["default", "dev", "s3"]
files = [
    {file = "sqlparse-0.4.2-py3-none-any.whl", hash = "sha256:48719e356bb8b42991bdbb1e8b83223757b93789c00910a616a071910ca4a64d"},
    {file = "sqlparse-0.4.2.tar.gz", hash = "sha256:0c00730c74263a94e5a9919ade150dfc3b19c574389985446148402998287dae"},
]

[[package]]
name = "tzdata"
version = "2026.5"
requires_python = ">=2"
summary = "Provider of IANA time zone data"
groups = ["test"]
marker = "platform_system == \"Windows\""
files = [
    {file = "tzdata-2026.5-py2.py3-none-any.whl", hash = "sha256:b683bd1b6659ddcd810ff02ad09ba821d4bf1065072805063eb35c49617905ac"},
    {file = "tzdata-2026.5.tar.gz", hash = "sha256:8cc73c0a0bfca7dbfa59235d60b2eff82231dee33f53d206db1acd9173cfc0a7"},
]
