# This lock file was generated by conda-lock (https://github.com/conda/conda-lock). DO NOT EDIT!
#
# A "lock file" contains a concrete list of package versions (with checksums) to be installed. Unlike
# e.g. `conda env create`, the resulting environment will not change as new package versions become
# available, unless you explicitly update the lock file.
#
# Install this environment as "YOURENV" with:
#     conda-lock install -n YOURENV conda-lock.yml
# To update a single package to the latest version compatible with the version constraints in the source:
#     conda-lock lock  --lockfile conda-lock.yml --update PACKAGE
# To re-solve the entire environment, e.g. after changing a version constraint in the source file:
#     conda-lock -f environment.yml --lockfile conda-lock.yml
version: 1
metadata:
  content_hash:
    linux-64: 5540898f00b3ddf7a8971b059c45d2bcd96c66b84f382ab85a116824c1302333
    osx-arm64: ca50cae24b264ada7474b65bbdfba566f184ef7066025ca84ac51269a8f7c291
  channels:
  - url: conda-forge
    used_env_vars: []
  platforms:
  - linux-64
  - osx-arm64
  sources:
  - environment.yml
package:
- name: _openmp_mutex
  version: '4.5'
  manager: conda
  platform: linux-64
  dependencies:
    __glibc: '>=2.17,<3.0.a0'
    libgomp: '>=7.5.0'
  url: https://conda.anaconda.org/conda-forge/linux-64/_openmp_mutex-4.5-20_gnu.conda
  hash:
    md5: a9f577daf3de00bca7c3c76c0ecbd1de
    sha256: 1dd3fffd892081df9726d7eb7e0dea6198962ba775bd88842135a4ddb4deb3c9
  category: main
  optional: false
- name: _python_abi3_support
  version: '1.0'
  manager: conda
  platform: linux-64
  dependencies:
    cpython: ''
    python-gil: ''
  url: https://conda.anaconda.org/conda-forge/noarch/_python_abi3_support-1.0-hd8ed1ab_3.conda
  hash:
    md5: 3845f3d75991bae0fb90884662f4327c
    sha256: 2a7204314663eeda5dec482a956f0e2eaf289bd5b9953eaaaad0e81aa64638f2
  category: main
  optional: false
- name: _python_abi3_support
  version: '1.0'
  manager: conda
  platform: osx-arm64
  dependencies:
    cpython: ''
    python-gil: ''
  url: https://conda.anaconda.org/conda-forge/noarch/_python_abi3_support-1.0-hd8ed1ab_3.conda
  hash:
    md5: 3845f3d75991bae0fb90884662f4327c
    sha256: 2a7204314663eeda5dec482a956f0e2eaf289bd5b9953eaaaad0e81aa64638f2
  category: main
  optional: false
- name: ast-serialize
  version: 0.12.1
  manager: conda
  platform: linux-64
  dependencies:
    __glibc: '>=2.17,<3.0.a0'
    _python_abi3_support: 1.*
    cpython: '>=3.11'
    libgcc: '>=15'
    python: '>=3.11'
  url: https://conda.anaconda.org/conda-forge/linux-64/ast-serialize-0.12.1-py311hf77984d_0.conda
  hash:
    md5: 378c56d6a4ecd84c0ee6742f78a75737
    sha256: 4c9212bd3446e8b6bb2ce22cc2a47ce8f5b3c6414141325db995b88265ee0e12
  category: main
  optional: false
- name: ast-serialize
  version: 0.12.1
  manager: conda
  platform: osx-arm64
  dependencies:
    __osx: '>=11.0'
    _python_abi3_support: 1.*
    cpython: '>=3.11'
    python: '>=3.11'
  url: https://conda.anaconda.org/conda-forge/osx-arm64/ast-serialize-0.12.1-py311hfcb3ee1_0.conda
  hash:
    md5: 4fa9f2332f5495dcaa39c1c2359b3a4a
    sha256: 1ea165e189b9c9a266153d6d8b282e4e226a0f2428e5dc9d25bc959f65297ef5
  category: main
  optional: false
- name: astroid
  version: 4.3.3
  manager: conda
  platform: linux-64
  dependencies:
    python: ''
    python_abi: 3.12.*
  url: https://conda.anaconda.org/conda-forge/linux-64/astroid-4.3.3-py312h20c3967_0.conda
  hash:
    md5: 4f2e66bb8c7208a0280623a651a38e04
    sha256: b6785e71b0646a753f9900c3d170a3fa1970e4e176de611295a5ae490f82179b
  category: main
  optional: false
- name: astroid
  version: 4.3.3
  manager: conda
  platform: osx-arm64
  dependencies:
    python: ''
    python_abi: 3.12.*
  url: https://conda.anaconda.org/conda-forge/osx-arm64/astroid-4.3.3-py312h3de3f42_0.conda
  hash:
    md5: 95cadab9f2f8a3c20772c304c06473da
    sha256: 241b0d9ed5865d36d77852f75947c6b16a91ba00345d1b0a3b684e6cc5e8c0fc
  category: main
  optional: false
- name: attrs
  version: 26.1.0
  manager: conda
  platform: linux-64
  dependencies:
    python: ''
  url: https://conda.anaconda.org/conda-forge/noarch/attrs-26.1.0-pyhcf101f3_0.conda
  hash:
    md5: c6b0543676ecb1fb2d7643941fe375f2
    sha256: 1b6124230bb4e571b1b9401537ecff575b7b109cc3a21ee019f65e083b8399ab
  category: main
  optional: false
- name: attrs
  version: 26.1.0
  manager: conda
  platform: osx-arm64
  dependencies:
    python: '>=3.10'
  url: https://conda.anaconda.org/conda-forge/noarch/attrs-26.1.0-pyhcf101f3_0.conda
  hash:
    md5: c6b0543676ecb1fb2d7643941fe375f2
    sha256: 1b6124230bb4e571b1b9401537ecff575b7b109cc3a21ee019f65e083b8399ab
  category: main
  optional: false
- name: black
  version: 24.1.0
  manager: conda
  platform: linux-64
  dependencies:
    click: '>=8.0.0'
    mypy_extensions: '>=0.4.3'
    packaging: '>=22.0'
    pathspec: '>=0.9'
    platformdirs: '>=2'
    python: '>=3.12,<3.13.0a0'
    python_abi: 3.12.*
  url: https://conda.anaconda.org/conda-forge/linux-64/black-24.1.0-py312h7900ff3_0.conda
  hash:
    md5: 05176cee25dce828d3f7d98bedecaaa4
    sha256: 8711788c1fcaf51aa248b18afa68f46326d00080b04e1ccb79b15bde9cd2d4cb
  category: main
  optional: false
- name: black
  version: 24.1.0
  manager: conda
  platform: osx-arm64
  dependencies:
    click: '>=8.0.0'
    mypy_extensions: '>=0.4.3'
    packaging: '>=22.0'
    pathspec: '>=0.9'
    platformdirs: '>=2'
    python: '>=3.12,<3.13.0a0'
    python_abi: 3.12.*
  url: https://conda.anaconda.org/conda-forge/osx-arm64/black-24.1.0-py312h81bd7bf_0.conda
  hash:
    md5: cef1fd9b2dd633e6aa87615d7121c122
    sha256: 03336c0875fc04e1af1c40c3aa782ccd08adecb938ee6c7b002ff5cad928a768
  category: main
  optional: false
- name: bzip2
  version: 1.0.8
  manager: conda
  platform: linux-64
  dependencies:
    __glibc: '>=2.17,<3.0.a0'
    libgcc: '>=14'
  url: https://conda.anaconda.org/conda-forge/linux-64/bzip2-1.0.8-hda65f42_10.conda
  hash:
    md5: e675fabcf81499adc7edf58124fb1e01
    sha256: 1a0d382c515ebf55f8ee1f38c8b81bc95af5c2acc42ad53b66bc5df932032f96
  category: main
  optional: false
- name: bzip2
  version: 1.0.8
  manager: conda
  platform: osx-arm64
  dependencies:
    __osx: '>=11.0'
  url: https://conda.anaconda.org/conda-forge/osx-arm64/bzip2-1.0.8-h4e30115_10.conda
  hash:
    md5: b50612e7d190b8061ab4e7dc119cf4d5
    sha256: 8ec22f0ba25cbfc2e64d70cf29459eccd7ffdf6436f6a6ff15bbfef799f7d4f6
  category: main
  optional: false
- name: ca-certificates
  version: 2026.7.22
  manager: conda
  platform: linux-64
  dependencies:
    __unix: ''
  url: https://conda.anaconda.org/conda-forge/noarch/ca-certificates-2026.7.22-hbd8a1cb_0.conda
  hash:
    md5: 0f51e2391ade309db462a55611263e9c
    sha256: 0a0544cf95f64394fe4959286f5c71f5444ad58feb0602e53becb27448d24da6
  category: main
  optional: false
- name: ca-certificates
  version: 2026.7.22
  manager: conda
  platform: osx-arm64
  dependencies:
    __unix: ''
  url: https://conda.anaconda.org/conda-forge/noarch/ca-certificates-2026.7.22-hbd8a1cb_0.conda
  hash:
    md5: 0f51e2391ade309db462a55611263e9c
    sha256: 0a0544cf95f64394fe4959286f5c71f5444ad58feb0602e53becb27448d24da6
  category: main
  optional: false
- name: click
  version: 8.5.0
  manager: conda
  platform: linux-64
  dependencies:
    python: ''
  url: https://conda.anaconda.org/conda-forge/noarch/click-8.5.0-pyh5ded981_0.conda
  hash:
    md5: dea5b13a211bbf99876deb980b408a66
    sha256: 9afb0c2c089330321a219c7ee5a25313bd574d4024be606cbb33e7a5735df662
  category: main
  optional: false
- name: click
  version: 8.5.0
  manager: conda
  platform: osx-arm64
  dependencies:
    python: '>=3.11'
  url: https://conda.anaconda.org/conda-forge/noarch/click-8.5.0-pyh5ded981_0.conda
  hash:
    md5: dea5b13a211bbf99876deb980b408a66
    sha256: 9afb0c2c089330321a219c7ee5a25313bd574d4024be606cbb33e7a5735df662
  category: main
  optional: false
- name: colorama
  version: 0.4.6
  manager: conda
  platform: linux-64
  dependencies:
    python: '>=3.9'
  url: https://conda.anaconda.org/conda-forge/noarch/colorama-0.4.6-pyhd8ed1ab_1.conda
  hash:
    md5: 962b9857ee8e7018c22f2776ffa0b2d7
    sha256: ab29d57dc70786c1269633ba3dff20288b81664d3ff8d21af995742e2bb03287
  category: main
  optional: false
- name: colorama
  version: 0.4.6
  manager: conda
  platform: osx-arm64
  dependencies:
    python: '>=3.9'
  url: https://conda.anaconda.org/conda-forge/noarch/colorama-0.4.6-pyhd8ed1ab_1.conda
  hash:
    md5: 962b9857ee8e7018c22f2776ffa0b2d7
    sha256: ab29d57dc70786c1269633ba3dff20288b81664d3ff8d21af995742e2bb03287
  category: main
  optional: false
- name: coverage
  version: 7.16.2
  manager: conda
  platform: linux-64
  dependencies:
    __glibc: '>=2.17,<3.0.a0'
    libgcc: '>=15'
    python: ''
    python_abi: 3.12.*
  url: https://conda.anaconda.org/conda-forge/linux-64/coverage-7.16.2-py312h8b7ec3f_0.conda
  hash:
    md5: 1d1ef312ddf97e5f5218d3a3d56dd7a0
    sha256: 9ea2907ca5b95350b3b28dd7b6107b89b0754ab9504e214220eff7603e72d111
  category: main
  optional: false
- name: coverage
  version: 7.16.2
  manager: conda
  platform: osx-arm64
  dependencies:
    __osx: '>=11.0'
    python: ''
    python_abi: 3.12.*
  url: https://conda.anaconda.org/conda-forge/osx-arm64/coverage-7.16.2-py312hf1f8172_0.conda
  hash:
    md5: b3ce38f4f403020f6e406f7fec0e16e5
    sha256: 32b9303e07d0ac446f2ad8dcd590a3528679c1f47f07f4380da4259bc28be86b
  category: main
  optional: false
- name: cpython
  version: 3.12.15
  manager: conda
  platform: linux-64
  dependencies:
    python: '>=3.12,<3.13.0a0'
    python_abi: '*'
  url: https://conda.anaconda.org/conda-forge/noarch/cpython-3.12.15-py312hd8ed1ab_1.conda
  hash:
    md5: ffbe1672425828910121d8af18a275fa
    sha256: b28acae0036186d119498434df780a0d8f20e1919317215c364d596a90c38fdd
  category: main
  optional: false
- name: cpython
  version: 3.12.15
  manager: conda
  platform: osx-arm64
  dependencies:
    python: '>=3.12,<3.13.0a0'
    python_abi: '*'
  url: https://conda.anaconda.org/conda-forge/noarch/cpython-3.12.15-py312hd8ed1ab_1.conda
  hash:
    md5: ffbe1672425828910121d8af18a275fa
    sha256: b28acae0036186d119498434df780a0d8f20e1919317215c364d596a90c38fdd
  category: main
  optional: false
- name: dill
  version: 0.4.1
  manager: conda
  platform: linux-64
  dependencies:
    python: ''
  url: https://conda.anaconda.org/conda-forge/noarch/dill-0.4.1-pyhcf101f3_0.conda
  hash:
    md5: 080a808fce955026bf82107d955d32da
    sha256: 1ef84c0cc4efd0c2d58c3cb365945edbd9ee42a1c54514d1ccba4b641005f757
  category: main
  optional: false
- name: dill
  version: 0.4.1
  manager: conda
  platform: osx-arm64
  dependencies:
    python: '>=3.10'
  url: https://conda.anaconda.org/conda-forge/noarch/dill-0.4.1-pyhcf101f3_0.conda
  hash:
    md5: 080a808fce955026bf82107d955d32da
    sha256: 1ef84c0cc4efd0c2d58c3cb365945edbd9ee42a1c54514d1ccba4b641005f757
  category: main
  optional: false
- name: exceptiongroup
  version: 1.3.1
  manager: conda
  platform: linux-64
  dependencies:
    python: '>=3.10'
    typing_extensions: '>=4.6.0'
  url: https://conda.anaconda.org/conda-forge/noarch/exceptiongroup-1.3.1-pyhd8ed1ab_0.conda
  hash:
    md5: 8e662bd460bda79b1ea39194e3c4c9ab
    sha256: ee6cf346d017d954255bbcbdb424cddea4d14e4ed7e9813e429db1d795d01144
  category: main
  optional: false
- name: exceptiongroup
  version: 1.3.1
  manager: conda
  platform: osx-arm64
  dependencies:
    python: '>=3.10'
    typing_extensions: '>=4.6.0'
  url: https://conda.anaconda.org/conda-forge/noarch/exceptiongroup-1.3.1-pyhd8ed1ab_0.conda
  hash:
    md5: 8e662bd460bda79b1ea39194e3c4c9ab
    sha256: ee6cf346d017d954255bbcbdb424cddea4d14e4ed7e9813e429db1d795d01144
  category: main
  optional: false
- name: hypothesis
  version: 6.168.5
  manager: conda
  platform: linux-64
  dependencies:
    __glibc: '>=2.17,<3.0.a0'
    _python_abi3_support: 1.*
    cpython: '>=3.11'
    exceptiongroup: '>=1.0.0'
    libgcc: '>=15'
    python: ''
    sortedcontainers: '>=2.1.0,<3.0.0'
  url: https://conda.anaconda.org/conda-forge/linux-64/hypothesis-6.168.5-py311hf77984d_0.conda
  hash:
    md5: bdf4edb35527eae6e9270f339e908b95
    sha256: 8190ca3d9d98e86cd60c09e39b624cd2eb7f69fa8aba78cc999abed0b494ef0f
  category: main
  optional: false
- name: hypothesis
  version: 6.168.5
  manager: conda
  platform: osx-arm64
  dependencies:
    __osx: '>=11.0'
    _python_abi3_support: 1.*
    cpython: '>=3.11'
    exceptiongroup: '>=1.0.0'
    python: ''
    sortedcontainers: '>=2.1.0,<3.0.0'
  url: https://conda.anaconda.org/conda-forge/osx-arm64/hypothesis-6.168.5-py311hfcb3ee1_0.conda
  hash:
    md5: a0717e332acfded9721c787976a7e7c0
    sha256: deace722cb2e22f015ac554ca2c33c9444f5b23f19bea618f2d8f6de2d2ac439
  category: main
  optional: false
- name: importlib-metadata
  version: 9.0.1
  manager: conda
  platform: linux-64
  dependencies:
    python: ''
    zipp: '>=3.20'
  url: https://conda.anaconda.org/conda-forge/noarch/importlib-metadata-9.0.1-pyhcf101f3_0.conda
  hash:
    md5: 77ec68e0aa61c3fff9ecbf840f93d64e
    sha256: 95a074a7d3f58b3494c068d4789c364dcb591c56b70ca6b12f149a540f9aeea4
  category: main
  optional: false
- name: importlib-metadata
  version: 9.0.1
  manager: conda
  platform: osx-arm64
  dependencies:
    python: '>=3.10'
    zipp: '>=3.20'
  url: https://conda.anaconda.org/conda-forge/noarch/importlib-metadata-9.0.1-pyhcf101f3_0.conda
  hash:
    md5: 77ec68e0aa61c3fff9ecbf840f93d64e
    sha256: 95a074a7d3f58b3494c068d4789c364dcb591c56b70ca6b12f149a540f9aeea4
  category: main
  optional: false
- name: iniconfig
  version: 2.3.0
  manager: conda
  platform: linux-64
  dependencies:
    python: '>=3.10'
  url: https://conda.anaconda.org/conda-forge/noarch/iniconfig-2.3.0-pyhd8ed1ab_0.conda
  hash:
    md5: 9614359868482abba1bd15ce465e3c42
    sha256: e1a9e3b1c8fe62dc3932a616c284b5d8cbe3124bbfbedcf4ce5c828cb166ee19
  category: main
  optional: false
- name: iniconfig
  version: 2.3.0
  manager: conda
  platform: osx-arm64
  dependencies:
    python: '>=3.10'
  url: https://conda.anaconda.org/conda-forge/noarch/iniconfig-2.3.0-pyhd8ed1ab_0.conda
  hash:
    md5: 9614359868482abba1bd15ce465e3c42
    sha256: e1a9e3b1c8fe62dc3932a616c284b5d8cbe3124bbfbedcf4ce5c828cb166ee19
  category: main
  optional: false
- name: isort
  version: 9.0.2
  manager: conda
  platform: linux-64
  dependencies:
    importlib-metadata: '>=4.6.0'
    mypy_extensions: '>=1.1.0'
    python: '>=3.11,<4.0'
  url: https://conda.anaconda.org/conda-forge/noarch/isort-9.0.2-pyhd8ed1ab_0.conda
  hash:
    md5: 1cb324e5e21a3993150cba63ad3b918f
    sha256: 91d0a0d92f1dacc4217c7e2d566f7c0ac5fb8db9bad51aa3fa607645f219cb0a
  category: main
  optional: false
- name: isort
  version: 9.0.2
  manager: conda
  platform: osx-arm64
  dependencies:
    importlib-metadata: '>=4.6.0'
    mypy_extensions: '>=1.1.0'
    python: '>=3.11,<4.0'
  url: https://conda.anaconda.org/conda-forge/noarch/isort-9.0.2-pyhd8ed1ab_0.conda
  hash:
    md5: 1cb324e5e21a3993150cba63ad3b918f
    sha256: 91d0a0d92f1dacc4217c7e2d566f7c0ac5fb8db9bad51aa3fa607645f219cb0a
  category: main
  optional: false
- name: ld_impl_linux-64
  version: 2.46.1
  manager: conda
  platform: linux-64
  dependencies:
    __glibc: '>=2.17,<3.0.a0'
    zstd: '>=1.5.7,<1.6.0a0'
  url: https://conda.anaconda.org/conda-forge/linux-64/ld_impl_linux-64-2.46.1-default_hbd61a6d_102.conda
  hash:
    md5: 449500f2c089da11c40f5c21312e3e07
    sha256: 27d83f1188cd19bcb7754a078b3fa7f4cfb8527f8eb2fde54dd01fc529d1adec
  category: main
  optional: false
- name: libcxx
  version: 23.1.3
  manager: conda
  platform: osx-arm64
  dependencies:
    __osx: '>=11.0'
  url: https://conda.anaconda.org/conda-forge/osx-arm64/libcxx-23.1.3-h55c6f16_0.conda
  hash:
    md5: 424521e52e65ef7f6cf957c4966e6386
    sha256: 2d9d31172d7919bd276a8d1be338de567dd5afdd181e8d3d3d8c2d8695e09de2
  category: main
  optional: false
- name: libexpat
  version: 2.8.5
  manager: conda
  platform: linux-64
  dependencies:
    __glibc: '>=2.17,<3.0.a0'
    libgcc: '>=15'
  url: https://conda.anaconda.org/conda-forge/linux-64/libexpat-2.8.5-hd2095e1_0.conda
  hash:
    md5: 72cfd2b95b0540247220b42f58a148d7
    sha256: 6de73033a7c5f712c9c5a54124e4581e025691029835e5bceaf10a333a7e7bc0
  category: main
  optional: false
- name: libexpat
  version: 2.8.5
  manager: conda
  platform: osx-arm64
  dependencies:
    __osx: '>=11.0'
  url: https://conda.anaconda.org/conda-forge/osx-arm64/libexpat-2.8.5-h6111c0a_0.conda
  hash:
    md5: 5383c550b785bdaafcc4eaf638071a7c
    sha256: 50aa761b83fc7a116ca88fe0cb4cefce5abababb10a926bf8afbafd5c298d102
  category: main
  optional: false
- name: libffi
  version: 3.7.0
  manager: conda
  platform: linux-64
  dependencies:
    __glibc: '>=2.17,<3.0.a0'
    libgcc: '>=15'
  url: https://conda.anaconda.org/conda-forge/linux-64/libffi-3.7.0-h81df57d_1.conda
  hash:
    md5: 6525a0b06aa4fd390795f0740636a9dd
    sha256: c8c7583ef063bc3c430f1d48298e5ad24f796a35c22ed5b14183325825a61106
  category: main
  optional: false
- name: libffi
  version: 3.7.0
  manager: conda
  platform: osx-arm64
  dependencies:
    __osx: '>=11.0'
  url: https://conda.anaconda.org/conda-forge/osx-arm64/libffi-3.7.0-h47dc5ef_1.conda
  hash:
    md5: 216bbcc23c11e9695b3db4a8771d76eb
    sha256: 2783389a7b9dda04c62cc54c6bbeb03dd3cef24b3fc642715d02a3fa19464a9a
  category: main
  optional: false
- name: libgcc
  version: 16.2.0
  manager: conda
  platform: linux-64
  dependencies:
    __glibc: '>=2.17,<3.0.a0'
    _openmp_mutex: '>=4.5'
  url: https://conda.anaconda.org/conda-forge/linux-64/libgcc-16.2.0-ha9f2e26_7.conda
  hash:
    md5: 735629b400b70eeab21a2ba8f5b1c2ce
    sha256: e031634c3a928f9594eba868bc46ef5230d6571a364a0c63215b06c4563bfcea
  category: main
  optional: false
- name: libgomp
  version: 16.2.0
  manager: conda
  platform: linux-64
  dependencies:
    __glibc: '>=2.17,<3.0.a0'
  url: https://conda.anaconda.org/conda-forge/linux-64/libgomp-16.2.0-he0feb66_7.conda
  hash:
    md5: d904c7ddd95e026254b4b80808ee9e12
    sha256: 92a0bb350c7be6a4eedcb4e111c60aefd176018e6b1c009a6e025dbe9bbcd758
  category: main
  optional: false
- name: liblzma
  version: 5.8.3
  manager: conda
  platform: linux-64
  dependencies:
    __glibc: '>=2.17,<3.0.a0'
    libgcc: '>=14'
  url: https://conda.anaconda.org/conda-forge/linux-64/liblzma-5.8.3-hb03c661_1.conda
  hash:
    md5: 1390b7c5ac0b1d8e447bc5efa6d3c8c2
    sha256: 9787df8c22a59c9a70d3e5a10db9ad663485e75e9ccc3f09bd092cb7b95e0dab
  category: main
  optional: false
- name: liblzma
  version: 5.8.3
  manager: conda
  platform: osx-arm64
  dependencies:
    __osx: '>=11.0'
  url: https://conda.anaconda.org/conda-forge/osx-arm64/liblzma-5.8.3-h8088a28_1.conda
  hash:
    md5: 8ab10323068b107661a4b9a4af84f3b5
    sha256: 23d0630046a3e8b164d8f80f2b74ed2605af2e7050ab9913018056402fae4311
  category: main
  optional: false
- name: libnsl
  version: 2.0.1
  manager: conda
  platform: linux-64
  dependencies:
    __glibc: '>=2.17,<3.0.a0'
    libgcc: '>=13'
  url: https://conda.anaconda.org/conda-forge/linux-64/libnsl-2.0.1-hb9d3cd8_1.conda
  hash:
    md5: d864d34357c3b65a4b731f78c0801dc4
    sha256: 927fe72b054277cde6cb82597d0fcf6baf127dcbce2e0a9d8925a68f1265eef5
  category: main
  optional: false
- name: libpython
  version: 3.12.15
  manager: conda
  platform: linux-64
  dependencies:
    __glibc: '>=2.17,<3.0.a0'
    libgcc: '>=15'
    libstdcxx: '>=15'
  url: https://conda.anaconda.org/conda-forge/linux-64/libpython-3.12.15-h0c77377_1_cpython.conda
  hash:
    md5: 3e3a9aa4380cafbbf84a039e92057ff2
    sha256: cb4b8b72ce624be8b31f190da8129bcbb99a8f95ac7d9784a77af7277903afc0
  category: main
  optional: false
- name: libpython
  version: 3.12.15
  manager: conda
  platform: osx-arm64
  dependencies:
    __osx: '>=11.0'
    libcxx: '>=21'
  url: https://conda.anaconda.org/conda-forge/osx-arm64/libpython-3.12.15-h4e5ec87_1_cpython.conda
  hash:
    md5: 412644ae6ec500a18ac4315e35065741
    sha256: 9bdeed7edb82bb72762f16cb49453a001a9aa33f678e542393e156177c388e96
  category: main
  optional: false
- name: libsqlite
  version: 3.53.4
  manager: conda
  platform: linux-64
  dependencies:
    __glibc: '>=2.17,<3.0.a0'
    libgcc: '>=15'
    libzlib: '>=1.3.2,<2.0a0'
  url: https://conda.anaconda.org/conda-forge/linux-64/libsqlite-3.53.4-h0737f62_103.conda
  hash:
    md5: cc1ad2520049c35344239454a17560ac
    sha256: 66f4831f4ee3055f0ffe94e01901198cf3601e2c1b4f6b51d05c3f2d8557ce1d
  category: main
  optional: false
- name: libsqlite
  version: 3.53.4
  manager: conda
  platform: osx-arm64
  dependencies:
    __osx: '>=11.0'
    libzlib: '>=1.3.2,<2.0a0'
  url: https://conda.anaconda.org/conda-forge/osx-arm64/libsqlite-3.53.4-h34a968b_103.conda
  hash:
    md5: 68c3a50b8a8abfcc926f2d7e12d1fef5
    sha256: b7c1d5a15d21948eec177a00e90801ad0d1c35e552404da9fbf0d657421aa0dd
  category: main
  optional: false
- name: libstdcxx
  version: 16.2.0
  manager: conda
  platform: linux-64
  dependencies:
    __glibc: '>=2.17,<3.0.a0'
    libgcc: 16.2.0
  url: https://conda.anaconda.org/conda-forge/linux-64/libstdcxx-16.2.0-h934c35e_7.conda
  hash:
    md5: 9b6707e0caca917fa6ea9ee473f37a5d
    sha256: fa7018298629fc429971fffd6ecba3d27a7b02e4e890d6a93ea01ffebe8cb745
  category: main
  optional: false
- name: libuuid
  version: 2.42.4
  manager: conda
  platform: linux-64
  dependencies:
    __glibc: '>=2.17,<3.0.a0'
    libgcc: '>=15'
  url: https://conda.anaconda.org/conda-forge/linux-64/libuuid-2.42.4-hcfc3c73_0.conda
  hash:
    md5: 54a948337e66706380ff24d6b5fde63f
    sha256: f34b8d1de9a2bf62476d8608057d9b8a918d97444236dc53a47128f2fae79041
  category: main
  optional: false
- name: libxcrypt
  version: 4.4.38
  manager: conda
  platform: linux-64
  dependencies:
    __glibc: '>=2.17,<3.0.a0'
    libgcc: '>=14'
  url: https://conda.anaconda.org/conda-forge/linux-64/libxcrypt-4.4.38-h280c20c_0.conda
  hash:
    md5: f7a7ff5a6ab331e037abd34f379a631d
    sha256: f7e9292dd219a6435bbb1223da9586c3e70d66d169c5a92f08db3f2127df04e9
  category: main
  optional: false
- name: libzlib
  version: 1.3.2
  manager: conda
  platform: linux-64
  dependencies:
    __glibc: '>=2.17,<3.0.a0'
  url: https://conda.anaconda.org/conda-forge/linux-64/libzlib-1.3.2-h25fd6f3_3.conda
  hash:
    md5: 0de0122d9570a8ab637c6b73db268389
    sha256: eb8a0db0aa570124f7d2a93d7c7f596e3390df5e047818d873baad32985fc736
  category: main
  optional: false
- name: libzlib
  version: 1.3.2
  manager: conda
  platform: osx-arm64
  dependencies:
    __osx: '>=11.0'
  url: https://conda.anaconda.org/conda-forge/osx-arm64/libzlib-1.3.2-h8088a28_3.conda
  hash:
    md5: f39288f0ea63ae962e1a2e4f355a0d75
    sha256: a18fa5d5bac452401459f966cf0d872224e8080c4ff93c77e168d43ab42ef9d7
  category: main
  optional: false
- name: mccabe
  version: 0.7.0
  manager: conda
  platform: linux-64
  dependencies:
    python: '>=3.9'
  url: https://conda.anaconda.org/conda-forge/noarch/mccabe-0.7.0-pyhd8ed1ab_1.conda
  hash:
    md5: 827064ddfe0de2917fb29f1da4f8f533
    sha256: 9b0037171dad0100f0296699a11ae7d355237b55f42f9094aebc0f41512d96a1
  category: main
  optional: false
- name: mccabe
  version: 0.7.0
  manager: conda
  platform: osx-arm64
  dependencies:
    python: '>=3.9'
  url: https://conda.anaconda.org/conda-forge/noarch/mccabe-0.7.0-pyhd8ed1ab_1.conda
  hash:
    md5: 827064ddfe0de2917fb29f1da4f8f533
    sha256: 9b0037171dad0100f0296699a11ae7d355237b55f42f9094aebc0f41512d96a1
  category: main
  optional: false
- name: mypy
  version: 2.4.0
  manager: conda
  platform: linux-64
  dependencies:
    __glibc: '>=2.17,<3.0.a0'
    ast-serialize: '>=0.11.2,<1.0.0'
    libgcc: '>=15'
    mypy_extensions: '>=1.0.0'
    pathspec: '>=1.0.0'
    psutil: '>=4.0'
    python: ''
    python-librt: '>=0.16.0'
    python_abi: 3.12.*
    typing_extensions: '>=4.14.0'
  url: https://conda.anaconda.org/conda-forge/linux-64/mypy-2.4.0-py312h1b36aeb_0.conda
  hash:
    md5: cd9eb4cc02a3fbca824bcf6592de444c
    sha256: 7b83aa836c42a6da61d5a9431ea5e21c13c67a491d573fd1952986e21d4c7852
  category: main
  optional: false
- name: mypy
  version: 2.4.0
  manager: conda
  platform: osx-arm64
  dependencies:
    __osx: '>=11.0'
    ast-serialize: '>=0.11.2,<1.0.0'
    mypy_extensions: '>=1.0.0'
    pathspec: '>=1.0.0'
    psutil: '>=4.0'
    python: ''
    python-librt: '>=0.16.0'
    python_abi: 3.12.*
    typing_extensions: '>=4.14.0'
  url: https://conda.anaconda.org/conda-forge/osx-arm64/mypy-2.4.0-py312hbd136b4_0.conda
  hash:
    md5: 4f5d4b74418f9f1b33e795347568799d
    sha256: e87117bdd4c999dd28876f5b0069227faf9b8805279ec59b6612fb118461582f
  category: main
  optional: false
- name: mypy_extensions
  version: 1.1.0
  manager: conda
  platform: linux-64
  dependencies:
    python: '>=3.9'
  url: https://conda.anaconda.org/conda-forge/noarch/mypy_extensions-1.1.0-pyha770c72_0.conda
  hash:
    md5: e9c622e0d00fa24a6292279af3ab6d06
    sha256: 6ed158e4e5dd8f6a10ad9e525631e35cee8557718f83de7a4e3966b1f772c4b1
  category: main
  optional: false
- name: mypy_extensions
  version: 1.1.0
  manager: conda
  platform: osx-arm64
  dependencies:
    python: '>=3.9'
  url: https://conda.anaconda.org/conda-forge/noarch/mypy_extensions-1.1.0-pyha770c72_0.conda
  hash:
    md5: e9c622e0d00fa24a6292279af3ab6d06
    sha256: 6ed158e4e5dd8f6a10ad9e525631e35cee8557718f83de7a4e3966b1f772c4b1
  category: main
  optional: false
- name: ncurses
  version: '6.6'
  manager: conda
  platform: linux-64
  dependencies:
    __glibc: '>=2.17,<3.0.a0'
    libgcc: '>=14'
  url: https://conda.anaconda.org/conda-forge/linux-64/ncurses-6.6-hdb14827_1.conda
  hash:
    md5: ee6c0cd80a60961a1f48aa3e0b91f986
    sha256: 5d46557214ed184381dafe835b7c94a474a1c3b307a08a250b1ea4779b44ffb3
  category: main
  optional: false
- name: ncurses
  version: '6.6'
  manager: conda
  platform: osx-arm64
  dependencies:
    __osx: '>=11.0'
  url: https://conda.anaconda.org/conda-forge/osx-arm64/ncurses-6.6-he64c551_1.conda
  hash:
    md5: 3dfa0d0316dc246cd44937a557de4501
    sha256: 7024a48c8c0d0114ed4ab53c76bf9275d50e91ba7cea367a9aead638d3c29c68
  category: main
  optional: false
- name: openssl
  version: 3.6.5
  manager: conda
  platform: linux-64
  dependencies:
    __glibc: '>=2.17,<3.0.a0'
    ca-certificates: ''
    libgcc: '>=15'
  url: https://conda.anaconda.org/conda-forge/linux-64/openssl-3.6.5-h781a0a9_0.conda
  hash:
    md5: 5a51a2ea653f120240b1a9bf76e0aae9
    sha256: 9c1533f1cf784f0e250919c0c9762d0b0e6bc727a79290ffb7cea1ceca1d038c
  category: main
  optional: false
- name: openssl
  version: 3.6.5
  manager: conda
  platform: osx-arm64
  dependencies:
    __osx: '>=11.0'
    ca-certificates: ''
  url: https://conda.anaconda.org/conda-forge/osx-arm64/openssl-3.6.5-h55eecbc_0.conda
  hash:
    md5: 45d9179cdf6e53d88aec034246f0dad6
    sha256: 44fbc526456571a9fb8fa18157f6f269d4d4bd40eef20183a93b9c9296f94497
  category: main
  optional: false
- name: packaging
  version: '26.3'
  manager: conda
  platform: linux-64
  dependencies:
    python: ''
  url: https://conda.anaconda.org/conda-forge/noarch/packaging-26.3-pyhc364b38_0.conda
  hash:
    md5: 936687ed80f295a1f5dbcf8bd34c252c
    sha256: c432626b16768b8dab228bfb706f7060c2d462a21c516d240f68f2f902b5a044
  category: main
  optional: false
- name: packaging
  version: '26.3'
  manager: conda
  platform: osx-arm64
  dependencies:
    python: '>=3.9'
  url: https://conda.anaconda.org/conda-forge/noarch/packaging-26.3-pyhc364b38_0.conda
  hash:
    md5: 936687ed80f295a1f5dbcf8bd34c252c
    sha256: c432626b16768b8dab228bfb706f7060c2d462a21c516d240f68f2f902b5a044
  category: main
  optional: false
- name: pathspec
  version: 1.1.1
  manager: conda
  platform: linux-64
  dependencies:
    python: '>=3.10'
  url: https://conda.anaconda.org/conda-forge/noarch/pathspec-1.1.1-pyhd8ed1ab_0.conda
  hash:
    md5: 11adc78451c998c0fd162584abfa3559
    sha256: 6eaee417d33f298db79bc7185ab1208604c0e6cf51dade34cd513c6f9db9c6f3
  category: main
  optional: false
- name: pathspec
  version: 1.1.1
  manager: conda
  platform: osx-arm64
  dependencies:
    python: '>=3.10'
  url: https://conda.anaconda.org/conda-forge/noarch/pathspec-1.1.1-pyhd8ed1ab_0.conda
  hash:
    md5: 11adc78451c998c0fd162584abfa3559
    sha256: 6eaee417d33f298db79bc7185ab1208604c0e6cf51dade34cd513c6f9db9c6f3
  category: main
  optional: false
- name: pip
  version: 26.2.1
  manager: conda
  platform: linux-64
  dependencies:
    python: '>=3.10,<3.13.0a0'
    setuptools: ''
    wheel: ''
  url: https://conda.anaconda.org/conda-forge/noarch/pip-26.2.1-pyh8b19718_0.conda
  hash:
    md5: 77b6cf3b0689d9fc68561df0db9b856d
    sha256: c205bae42eb11b364fe3663a817cbcbc20a8ef544c6b2ff6f391013487117259
  category: main
  optional: false
- name: pip
  version: 26.2.1
  manager: conda
  platform: osx-arm64
  dependencies:
    python: '>=3.10,<3.13.0a0'
    setuptools: ''
    wheel: ''
  url: https://conda.anaconda.org/conda-forge/noarch/pip-26.2.1-pyh8b19718_0.conda
  hash:
    md5: 77b6cf3b0689d9fc68561df0db9b856d
    sha256: c205bae42eb11b364fe3663a817cbcbc20a8ef544c6b2ff6f391013487117259
  category: main
  optional: false
- name: platformdirs
  version: 4.12.3
  manager: conda
  platform: linux-64
  dependencies:
    python: ''
  url: https://conda.anaconda.org/conda-forge/noarch/platformdirs-4.12.3-pyh5ded981_0.conda
  hash:
    md5: 96bd08b41fbb94da012c8f5c56132519
    sha256: b93a46b1c1fb34a380b0afa309040d603ebefdb8184a87a4bfaeef989a07cbc4
  category: main
  optional: false
- name: platformdirs
  version: 4.12.3
  manager: conda
  platform: osx-arm64
  dependencies:
    python: '>=3.11'
  url: https://conda.anaconda.org/conda-forge/noarch/platformdirs-4.12.3-pyh5ded981_0.conda
  hash:
    md5: 96bd08b41fbb94da012c8f5c56132519
    sha256: b93a46b1c1fb34a380b0afa309040d603ebefdb8184a87a4bfaeef989a07cbc4
  category: main
  optional: false
- name: pluggy
  version: 1.6.0
  manager: conda
  platform: linux-64
  dependencies:
    python: ''
  url: https://conda.anaconda.org/conda-forge/noarch/pluggy-1.6.0-pyhf9edf01_1.conda
  hash:
    md5: d7585b6550ad04c8c5e21097ada2888e
    sha256: e14aafa63efa0528ca99ba568eaf506eb55a0371d12e6250aaaa61718d2eb62e
  category: main
  optional: false
- name: pluggy
  version: 1.6.0
  manager: conda
  platform: osx-arm64
  dependencies:
    python: ''
  url: https://conda.anaconda.org/conda-forge/noarch/pluggy-1.6.0-pyhf9edf01_1.conda
  hash:
    md5: d7585b6550ad04c8c5e21097ada2888e
    sha256: e14aafa63efa0528ca99ba568eaf506eb55a0371d12e6250aaaa61718d2eb62e
  category: main
  optional: false
- name: psutil
  version: 7.2.2
  manager: conda
  platform: linux-64
  dependencies:
    __glibc: '>=2.17,<3.0.a0'
    libgcc: '>=15'
    python: ''
    python_abi: 3.12.*
  url: https://conda.anaconda.org/conda-forge/linux-64/psutil-7.2.2-py312h1b36aeb_3.conda
  hash:
    md5: 2f8faed6c111c9ed0c1d217bc1be75f2
    sha256: 9b6f0247591f062a188cd42580916476c0d939a89d65f3ecefb37e84b5c17d7a
  category: main
  optional: false
- name: psutil
  version: 7.2.2
  manager: conda
  platform: osx-arm64
  dependencies:
    __osx: '>=11.0'
    python: ''
    python_abi: 3.12.*
  url: https://conda.anaconda.org/conda-forge/osx-arm64/psutil-7.2.2-py312hbd136b4_3.conda
  hash:
    md5: 3fd630bf639ce4512de776b9a275624b
    sha256: 8ebaab5502af0f7f36223e23cc1f49ac4d3a3070f0b6d074153db897fd7bc74e
  category: main
  optional: false
- name: pygments
  version: 2.21.0
  manager: conda
  platform: linux-64
  dependencies:
    python: ''
  url: https://conda.anaconda.org/conda-forge/noarch/pygments-2.21.0-pyhcf101f3_0.conda
  hash:
    md5: 2882dee445dfa45b0c5afce3ffb7730a
    sha256: f5f015ff1bc3e1b7fc08eee096b1865234189ae0b82bebdb86a5369116e42fa0
  category: main
  optional: false
- name: pygments
  version: 2.21.0
  manager: conda
  platform: osx-arm64
  dependencies:
    python: ''
  url: https://conda.anaconda.org/conda-forge/noarch/pygments-2.21.0-pyhcf101f3_0.conda
  hash:
    md5: 2882dee445dfa45b0c5afce3ffb7730a
    sha256: f5f015ff1bc3e1b7fc08eee096b1865234189ae0b82bebdb86a5369116e42fa0
  category: main
  optional: false
- name: pylint
  version: 4.1.2
  manager: conda
  platform: linux-64
  dependencies:
    astroid: '>=4.3.3,<=4.4'
    colorama: '>=0.4.5'
    dill: '>=0.3.7'
    isort: '>=5,!=5.13,<10'
    mccabe: '>=0.6,<0.8'
    platformdirs: '>=2.2'
    python: ''
    tomlkit: '>=0.10.1'
  url: https://conda.anaconda.org/conda-forge/noarch/pylint-4.1.2-pyh5ded981_0.conda
  hash:
    md5: 2bfb3fc2de02b319ac22636819bcbebf
    sha256: 9a8deab7b707c854ef500b891423d8f2f8d4864932213cddd63d29ced1546d1b
  category: main
  optional: false
- name: pylint
  version: 4.1.2
  manager: conda
  platform: osx-arm64
  dependencies:
    astroid: '>=4.3.3,<=4.4'
    colorama: '>=0.4.5'
    dill: '>=0.3.7'
    isort: '>=5,!=5.13,<10'
    mccabe: '>=0.6,<0.8'
    platformdirs: '>=2.2'
    python: '>=3.11'
    tomlkit: '>=0.10.1'
  url: https://conda.anaconda.org/conda-forge/noarch/pylint-4.1.2-pyh5ded981_0.conda
  hash:
    md5: 2bfb3fc2de02b319ac22636819bcbebf
    sha256: 9a8deab7b707c854ef500b891423d8f2f8d4864932213cddd63d29ced1546d1b
  category: main
  optional: false
- name: pytest
  version: 9.1.1
  manager: conda
  platform: linux-64
  dependencies:
    colorama: ''
    exceptiongroup: '>=1'
    iniconfig: '>=1.0.1'
    packaging: '>=22'
    pluggy: '>=1.5,<2'
    pygments: '>=2.7.2'
    python: ''
    tomli: '>=1'
  url: https://conda.anaconda.org/conda-forge/noarch/pytest-9.1.1-pyhc364b38_2.conda
  hash:
    md5: 64c98a12c4e23eb238bf66bbecafdf3c
    sha256: 430051d80765207a7d782b2b188230ba1489d35c6e75fd9903f76cb9fda4af16
  category: main
  optional: false
- name: pytest
  version: 9.1.1
  manager: conda
  platform: osx-arm64
  dependencies:
    colorama: ''
    exceptiongroup: '>=1'
    iniconfig: '>=1.0.1'
    packaging: '>=22'
    pluggy: '>=1.5,<2'
    pygments: '>=2.7.2'
    python: '>=3.10'
    tomli: '>=1'
  url: https://conda.anaconda.org/conda-forge/noarch/pytest-9.1.1-pyhc364b38_2.conda
  hash:
    md5: 64c98a12c4e23eb238bf66bbecafdf3c
    sha256: 430051d80765207a7d782b2b188230ba1489d35c6e75fd9903f76cb9fda4af16
  category: main
  optional: false
- name: pytest-cov
  version: 7.1.0
  manager: conda
  platform: linux-64
  dependencies:
    coverage: '>=7.10.6'
    pluggy: '>=1.2'
    pytest: '>=7'
    python: ''
  url: https://conda.anaconda.org/conda-forge/noarch/pytest-cov-7.1.0-pyhcf101f3_0.conda
  hash:
    md5: 67d1790eefa81ed305b89d8e314c7923
    sha256: 44e42919397bd00bfaa47358a6ca93d4c21493a8c18600176212ec21a8d25ca5
  category: main
  optional: false
- name: pytest-cov
  version: 7.1.0
  manager: conda
  platform: osx-arm64
  dependencies:
    coverage: '>=7.10.6'
    pluggy: '>=1.2'
    pytest: '>=7'
    python: '>=3.10'
  url: https://conda.anaconda.org/conda-forge/noarch/pytest-cov-7.1.0-pyhcf101f3_0.conda
  hash:
    md5: 67d1790eefa81ed305b89d8e314c7923
    sha256: 44e42919397bd00bfaa47358a6ca93d4c21493a8c18600176212ec21a8d25ca5
  category: main
  optional: false
- name: python
  version: 3.12.15
  manager: conda
  platform: linux-64
  dependencies:
    __glibc: '>=2.17,<3.0.a0'
    bzip2: '>=1.0.8,<2.0a0'
    ld_impl_linux-64: '>=2.36.1'
    libexpat: '>=2.8.5,<3.0a0'
    libffi: '>=3.7.0,<3.8.0a0'
    libgcc: '>=15'
    liblzma: '>=5.8.3,<6.0a0'
    libnsl: '>=2.0.1,<2.1.0a0'
    libpython: 3.12.15
    libsqlite: '>=3.53.4,<4.0a0'
    libuuid: '>=2.42.4,<3.0a0'
    libxcrypt: '>=4.4.38'
    libzlib: '>=1.3.2,<2.0a0'
    ncurses: '>=6.6,<7.0a0'
    openssl: '>=3.5.9,<4.0a0'
    pip: ''
    readline: '>=8.3,<9.0a0'
    tk: '>=8.6.13,<8.7.0a0'
    tzdata: ''
  url: https://conda.anaconda.org/conda-forge/linux-64/python-3.12.15-h5f976f7_1_cpython.conda
  hash:
    md5: 8694345e58c6418b22dcde5ccd6cb0b4
    sha256: c9ef4af30139ad7d5e75ec6a740db8f2f5a7aa0bac5b626d7b77d206d742c369
  category: main
  optional: false
- name: python
  version: 3.12.15
  manager: conda
  platform: osx-arm64
  dependencies:
    __osx: '>=11.0'
    bzip2: '>=1.0.8,<2.0a0'
    libexpat: '>=2.8.5,<3.0a0'
    libffi: '>=3.7.0,<3.8.0a0'
    liblzma: '>=5.8.3,<6.0a0'
    libpython: 3.12.15
    libsqlite: '>=3.53.4,<4.0a0'
    libzlib: '>=1.3.2,<2.0a0'
    ncurses: '>=6.6,<7.0a0'
    openssl: '>=3.5.9,<4.0a0'
    pip: ''
    readline: '>=8.3,<9.0a0'
    tk: '>=8.6.13,<8.7.0a0'
    tzdata: ''
  url: https://conda.anaconda.org/conda-forge/osx-arm64/python-3.12.15-hd05a0c4_1_cpython.conda
  hash:
    md5: 5aac387b20c102d4c56e8f259b347433
    sha256: c1c7bca64a22f2ea0c4b0f6425b77b00a9fec9b2db876ef17119e81163ab032b
  category: main
  optional: false
- name: python-gil
  version: 3.12.15
  manager: conda
  platform: linux-64
  dependencies:
    cpython: 3.12.15.*
    python_abi: '*'
  url: https://conda.anaconda.org/conda-forge/noarch/python-gil-3.12.15-hd8ed1ab_1.conda
  hash:
    md5: 073e83d8c87033bd5abc27d5cf192fe6
    sha256: edfd62cd42fa9198d1f8656b23a66de4bfec1efd0f2b40b449f3e8d8e02164a6
  category: main
  optional: false
- name: python-gil
  version: 3.12.15
  manager: conda
  platform: osx-arm64
  dependencies:
    cpython: 3.12.15.*
    python_abi: '*'
  url: https://conda.anaconda.org/conda-forge/noarch/python-gil-3.12.15-hd8ed1ab_1.conda
  hash:
    md5: 073e83d8c87033bd5abc27d5cf192fe6
    sha256: edfd62cd42fa9198d1f8656b23a66de4bfec1efd0f2b40b449f3e8d8e02164a6
  category: main
  optional: false
- name: python-librt
  version: 0.16.0
  manager: conda
  platform: linux-64
  dependencies:
    __glibc: '>=2.17,<3.0.a0'
    libgcc: '>=15'
    python: ''
    python_abi: 3.12.*
  url: https://conda.anaconda.org/conda-forge/linux-64/python-librt-0.16.0-py312h1b36aeb_0.conda
  hash:
    md5: 43a57694af193ac4e161342a63d817e7
    sha256: 12671324ba50c377e2631c91f060ca42c36f548993178520a477d348cc3aa80d
  category: main
  optional: false
- name: python-librt
  version: 0.16.0
  manager: conda
  platform: osx-arm64
  dependencies:
    __osx: '>=11.0'
    python: ''
    python_abi: 3.12.*
  url: https://conda.anaconda.org/conda-forge/osx-arm64/python-librt-0.16.0-py312hbd136b4_0.conda
  hash:
    md5: 59ec3febf8eb4ad90550a5bb2363683a
    sha256: 07a53105235f32081d167896adc043d4285b010dfa4105b255cefced4f719c2d
  category: main
  optional: false
- name: python_abi
  version: '3.12'
  manager: conda
  platform: linux-64
  dependencies: {}
  url: https://conda.anaconda.org/conda-forge/noarch/python_abi-3.12-9_cp312.conda
  hash:
    md5: 4c32076993e6270825441d059ab5c18b
    sha256: ee9c2922e07afc85fc82d5fa82c9ac2c79da3be3283a5e17bf2f2ae38dbd02fb
  category: main
  optional: false
- name: python_abi
  version: '3.12'
  manager: conda
  platform: osx-arm64
  dependencies: {}
  url: https://conda.anaconda.org/conda-forge/noarch/python_abi-3.12-9_cp312.conda
  hash:
    md5: 4c32076993e6270825441d059ab5c18b
    sha256: ee9c2922e07afc85fc82d5fa82c9ac2c79da3be3283a5e17bf2f2ae38dbd02fb
  category: main
  optional: false
- name: readline
  version: '8.3'
  manager: conda
  platform: linux-64
  dependencies:
    __glibc: '>=2.17,<3.0.a0'
    libgcc: '>=15'
    ncurses: '>=6.6,<7.0a0'
  url: https://conda.anaconda.org/conda-forge/linux-64/readline-8.3-hd6e31c0_1.conda
  hash:
    md5: 69c01c781e7c8190bbdaf79e3848c5ca
    sha256: 01b3fe073a66e321970d09e04b388708f8cbdca5cdfbfcb7c9eeb470ad10383d
  category: main
  optional: false
- name: readline
  version: '8.3'
  manager: conda
  platform: osx-arm64
  dependencies:
    __osx: '>=11.0'
    ncurses: '>=6.6,<7.0a0'
  url: https://conda.anaconda.org/conda-forge/osx-arm64/readline-8.3-h8b90a29_1.conda
  hash:
    md5: 9347fd56a002e6b58946831d48fe62f6
    sha256: d6782b430e6dce4fe8c7ac118cd988d5a193eb4a7f60741edfaede58016b6110
  category: main
  optional: false
- name: ruff
  version: 0.16.10
  manager: conda
  platform: linux-64
  dependencies:
    __glibc: '>=2.17,<3.0.a0'
    libgcc: '>=15'
    python: ''
  url: https://conda.anaconda.org/conda-forge/linux-64/ruff-0.16.10-hc0d6792_0.conda
  hash:
    md5: 6cb114e481362b28ea3004c7619aecfb
    sha256: 1801965a5f5821b74a52076ba5c6435ac6d9111d83c7e63049b6813875c75734
  category: main
  optional: false
- name: ruff
  version: 0.16.10
  manager: conda
  platform: osx-arm64
  dependencies:
    __osx: '>=11.0'
    python: ''
  url: https://conda.anaconda.org/conda-forge/osx-arm64/ruff-0.16.10-hc57303c_0.conda
  hash:
    md5: d7b9a54d80315847badff420878967f3
    sha256: 1689570fdffed6cebe9b4efc08c3e00d8d86fd7533e2fa1b4c9ff3c9c06fac75
  category: main
  optional: false
- name: setuptools
  version: 84.0.0
  manager: conda
  platform: linux-64
  dependencies:
    python: '>=3.10'
  url: https://conda.anaconda.org/conda-forge/noarch/setuptools-84.0.0-pyh332efcf_0.conda
  hash:
    md5: 62ac906f1cd582c6c264c95625cb9d6f
    sha256: 9e200ee5f9ff19a4d94e4b51c4856d53dec849f91032f345cf0c6bc3d51a7183
  category: main
  optional: false
- name: setuptools
  version: 84.0.0
  manager: conda
  platform: osx-arm64
  dependencies:
    python: '>=3.10'
  url: https://conda.anaconda.org/conda-forge/noarch/setuptools-84.0.0-pyh332efcf_0.conda
  hash:
    md5: 62ac906f1cd582c6c264c95625cb9d6f
    sha256: 9e200ee5f9ff19a4d94e4b51c4856d53dec849f91032f345cf0c6bc3d51a7183
  category: main
  optional: false
- name: sortedcontainers
  version: 2.4.0
  manager: conda
  platform: linux-64
  dependencies:
    python: '>=3.9'
  url: https://conda.anaconda.org/conda-forge/noarch/sortedcontainers-2.4.0-pyhd8ed1ab_1.conda
  hash:
    md5: 0401a17ae845fa72c7210e206ec5647d
    sha256: d1e3e06b5cf26093047e63c8cc77b70d970411c5cbc0cb1fad461a8a8df599f7
  category: main
  optional: false
- name: sortedcontainers
  version: 2.4.0
  manager: conda
  platform: osx-arm64
  dependencies:
    python: '>=3.9'
  url: https://conda.anaconda.org/conda-forge/noarch/sortedcontainers-2.4.0-pyhd8ed1ab_1.conda
  hash:
    md5: 0401a17ae845fa72c7210e206ec5647d
    sha256: d1e3e06b5cf26093047e63c8cc77b70d970411c5cbc0cb1fad461a8a8df599f7
  category: main
  optional: false
- name: tk
  version: 8.6.13
  manager: conda
  platform: linux-64
  dependencies:
    __glibc: '>=2.17,<3.0.a0'
    libgcc: '>=15'
    libzlib: '>=1.3.2,<2.0a0'
  url: https://conda.anaconda.org/conda-forge/linux-64/tk-8.6.13-noxft_h1df4ec4_4.conda
  hash:
    md5: 676a2f9b1c4fcf57b70aa5c65f6c60d0
    sha256: a1a241d172c1ccab067ba245206dd048bc3c2d1b84504b53c9468e99adfc16a1
  category: main
  optional: false
- name: tk
  version: 8.6.13
  manager: conda
  platform: osx-arm64
  dependencies:
    __osx: '>=11.0'
    libzlib: '>=1.3.2,<2.0a0'
  url: https://conda.anaconda.org/conda-forge/osx-arm64/tk-8.6.13-hbeba79b_4.conda
  hash:
    md5: 90a01bf394d1c594e0eb9258f967d828
    sha256: 857d89087ae7f2c328cf256728affcb7343031a148b4af847334d248a9cf564c
  category: main
  optional: false
- name: tomli
  version: 2.4.1
  manager: conda
  platform: linux-64
  dependencies:
    python: ''
  url: https://conda.anaconda.org/conda-forge/noarch/tomli-2.4.1-pyhcf101f3_0.conda
  hash:
    md5: b5325cf06a000c5b14970462ff5e4d58
    sha256: 91cafdb64268e43e0e10d30bd1bef5af392e69f00edd34dfaf909f69ab2da6bd
  category: main
  optional: false
- name: tomli
  version: 2.4.1
  manager: conda
  platform: osx-arm64
  dependencies:
    python: '>=3.10'
  url: https://conda.anaconda.org/conda-forge/noarch/tomli-2.4.1-pyhcf101f3_0.conda
  hash:
    md5: b5325cf06a000c5b14970462ff5e4d58
    sha256: 91cafdb64268e43e0e10d30bd1bef5af392e69f00edd34dfaf909f69ab2da6bd
  category: main
  optional: false
- name: tomlkit
  version: 0.15.1
  manager: conda
  platform: linux-64
  dependencies:
    python: ''
  url: https://conda.anaconda.org/conda-forge/noarch/tomlkit-0.15.1-pyhcf101f3_0.conda
  hash:
    md5: e4942e2de7436ff28be7f5645cf3c8d6
    sha256: 5cf833b4d199688b7652fb322ecc134de9555e9444d9249750de9a153421ad0a
  category: main
  optional: false
- name: tomlkit
  version: 0.15.1
  manager: conda
  platform: osx-arm64
  dependencies:
    python: ''
  url: https://conda.anaconda.org/conda-forge/noarch/tomlkit-0.15.1-pyhcf101f3_0.conda
  hash:
    md5: e4942e2de7436ff28be7f5645cf3c8d6
    sha256: 5cf833b4d199688b7652fb322ecc134de9555e9444d9249750de9a153421ad0a
  category: main
  optional: false
- name: typing_extensions
  version: 4.16.0
  manager: conda
  platform: linux-64
  dependencies:
    python: ''
  url: https://conda.anaconda.org/conda-forge/noarch/typing_extensions-4.16.0-pyhcf101f3_0.conda
  hash:
    md5: c70ad746c22219b9700931707482992c
    sha256: 2d888f90af0686044882c74193ec80a90ec1943145d94a7b1b048958acda1848
  category: main
  optional: false
- name: typing_extensions
  version: 4.16.0
  manager: conda
  platform: osx-arm64
  dependencies:
    python: '>=3.10'
  url: https://conda.anaconda.org/conda-forge/noarch/typing_extensions-4.16.0-pyhcf101f3_0.conda
  hash:
    md5: c70ad746c22219b9700931707482992c
    sha256: 2d888f90af0686044882c74193ec80a90ec1943145d94a7b1b048958acda1848
  category: main
  optional: false
- name: tzdata
  version: 2026c
  manager: conda
  platform: linux-64
  dependencies: {}
  url: https://conda.anaconda.org/conda-forge/noarch/tzdata-2026c-h151e31d_0.conda
  hash:
    md5: fcb489df604d100968b737f2cb6076c6
    sha256: b928c30ddcb0e3f544c6eade8352737e6e610e263276b90232db6a578ef899d8
  category: main
  optional: false
- name: tzdata
  version: 2026c
  manager: conda
  platform: osx-arm64
  dependencies: {}
  url: https://conda.anaconda.org/conda-forge/noarch/tzdata-2026c-h151e31d_0.conda
  hash:
    md5: fcb489df604d100968b737f2cb6076c6
    sha256: b928c30ddcb0e3f544c6eade8352737e6e610e263276b90232db6a578ef899d8
  category: main
  optional: false
- name: wheel
  version: 0.48.0
  manager: conda
  platform: linux-64
  dependencies:
    packaging: '>=24.0'
    python: '>=3.10'
  url: https://conda.anaconda.org/conda-forge/noarch/wheel-0.48.0-pyhd8ed1ab_0.conda
  hash:
    md5: 9a2124517bfd5d792e0f7b86eefdfeb8
    sha256: ba64b29b6d418024cb565081a1799262cb2780d2534ff4c14f76aa858c4286cd
  category: main
  optional: false
- name: wheel
  version: 0.48.0
  manager: conda
  platform: osx-arm64
  dependencies:
    packaging: '>=24.0'
    python: '>=3.10'
  url: https://conda.anaconda.org/conda-forge/noarch/wheel-0.48.0-pyhd8ed1ab_0.conda
  hash:
    md5: 9a2124517bfd5d792e0f7b86eefdfeb8
    sha256: ba64b29b6d418024cb565081a1799262cb2780d2534ff4c14f76aa858c4286cd
  category: main
  optional: false
- name: zipp
  version: 4.1.1
  manager: conda
  platform: linux-64
  dependencies:
    python: ''
  url: https://conda.anaconda.org/conda-forge/noarch/zipp-4.1.1-pyh5ded981_0.conda
  hash:
    md5: 6cad4d2cec9b7b64538c225ac91d2e8a
    sha256: 3aa601ef121f42dcb79400375e72f833ddc68bc6243f3e5535168b2d69cc9c70
  category: main
  optional: false
- name: zipp
  version: 4.1.1
  manager: conda
  platform: osx-arm64
  dependencies:
    python: '>=3.11'
  url: https://conda.anaconda.org/conda-forge/noarch/zipp-4.1.1-pyh5ded981_0.conda
  hash:
    md5: 6cad4d2cec9b7b64538c225ac91d2e8a
    sha256: 3aa601ef121f42dcb79400375e72f833ddc68bc6243f3e5535168b2d69cc9c70
  category: main
  optional: false
- name: zstd
  version: 1.5.7
  manager: conda
  platform: linux-64
  dependencies:
    __glibc: '>=2.17,<3.0.a0'
    libzlib: '>=1.3.2,<2.0a0'
  url: https://conda.anaconda.org/conda-forge/linux-64/zstd-1.5.7-hb78ec9c_7.conda
  hash:
    md5: aa459086047c0e5e27023ab19f8cb86a
    sha256: 47d682b9f6d6ec9eb1a6e6c3e75ea6273e899e78fb7fc59f81d39745009fbc60
  category: main
  optional: false
